// !$*UTF8*$!
{
	archiveVersion = 1;
	classes = {
	};
	objectVersion = 56;
	objects = {

/* Begin PBXBuildFile section */
		2AACDC382BAF26E4000672B0 /* Alamofire in Frameworks */ = {isa = PBXBuildFile; productRef = 2AACDC372BAF26E4000672B0 /* Alamofire */; };
		78B05A702BB09FFB00D74385 /* SpyMainModuleIO.swift in Sources */ = {isa = PBXBuildFile; fileRef = 78B05A592BB09FFB00D74385 /* SpyMainModuleIO.swift */; };
		78B05A712BB09FFB00D74385 /* SpyMainViewModel.swift in Sources */ = {isa = PBXBuildFile; fileRef = 78B05A5A2BB09FFB00D74385 /* SpyMainViewModel.swift */; };
		78B05A722BB09FFB00D74385 /* SpyMainViewBuilder.swift in Sources */ = {isa = PBXBuildFile; fileRef = 78B05A5B2BB09FFB00D74385 /* SpyMainViewBuilder.swift */; };
		78B05A732BB09FFB00D74385 /* SpyMainViewController.swift in Sources */ = {isa = PBXBuildFile; fileRef = 78B05A5D2BB09FFB00D74385 /* SpyMainViewController.swift */; };
		78B05A742BB09FFB00D74385 /* SpyGameModuleO.swift in Sources */ = {isa = PBXBuildFile; fileRef = 78B05A602BB09FFB00D74385 /* SpyGameModuleO.swift */; };
		78B05A752BB09FFB00D74385 /* SpyGameViewModel.swift in Sources */ = {isa = PBXBuildFile; fileRef = 78B05A612BB09FFB00D74385 /* SpyGameViewModel.swift */; };
		78B05A762BB09FFB00D74385 /* SpyGameViewController.swift in Sources */ = {isa = PBXBuildFile; fileRef = 78B05A632BB09FFB00D74385 /* SpyGameViewController.swift */; };
		78B05A772BB09FFB00D74385 /* SpyGameViewBuilder.swift in Sources */ = {isa = PBXBuildFile; fileRef = 78B05A642BB09FFB00D74385 /* SpyGameViewBuilder.swift */; };
		78B05A782BB09FFB00D74385 /* SpySettingsModuleIO.swift in Sources */ = {isa = PBXBuildFile; fileRef = 78B05A672BB09FFB00D74385 /* SpySettingsModuleIO.swift */; };
		78B05A792BB09FFB00D74385 /* SpySettingsViewModel.swift in Sources */ = {isa = PBXBuildFile; fileRef = 78B05A682BB09FFB00D74385 /* SpySettingsViewModel.swift */; };
		78B05A7A2BB09FFB00D74385 /* SpySettingsViewController.swift in Sources */ = {isa = PBXBuildFile; fileRef = 78B05A6A2BB09FFB00D74385 /* SpySettingsViewController.swift */; };
		78B05A7B2BB09FFB00D74385 /* SpySettingsViewBuilder.swift in Sources */ = {isa = PBXBuildFile; fileRef = 78B05A6B2BB09FFB00D74385 /* SpySettingsViewBuilder.swift */; };
		78B05A7C2BB09FFB00D74385 /* SpyCoordinator.swift in Sources */ = {isa = PBXBuildFile; fileRef = 78B05A6C2BB09FFB00D74385 /* SpyCoordinator.swift */; };
		78B05A7D2BB09FFB00D74385 /* ViewModel.swift in Sources */ = {isa = PBXBuildFile; fileRef = 78B05A6E2BB09FFB00D74385 /* ViewModel.swift */; };
		78B05A7E2BB09FFB00D74385 /* Settings.swift in Sources */ = {isa = PBXBuildFile; fileRef = 78B05A6F2BB09FFB00D74385 /* Settings.swift */; };
		A53B64897EDBAAF1B773C1CB /* Pods_GroupGames.framework in Frameworks */ = {isa = PBXBuildFile; fileRef = BA2A1F02A7389440716BDB74 /* Pods_GroupGames.framework */; };
		C333AB802B9F03FE00EA100E /* AppDelegate.swift in Sources */ = {isa = PBXBuildFile; fileRef = C333AB7F2B9F03FE00EA100E /* AppDelegate.swift */; };
		C333AB822B9F03FE00EA100E /* SceneDelegate.swift in Sources */ = {isa = PBXBuildFile; fileRef = C333AB812B9F03FE00EA100E /* SceneDelegate.swift */; };
		C333AB8A2B9F03FE00EA100E /* GroupGames.xcdatamodeld in Sources */ = {isa = PBXBuildFile; fileRef = C333AB882B9F03FE00EA100E /* GroupGames.xcdatamodeld */; };
		C333AB8C2B9F040000EA100E /* Assets.xcassets in Resources */ = {isa = PBXBuildFile; fileRef = C333AB8B2B9F040000EA100E /* Assets.xcassets */; };
		C333AB8F2B9F040000EA100E /* LaunchScreen.storyboard in Resources */ = {isa = PBXBuildFile; fileRef = C333AB8D2B9F040000EA100E /* LaunchScreen.storyboard */; };
		C333AB992B9F054E00EA100E /* MainView.swift in Sources */ = {isa = PBXBuildFile; fileRef = C333AB982B9F054E00EA100E /* MainView.swift */; };
		C333AB9B2B9F055C00EA100E /* MainViewController.swift in Sources */ = {isa = PBXBuildFile; fileRef = C333AB9A2B9F055C00EA100E /* MainViewController.swift */; };
		C333AB9D2B9F056400EA100E /* MainViewModel.swift in Sources */ = {isa = PBXBuildFile; fileRef = C333AB9C2B9F056400EA100E /* MainViewModel.swift */; };
		C333ABCA2BAF1F3400EA100E /* SnapKit in Frameworks */ = {isa = PBXBuildFile; productRef = C333ABC92BAF1F3400EA100E /* SnapKit */; };
		C333ABCC2BAF1F3400EA100E /* SnapKit-Dynamic in Frameworks */ = {isa = PBXBuildFile; productRef = C333ABCB2BAF1F3400EA100E /* SnapKit-Dynamic */; };
		C333ABD02BAFE7C000EA100E /* GameButtonFubric.swift in Sources */ = {isa = PBXBuildFile; fileRef = C333ABCF2BAFE7C000EA100E /* GameButtonFubric.swift */; };
		C333ABD32BAFED2E00EA100E /* AliasTeamsView.swift in Sources */ = {isa = PBXBuildFile; fileRef = C333ABD22BAFED2E00EA100E /* AliasTeamsView.swift */; };
		C333ABD52BAFED3B00EA100E /* AliasTeamsViewController.swift in Sources */ = {isa = PBXBuildFile; fileRef = C333ABD42BAFED3B00EA100E /* AliasTeamsViewController.swift */; };
		C333ABD72BAFED4800EA100E /* AliasTeamsViewModel.swift in Sources */ = {isa = PBXBuildFile; fileRef = C333ABD62BAFED4800EA100E /* AliasTeamsViewModel.swift */; };
		C333ABDA2BAFF42000EA100E /* UITableViewCellExtension.swift in Sources */ = {isa = PBXBuildFile; fileRef = C333ABD92BAFF42000EA100E /* UITableViewCellExtension.swift */; };
		C333ABDE2BAFF9F900EA100E /* UIColorExtension.swift in Sources */ = {isa = PBXBuildFile; fileRef = C333ABDD2BAFF9F900EA100E /* UIColorExtension.swift */; };
		C333ABE62BB008A300EA100E /* AliasTeamsCollectionViewCell.swift in Sources */ = {isa = PBXBuildFile; fileRef = C333ABE52BB008A300EA100E /* AliasTeamsCollectionViewCell.swift */; };
		C333ABE82BB008B100EA100E /* AliasTeamsAddCollectionViewCell.swift in Sources */ = {isa = PBXBuildFile; fileRef = C333ABE72BB008B100EA100E /* AliasTeamsAddCollectionViewCell.swift */; };
		C333ABEA2BB01BBC00EA100E /* UIImageExtension.swift in Sources */ = {isa = PBXBuildFile; fileRef = C333ABE92BB01BBC00EA100E /* UIImageExtension.swift */; };
		C333ABEE2BB01D7500EA100E /* AliasSettingsViewController.swift in Sources */ = {isa = PBXBuildFile; fileRef = C333ABED2BB01D7500EA100E /* AliasSettingsViewController.swift */; };
		C333ABF02BB01D8B00EA100E /* AliasSettingsView.swift in Sources */ = {isa = PBXBuildFile; fileRef = C333ABEF2BB01D8B00EA100E /* AliasSettingsView.swift */; };
		C333ABF22BB01DAB00EA100E /* AliasSettingsViewModel.swift in Sources */ = {isa = PBXBuildFile; fileRef = C333ABF12BB01DAB00EA100E /* AliasSettingsViewModel.swift */; };
		C333ABF42BB0A69100EA100E /* AliasUserDefaultsDataManager.swift in Sources */ = {isa = PBXBuildFile; fileRef = C333ABF32BB0A69100EA100E /* AliasUserDefaultsDataManager.swift */; };
		C333ABF72BB0A92600EA100E /* AliasGameView.swift in Sources */ = {isa = PBXBuildFile; fileRef = C333ABF62BB0A92600EA100E /* AliasGameView.swift */; };
		C333ABF92BB0A93A00EA100E /* AliasGameViewController.swift in Sources */ = {isa = PBXBuildFile; fileRef = C333ABF82BB0A93A00EA100E /* AliasGameViewController.swift */; };
		C333ABFB2BB0A94200EA100E /* AliasGameViewModel.swift in Sources */ = {isa = PBXBuildFile; fileRef = C333ABFA2BB0A94200EA100E /* AliasGameViewModel.swift */; };
		C333ABFE2BB0AA5000EA100E /* AliasCardSubView.swift in Sources */ = {isa = PBXBuildFile; fileRef = C333ABFD2BB0AA5000EA100E /* AliasCardSubView.swift */; };
		C333AC012BB0BB3C00EA100E /* AliasScoreViewController.swift in Sources */ = {isa = PBXBuildFile; fileRef = C333AC002BB0BB3C00EA100E /* AliasScoreViewController.swift */; };
		C333AC032BB0BB4A00EA100E /* AliasScoreView.swift in Sources */ = {isa = PBXBuildFile; fileRef = C333AC022BB0BB4A00EA100E /* AliasScoreView.swift */; };
		C333AC052BB0BB5300EA100E /* AliasScoreViewModel.swift in Sources */ = {isa = PBXBuildFile; fileRef = C333AC042BB0BB5300EA100E /* AliasScoreViewModel.swift */; };
		C333AC072BB0CAF000EA100E /* AliasTeamTableViewCell.swift in Sources */ = {isa = PBXBuildFile; fileRef = C333AC062BB0CAF000EA100E /* AliasTeamTableViewCell.swift */; };
/* End PBXBuildFile section */

/* Begin PBXFileReference section */
		606D3EBCFDE5960D8FA50C2D /* Pods-GroupGames.release.xcconfig */ = {isa = PBXFileReference; includeInIndex = 1; lastKnownFileType = text.xcconfig; name = "Pods-GroupGames.release.xcconfig"; path = "Target Support Files/Pods-GroupGames/Pods-GroupGames.release.xcconfig"; sourceTree = "<group>"; };
		6BFD472E6CBFA7BAA093571C /* Pods-GroupGames.debug.xcconfig */ = {isa = PBXFileReference; includeInIndex = 1; lastKnownFileType = text.xcconfig; name = "Pods-GroupGames.debug.xcconfig"; path = "Target Support Files/Pods-GroupGames/Pods-GroupGames.debug.xcconfig"; sourceTree = "<group>"; };
		78B05A592BB09FFB00D74385 /* SpyMainModuleIO.swift */ = {isa = PBXFileReference; fileEncoding = 4; lastKnownFileType = sourcecode.swift; path = SpyMainModuleIO.swift; sourceTree = "<group>"; };
		78B05A5A2BB09FFB00D74385 /* SpyMainViewModel.swift */ = {isa = PBXFileReference; fileEncoding = 4; lastKnownFileType = sourcecode.swift; path = SpyMainViewModel.swift; sourceTree = "<group>"; };
		78B05A5B2BB09FFB00D74385 /* SpyMainViewBuilder.swift */ = {isa = PBXFileReference; fileEncoding = 4; lastKnownFileType = sourcecode.swift; path = SpyMainViewBuilder.swift; sourceTree = "<group>"; };
		78B05A5D2BB09FFB00D74385 /* SpyMainViewController.swift */ = {isa = PBXFileReference; fileEncoding = 4; lastKnownFileType = sourcecode.swift; path = SpyMainViewController.swift; sourceTree = "<group>"; };
		78B05A602BB09FFB00D74385 /* SpyGameModuleO.swift */ = {isa = PBXFileReference; fileEncoding = 4; lastKnownFileType = sourcecode.swift; path = SpyGameModuleO.swift; sourceTree = "<group>"; };
		78B05A612BB09FFB00D74385 /* SpyGameViewModel.swift */ = {isa = PBXFileReference; fileEncoding = 4; lastKnownFileType = sourcecode.swift; path = SpyGameViewModel.swift; sourceTree = "<group>"; };
		78B05A632BB09FFB00D74385 /* SpyGameViewController.swift */ = {isa = PBXFileReference; fileEncoding = 4; lastKnownFileType = sourcecode.swift; path = SpyGameViewController.swift; sourceTree = "<group>"; };
		78B05A642BB09FFB00D74385 /* SpyGameViewBuilder.swift */ = {isa = PBXFileReference; fileEncoding = 4; lastKnownFileType = sourcecode.swift; path = SpyGameViewBuilder.swift; sourceTree = "<group>"; };
		78B05A672BB09FFB00D74385 /* SpySettingsModuleIO.swift */ = {isa = PBXFileReference; fileEncoding = 4; lastKnownFileType = sourcecode.swift; path = SpySettingsModuleIO.swift; sourceTree = "<group>"; };
		78B05A682BB09FFB00D74385 /* SpySettingsViewModel.swift */ = {isa = PBXFileReference; fileEncoding = 4; lastKnownFileType = sourcecode.swift; path = SpySettingsViewModel.swift; sourceTree = "<group>"; };
		78B05A6A2BB09FFB00D74385 /* SpySettingsViewController.swift */ = {isa = PBXFileReference; fileEncoding = 4; lastKnownFileType = sourcecode.swift; path = SpySettingsViewController.swift; sourceTree = "<group>"; };
		78B05A6B2BB09FFB00D74385 /* SpySettingsViewBuilder.swift */ = {isa = PBXFileReference; fileEncoding = 4; lastKnownFileType = sourcecode.swift; path = SpySettingsViewBuilder.swift; sourceTree = "<group>"; };
		78B05A6C2BB09FFB00D74385 /* SpyCoordinator.swift */ = {isa = PBXFileReference; fileEncoding = 4; lastKnownFileType = sourcecode.swift; path = SpyCoordinator.swift; sourceTree = "<group>"; };
		78B05A6E2BB09FFB00D74385 /* ViewModel.swift */ = {isa = PBXFileReference; fileEncoding = 4; lastKnownFileType = sourcecode.swift; path = ViewModel.swift; sourceTree = "<group>"; };
		78B05A6F2BB09FFB00D74385 /* Settings.swift */ = {isa = PBXFileReference; fileEncoding = 4; lastKnownFileType = sourcecode.swift; path = Settings.swift; sourceTree = "<group>"; };
		BA2A1F02A7389440716BDB74 /* Pods_GroupGames.framework */ = {isa = PBXFileReference; explicitFileType = wrapper.framework; includeInIndex = 0; path = Pods_GroupGames.framework; sourceTree = BUILT_PRODUCTS_DIR; };
		C333AB7C2B9F03FE00EA100E /* GroupGames.app */ = {isa = PBXFileReference; explicitFileType = wrapper.application; includeInIndex = 0; path = GroupGames.app; sourceTree = BUILT_PRODUCTS_DIR; };
		C333AB7F2B9F03FE00EA100E /* AppDelegate.swift */ = {isa = PBXFileReference; lastKnownFileType = sourcecode.swift; path = AppDelegate.swift; sourceTree = "<group>"; };
		C333AB812B9F03FE00EA100E /* SceneDelegate.swift */ = {isa = PBXFileReference; lastKnownFileType = sourcecode.swift; path = SceneDelegate.swift; sourceTree = "<group>"; };
		C333AB892B9F03FE00EA100E /* GroupGames.xcdatamodel */ = {isa = PBXFileReference; lastKnownFileType = wrapper.xcdatamodel; path = GroupGames.xcdatamodel; sourceTree = "<group>"; };
		C333AB8B2B9F040000EA100E /* Assets.xcassets */ = {isa = PBXFileReference; lastKnownFileType = folder.assetcatalog; path = Assets.xcassets; sourceTree = "<group>"; };
		C333AB8E2B9F040000EA100E /* Base */ = {isa = PBXFileReference; lastKnownFileType = file.storyboard; name = Base; path = Base.lproj/LaunchScreen.storyboard; sourceTree = "<group>"; };
		C333AB902B9F040000EA100E /* Info.plist */ = {isa = PBXFileReference; lastKnownFileType = text.plist.xml; path = Info.plist; sourceTree = "<group>"; };
		C333AB982B9F054E00EA100E /* MainView.swift */ = {isa = PBXFileReference; lastKnownFileType = sourcecode.swift; path = MainView.swift; sourceTree = "<group>"; };
		C333AB9A2B9F055C00EA100E /* MainViewController.swift */ = {isa = PBXFileReference; lastKnownFileType = sourcecode.swift; path = MainViewController.swift; sourceTree = "<group>"; };
		C333AB9C2B9F056400EA100E /* MainViewModel.swift */ = {isa = PBXFileReference; lastKnownFileType = sourcecode.swift; path = MainViewModel.swift; sourceTree = "<group>"; };
		C333ABCF2BAFE7C000EA100E /* GameButtonFubric.swift */ = {isa = PBXFileReference; lastKnownFileType = sourcecode.swift; path = GameButtonFubric.swift; sourceTree = "<group>"; };
		C333ABD22BAFED2E00EA100E /* AliasTeamsView.swift */ = {isa = PBXFileReference; lastKnownFileType = sourcecode.swift; path = AliasTeamsView.swift; sourceTree = "<group>"; };
		C333ABD42BAFED3B00EA100E /* AliasTeamsViewController.swift */ = {isa = PBXFileReference; lastKnownFileType = sourcecode.swift; path = AliasTeamsViewController.swift; sourceTree = "<group>"; };
		C333ABD62BAFED4800EA100E /* AliasTeamsViewModel.swift */ = {isa = PBXFileReference; lastKnownFileType = sourcecode.swift; path = AliasTeamsViewModel.swift; sourceTree = "<group>"; };
		C333ABD92BAFF42000EA100E /* UITableViewCellExtension.swift */ = {isa = PBXFileReference; lastKnownFileType = sourcecode.swift; path = UITableViewCellExtension.swift; sourceTree = "<group>"; };
		C333ABDD2BAFF9F900EA100E /* UIColorExtension.swift */ = {isa = PBXFileReference; lastKnownFileType = sourcecode.swift; path = UIColorExtension.swift; sourceTree = "<group>"; };
		C333ABE52BB008A300EA100E /* AliasTeamsCollectionViewCell.swift */ = {isa = PBXFileReference; lastKnownFileType = sourcecode.swift; path = AliasTeamsCollectionViewCell.swift; sourceTree = "<group>"; };
		C333ABE72BB008B100EA100E /* AliasTeamsAddCollectionViewCell.swift */ = {isa = PBXFileReference; lastKnownFileType = sourcecode.swift; path = AliasTeamsAddCollectionViewCell.swift; sourceTree = "<group>"; };
		C333ABE92BB01BBC00EA100E /* UIImageExtension.swift */ = {isa = PBXFileReference; lastKnownFileType = sourcecode.swift; path = UIImageExtension.swift; sourceTree = "<group>"; };
		C333ABED2BB01D7500EA100E /* AliasSettingsViewController.swift */ = {isa = PBXFileReference; lastKnownFileType = sourcecode.swift; path = AliasSettingsViewController.swift; sourceTree = "<group>"; };
		C333ABEF2BB01D8B00EA100E /* AliasSettingsView.swift */ = {isa = PBXFileReference; lastKnownFileType = sourcecode.swift; path = AliasSettingsView.swift; sourceTree = "<group>"; };
		C333ABF12BB01DAB00EA100E /* AliasSettingsViewModel.swift */ = {isa = PBXFileReference; lastKnownFileType = sourcecode.swift; path = AliasSettingsViewModel.swift; sourceTree = "<group>"; };
		C333ABF32BB0A69100EA100E /* AliasUserDefaultsDataManager.swift */ = {isa = PBXFileReference; lastKnownFileType = sourcecode.swift; name = AliasUserDefaultsDataManager.swift; path = "../../../../../../Library/Mobile Documents/.Trash/GroupGames 20.25.57/GroupGames/GroupGames/Alias_Kirill/AliasUserDefaultsDataManager.swift"; sourceTree = "<group>"; };
		C333ABF62BB0A92600EA100E /* AliasGameView.swift */ = {isa = PBXFileReference; lastKnownFileType = sourcecode.swift; path = AliasGameView.swift; sourceTree = "<group>"; };
		C333ABF82BB0A93A00EA100E /* AliasGameViewController.swift */ = {isa = PBXFileReference; lastKnownFileType = sourcecode.swift; path = AliasGameViewController.swift; sourceTree = "<group>"; };
		C333ABFA2BB0A94200EA100E /* AliasGameViewModel.swift */ = {isa = PBXFileReference; lastKnownFileType = sourcecode.swift; path = AliasGameViewModel.swift; sourceTree = "<group>"; };
		C333ABFD2BB0AA5000EA100E /* AliasCardSubView.swift */ = {isa = PBXFileReference; lastKnownFileType = sourcecode.swift; path = AliasCardSubView.swift; sourceTree = "<group>"; };
		C333AC002BB0BB3C00EA100E /* AliasScoreViewController.swift */ = {isa = PBXFileReference; lastKnownFileType = sourcecode.swift; path = AliasScoreViewController.swift; sourceTree = "<group>"; };
		C333AC022BB0BB4A00EA100E /* AliasScoreView.swift */ = {isa = PBXFileReference; lastKnownFileType = sourcecode.swift; path = AliasScoreView.swift; sourceTree = "<group>"; };
		C333AC042BB0BB5300EA100E /* AliasScoreViewModel.swift */ = {isa = PBXFileReference; lastKnownFileType = sourcecode.swift; path = AliasScoreViewModel.swift; sourceTree = "<group>"; };
		C333AC062BB0CAF000EA100E /* AliasTeamTableViewCell.swift */ = {isa = PBXFileReference; lastKnownFileType = sourcecode.swift; path = AliasTeamTableViewCell.swift; sourceTree = "<group>"; };
/* End PBXFileReference section */

/* Begin PBXFrameworksBuildPhase section */
		C333AB792B9F03FE00EA100E /* Frameworks */ = {
			isa = PBXFrameworksBuildPhase;
			buildActionMask = 2147483647;
			files = (
				2AACDC382BAF26E4000672B0 /* Alamofire in Frameworks */,
				C333ABCA2BAF1F3400EA100E /* SnapKit in Frameworks */,
				C333ABCC2BAF1F3400EA100E /* SnapKit-Dynamic in Frameworks */,
				A53B64897EDBAAF1B773C1CB /* Pods_GroupGames.framework in Frameworks */,
			);
			runOnlyForDeploymentPostprocessing = 0;
		};
/* End PBXFrameworksBuildPhase section */

/* Begin PBXGroup section */
		78B05A562BB09FFB00D74385 /* Spy_Aidar */ = {
			isa = PBXGroup;
			children = (
				78B05A572BB09FFB00D74385 /* SpyMainView */,
				78B05A5E2BB09FFB00D74385 /* SpyGameView */,
				78B05A652BB09FFB00D74385 /* SpySettingsView */,
				78B05A6C2BB09FFB00D74385 /* SpyCoordinator.swift */,
				78B05A6D2BB09FFB00D74385 /* Base */,
			);
			path = Spy_Aidar;
			sourceTree = "<group>";
		};
		78B05A572BB09FFB00D74385 /* SpyMainView */ = {
			isa = PBXGroup;
			children = (
				78B05A582BB09FFB00D74385 /* VIewModel */,
				78B05A5B2BB09FFB00D74385 /* SpyMainViewBuilder.swift */,
				78B05A5C2BB09FFB00D74385 /* View */,
			);
			path = SpyMainView;
			sourceTree = "<group>";
		};
		78B05A582BB09FFB00D74385 /* VIewModel */ = {
			isa = PBXGroup;
			children = (
				78B05A592BB09FFB00D74385 /* SpyMainModuleIO.swift */,
				78B05A5A2BB09FFB00D74385 /* SpyMainViewModel.swift */,
			);
			path = VIewModel;
			sourceTree = "<group>";
		};
		78B05A5C2BB09FFB00D74385 /* View */ = {
			isa = PBXGroup;
			children = (
				78B05A5D2BB09FFB00D74385 /* SpyMainViewController.swift */,
			);
			path = View;
			sourceTree = "<group>";
		};
		78B05A5E2BB09FFB00D74385 /* SpyGameView */ = {
			isa = PBXGroup;
			children = (
				78B05A5F2BB09FFB00D74385 /* ViewModel */,
				78B05A622BB09FFB00D74385 /* View */,
				78B05A642BB09FFB00D74385 /* SpyGameViewBuilder.swift */,
			);
			path = SpyGameView;
			sourceTree = "<group>";
		};
		78B05A5F2BB09FFB00D74385 /* ViewModel */ = {
			isa = PBXGroup;
			children = (
				78B05A602BB09FFB00D74385 /* SpyGameModuleO.swift */,
				78B05A612BB09FFB00D74385 /* SpyGameViewModel.swift */,
			);
			path = ViewModel;
			sourceTree = "<group>";
		};
		78B05A622BB09FFB00D74385 /* View */ = {
			isa = PBXGroup;
			children = (
				78B05A632BB09FFB00D74385 /* SpyGameViewController.swift */,
			);
			path = View;
			sourceTree = "<group>";
		};
		78B05A652BB09FFB00D74385 /* SpySettingsView */ = {
			isa = PBXGroup;
			children = (
				78B05A662BB09FFB00D74385 /* ViewModel */,
				78B05A692BB09FFB00D74385 /* View */,
				78B05A6B2BB09FFB00D74385 /* SpySettingsViewBuilder.swift */,
			);
			path = SpySettingsView;
			sourceTree = "<group>";
		};
		78B05A662BB09FFB00D74385 /* ViewModel */ = {
			isa = PBXGroup;
			children = (
				78B05A672BB09FFB00D74385 /* SpySettingsModuleIO.swift */,
				78B05A682BB09FFB00D74385 /* SpySettingsViewModel.swift */,
			);
			path = ViewModel;
			sourceTree = "<group>";
		};
		78B05A692BB09FFB00D74385 /* View */ = {
			isa = PBXGroup;
			children = (
				78B05A6A2BB09FFB00D74385 /* SpySettingsViewController.swift */,
			);
			path = View;
			sourceTree = "<group>";
		};
		78B05A6D2BB09FFB00D74385 /* Base */ = {
			isa = PBXGroup;
			children = (
				78B05A6E2BB09FFB00D74385 /* ViewModel.swift */,
				78B05A6F2BB09FFB00D74385 /* Settings.swift */,
			);
			path = Base;
			sourceTree = "<group>";
		};
		9D4826AB0D67CE465D4A0259 /* Pods */ = {
			isa = PBXGroup;
			children = (
				6BFD472E6CBFA7BAA093571C /* Pods-GroupGames.debug.xcconfig */,
				606D3EBCFDE5960D8FA50C2D /* Pods-GroupGames.release.xcconfig */,
			);
			path = Pods;
			sourceTree = "<group>";
		};
		A7028F41942BB3DE98DBEC15 /* Frameworks */ = {
			isa = PBXGroup;
			children = (
				BA2A1F02A7389440716BDB74 /* Pods_GroupGames.framework */,
			);
			name = Frameworks;
			sourceTree = "<group>";
		};
		C333AB732B9F03FE00EA100E = {
			isa = PBXGroup;
			children = (
				C333AB7E2B9F03FE00EA100E /* GroupGames */,
				C333AB7D2B9F03FE00EA100E /* Products */,
				9D4826AB0D67CE465D4A0259 /* Pods */,
				A7028F41942BB3DE98DBEC15 /* Frameworks */,
			);
			sourceTree = "<group>";
		};
		C333AB7D2B9F03FE00EA100E /* Products */ = {
			isa = PBXGroup;
			children = (
				C333AB7C2B9F03FE00EA100E /* GroupGames.app */,
			);
			name = Products;
			sourceTree = "<group>";
		};
		C333AB7E2B9F03FE00EA100E /* GroupGames */ = {
			isa = PBXGroup;
			children = (
				78B05A562BB09FFB00D74385 /* Spy_Aidar */,
				C333ABD82BAFF40500EA100E /* Extensions */,
				C333ABD12BAFED1700EA100E /* Alias_Kirill */,
				C333AB972B9F051F00EA100E /* MainScreen */,
				C333AB7F2B9F03FE00EA100E /* AppDelegate.swift */,
				C333AB812B9F03FE00EA100E /* SceneDelegate.swift */,
				C333AB8B2B9F040000EA100E /* Assets.xcassets */,
				C333AB8D2B9F040000EA100E /* LaunchScreen.storyboard */,
				C333AB902B9F040000EA100E /* Info.plist */,
				C333AB882B9F03FE00EA100E /* GroupGames.xcdatamodeld */,
			);
			path = GroupGames;
			sourceTree = "<group>";
		};
		C333AB972B9F051F00EA100E /* MainScreen */ = {
			isa = PBXGroup;
			children = (
				C333AB982B9F054E00EA100E /* MainView.swift */,
				C333AB9A2B9F055C00EA100E /* MainViewController.swift */,
				C333AB9C2B9F056400EA100E /* MainViewModel.swift */,
			);
			path = MainScreen;
			sourceTree = "<group>";
		};
		C333ABCD2BAFE79500EA100E /* UIFabrics */ = {
			isa = PBXGroup;
			children = (
				C333ABCE2BAFE79D00EA100E /* UIButtonFabric */,
			);
			path = UIFabrics;
			sourceTree = "<group>";
		};
		C333ABCE2BAFE79D00EA100E /* UIButtonFabric */ = {
			isa = PBXGroup;
			children = (
				C333ABCF2BAFE7C000EA100E /* GameButtonFubric.swift */,
			);
			path = UIButtonFabric;
			sourceTree = "<group>";
		};
		C333ABD12BAFED1700EA100E /* Alias_Kirill */ = {
			isa = PBXGroup;
			children = (
				C333ABCD2BAFE79500EA100E /* UIFabrics */,
				C333ABFF2BB0BB1000EA100E /* AliasScoreScreen */,
				C333ABF52BB0A91700EA100E /* AliasGameScreen */,
				C333ABEC2BB01D6100EA100E /* AliasSettingsScreen */,
				C333ABEB2BB01CD500EA100E /* AliasTeamsScreen */,
				C333ABF32BB0A69100EA100E /* AliasUserDefaultsDataManager.swift */,
			);
			path = Alias_Kirill;
			sourceTree = "<group>";
		};
		C333ABD82BAFF40500EA100E /* Extensions */ = {
			isa = PBXGroup;
			children = (
				C333ABD92BAFF42000EA100E /* UITableViewCellExtension.swift */,
				C333ABDD2BAFF9F900EA100E /* UIColorExtension.swift */,
				C333ABE92BB01BBC00EA100E /* UIImageExtension.swift */,
			);
			path = Extensions;
			sourceTree = "<group>";
		};
		C333ABEB2BB01CD500EA100E /* AliasTeamsScreen */ = {
			isa = PBXGroup;
			children = (
				C333ABD22BAFED2E00EA100E /* AliasTeamsView.swift */,
				C333ABD42BAFED3B00EA100E /* AliasTeamsViewController.swift */,
				C333ABD62BAFED4800EA100E /* AliasTeamsViewModel.swift */,
				C333ABE52BB008A300EA100E /* AliasTeamsCollectionViewCell.swift */,
				C333ABE72BB008B100EA100E /* AliasTeamsAddCollectionViewCell.swift */,
			);
			path = AliasTeamsScreen;
			sourceTree = "<group>";
		};
		C333ABEC2BB01D6100EA100E /* AliasSettingsScreen */ = {
			isa = PBXGroup;
			children = (
				C333ABED2BB01D7500EA100E /* AliasSettingsViewController.swift */,
				C333ABEF2BB01D8B00EA100E /* AliasSettingsView.swift */,
				C333ABF12BB01DAB00EA100E /* AliasSettingsViewModel.swift */,
			);
			path = AliasSettingsScreen;
			sourceTree = "<group>";
		};
		C333ABF52BB0A91700EA100E /* AliasGameScreen */ = {
			isa = PBXGroup;
			children = (
				C333ABFC2BB0AA4100EA100E /* SubViews */,
				C333ABF62BB0A92600EA100E /* AliasGameView.swift */,
				C333ABF82BB0A93A00EA100E /* AliasGameViewController.swift */,
				C333ABFA2BB0A94200EA100E /* AliasGameViewModel.swift */,
			);
			path = AliasGameScreen;
			sourceTree = "<group>";
		};
		C333ABFC2BB0AA4100EA100E /* SubViews */ = {
			isa = PBXGroup;
			children = (
				C333ABFD2BB0AA5000EA100E /* AliasCardSubView.swift */,
			);
			path = SubViews;
			sourceTree = "<group>";
		};
		C333ABFF2BB0BB1000EA100E /* AliasScoreScreen */ = {
			isa = PBXGroup;
			children = (
				C333AC002BB0BB3C00EA100E /* AliasScoreViewController.swift */,
				C333AC022BB0BB4A00EA100E /* AliasScoreView.swift */,
				C333AC042BB0BB5300EA100E /* AliasScoreViewModel.swift */,
				C333AC062BB0CAF000EA100E /* AliasTeamTableViewCell.swift */,
			);
			path = AliasScoreScreen;
			sourceTree = "<group>";
		};
/* End PBXGroup section */

/* Begin PBXNativeTarget section */
		C333AB7B2B9F03FE00EA100E /* GroupGames */ = {
			isa = PBXNativeTarget;
			buildConfigurationList = C333AB932B9F040000EA100E /* Build configuration list for PBXNativeTarget "GroupGames" */;
			buildPhases = (
				3BD36B57871DD0AE6F0B7EB4 /* [CP] Check Pods Manifest.lock */,
				C333AB782B9F03FE00EA100E /* Sources */,
				C333AB792B9F03FE00EA100E /* Frameworks */,
				C333AB7A2B9F03FE00EA100E /* Resources */,
				C333AB962B9F043E00EA100E /* ShellScript */,
				1C8EC1928E5107B890CD668A /* [CP] Embed Pods Frameworks */,
			);
			buildRules = (
			);
			dependencies = (
			);
			name = GroupGames;
			packageProductDependencies = (
				C333ABC92BAF1F3400EA100E /* SnapKit */,
				C333ABCB2BAF1F3400EA100E /* SnapKit-Dynamic */,
				2AACDC372BAF26E4000672B0 /* Alamofire */,
			);
			productName = GroupGames;
			productReference = C333AB7C2B9F03FE00EA100E /* GroupGames.app */;
			productType = "com.apple.product-type.application";
		};
/* End PBXNativeTarget section */

/* Begin PBXProject section */
		C333AB742B9F03FE00EA100E /* Project object */ = {
			isa = PBXProject;
			attributes = {
				BuildIndependentTargetsInParallel = 1;
				LastSwiftUpdateCheck = 1520;
				LastUpgradeCheck = 1520;
				TargetAttributes = {
					C333AB7B2B9F03FE00EA100E = {
						CreatedOnToolsVersion = 15.2;
					};
				};
			};
			buildConfigurationList = C333AB772B9F03FE00EA100E /* Build configuration list for PBXProject "GroupGames" */;
			compatibilityVersion = "Xcode 14.0";
			developmentRegion = en;
			hasScannedForEncodings = 0;
			knownRegions = (
				en,
				Base,
			);
			mainGroup = C333AB732B9F03FE00EA100E;
			packageReferences = (
				C333ABC82BAF1F3400EA100E /* XCRemoteSwiftPackageReference "SnapKit" */,
				2AACDC362BAF26E4000672B0 /* XCRemoteSwiftPackageReference "Alamofire" */,
			);
			productRefGroup = C333AB7D2B9F03FE00EA100E /* Products */;
			projectDirPath = "";
			projectRoot = "";
			targets = (
				C333AB7B2B9F03FE00EA100E /* GroupGames */,
			);
		};
/* End PBXProject section */

/* Begin PBXResourcesBuildPhase section */
		C333AB7A2B9F03FE00EA100E /* Resources */ = {
			isa = PBXResourcesBuildPhase;
			buildActionMask = 2147483647;
			files = (
				C333AB8F2B9F040000EA100E /* LaunchScreen.storyboard in Resources */,
				C333AB8C2B9F040000EA100E /* Assets.xcassets in Resources */,
			);
			runOnlyForDeploymentPostprocessing = 0;
		};
/* End PBXResourcesBuildPhase section */

/* Begin PBXShellScriptBuildPhase section */
		1C8EC1928E5107B890CD668A /* [CP] Embed Pods Frameworks */ = {
			isa = PBXShellScriptBuildPhase;
			buildActionMask = 2147483647;
			files = (
			);
			inputFileListPaths = (
				"${PODS_ROOT}/Target Support Files/Pods-GroupGames/Pods-GroupGames-frameworks-${CONFIGURATION}-input-files.xcfilelist",
			);
			name = "[CP] Embed Pods Frameworks";
			outputFileListPaths = (
				"${PODS_ROOT}/Target Support Files/Pods-GroupGames/Pods-GroupGames-frameworks-${CONFIGURATION}-output-files.xcfilelist",
			);
			runOnlyForDeploymentPostprocessing = 0;
			shellPath = /bin/sh;
			shellScript = "\"${PODS_ROOT}/Target Support Files/Pods-GroupGames/Pods-GroupGames-frameworks.sh\"\n";
			showEnvVarsInLog = 0;
		};
		3BD36B57871DD0AE6F0B7EB4 /* [CP] Check Pods Manifest.lock */ = {
			isa = PBXShellScriptBuildPhase;
			buildActionMask = 2147483647;
			files = (
			);
			inputFileListPaths = (
			);
			inputPaths = (
				"${PODS_PODFILE_DIR_PATH}/Podfile.lock",
				"${PODS_ROOT}/Manifest.lock",
			);
			name = "[CP] Check Pods Manifest.lock";
			outputFileListPaths = (
			);
			outputPaths = (
				"$(DERIVED_FILE_DIR)/Pods-GroupGames-checkManifestLockResult.txt",
			);
			runOnlyForDeploymentPostprocessing = 0;
			shellPath = /bin/sh;
			shellScript = "diff \"${PODS_PODFILE_DIR_PATH}/Podfile.lock\" \"${PODS_ROOT}/Manifest.lock\" > /dev/null\nif [ $? != 0 ] ; then\n    # print error to STDERR\n    echo \"error: The sandbox is not in sync with the Podfile.lock. Run 'pod install' or update your CocoaPods installation.\" >&2\n    exit 1\nfi\n# This output is used by Xcode 'outputs' to avoid re-running this script phase.\necho \"SUCCESS\" > \"${SCRIPT_OUTPUT_FILE_0}\"\n";
			showEnvVarsInLog = 0;
		};
		C333AB962B9F043E00EA100E /* ShellScript */ = {
			isa = PBXShellScriptBuildPhase;
			alwaysOutOfDate = 1;
			buildActionMask = 2147483647;
			files = (
			);
			inputFileListPaths = (
			);
			inputPaths = (
			);
			outputFileListPaths = (
			);
			outputPaths = (
			);
			runOnlyForDeploymentPostprocessing = 0;
			shellPath = /bin/sh;
			shellScript = " \nexport PATH=\"$PATH:/opt/homebrew/bin\"\nif which swiftlint >/dev/null; then\n  swiftlint\nelse\n  echo \"error: SwiftLint does not exist, download it from https://github.com/realm/SwiftLint\"\n  exit 1\nfi\n";
			showEnvVarsInLog = 0;
		};
/* End PBXShellScriptBuildPhase section */

/* Begin PBXSourcesBuildPhase section */
		C333AB782B9F03FE00EA100E /* Sources */ = {
			isa = PBXSourcesBuildPhase;
			buildActionMask = 2147483647;
			files = (
				78B05A732BB09FFB00D74385 /* SpyMainViewController.swift in Sources */,
				C333ABE82BB008B100EA100E /* AliasTeamsAddCollectionViewCell.swift in Sources */,
				C333AB8A2B9F03FE00EA100E /* GroupGames.xcdatamodeld in Sources */,
				78B05A752BB09FFB00D74385 /* SpyGameViewModel.swift in Sources */,
				C333AC072BB0CAF000EA100E /* AliasTeamTableViewCell.swift in Sources */,
				C333ABF92BB0A93A00EA100E /* AliasGameViewController.swift in Sources */,
				C333AC012BB0BB3C00EA100E /* AliasScoreViewController.swift in Sources */,
				78B05A762BB09FFB00D74385 /* SpyGameViewController.swift in Sources */,
				C333AB992B9F054E00EA100E /* MainView.swift in Sources */,
				C333ABF42BB0A69100EA100E /* AliasUserDefaultsDataManager.swift in Sources */,
				C333AC032BB0BB4A00EA100E /* AliasScoreView.swift in Sources */,
				C333AB802B9F03FE00EA100E /* AppDelegate.swift in Sources */,
				78B05A772BB09FFB00D74385 /* SpyGameViewBuilder.swift in Sources */,
				78B05A7A2BB09FFB00D74385 /* SpySettingsViewController.swift in Sources */,
				78B05A7E2BB09FFB00D74385 /* Settings.swift in Sources */,
				78B05A782BB09FFB00D74385 /* SpySettingsModuleIO.swift in Sources */,
				C333ABD02BAFE7C000EA100E /* GameButtonFubric.swift in Sources */,
				78B05A702BB09FFB00D74385 /* SpyMainModuleIO.swift in Sources */,
				C333ABF02BB01D8B00EA100E /* AliasSettingsView.swift in Sources */,
				C333ABFB2BB0A94200EA100E /* AliasGameViewModel.swift in Sources */,
				C333ABE62BB008A300EA100E /* AliasTeamsCollectionViewCell.swift in Sources */,
				78B05A7B2BB09FFB00D74385 /* SpySettingsViewBuilder.swift in Sources */,
				78B05A7C2BB09FFB00D74385 /* SpyCoordinator.swift in Sources */,
				C333ABD52BAFED3B00EA100E /* AliasTeamsViewController.swift in Sources */,
				78B05A742BB09FFB00D74385 /* SpyGameModuleO.swift in Sources */,
				C333ABEE2BB01D7500EA100E /* AliasSettingsViewController.swift in Sources */,
				C333ABDE2BAFF9F900EA100E /* UIColorExtension.swift in Sources */,
				C333ABEA2BB01BBC00EA100E /* UIImageExtension.swift in Sources */,
				C333AB822B9F03FE00EA100E /* SceneDelegate.swift in Sources */,
				78B05A7D2BB09FFB00D74385 /* ViewModel.swift in Sources */,
				C333AB9B2B9F055C00EA100E /* MainViewController.swift in Sources */,
				78B05A712BB09FFB00D74385 /* SpyMainViewModel.swift in Sources */,
				C333AB9D2B9F056400EA100E /* MainViewModel.swift in Sources */,
				C333ABD32BAFED2E00EA100E /* AliasTeamsView.swift in Sources */,
				C333ABD72BAFED4800EA100E /* AliasTeamsViewModel.swift in Sources */,
				C333ABDA2BAFF42000EA100E /* UITableViewCellExtension.swift in Sources */,
				C333ABF22BB01DAB00EA100E /* AliasSettingsViewModel.swift in Sources */,
				78B05A792BB09FFB00D74385 /* SpySettingsViewModel.swift in Sources */,
				C333ABFE2BB0AA5000EA100E /* AliasCardSubView.swift in Sources */,
				78B05A722BB09FFB00D74385 /* SpyMainViewBuilder.swift in Sources */,
				C333AC052BB0BB5300EA100E /* AliasScoreViewModel.swift in Sources */,
				C333ABF72BB0A92600EA100E /* AliasGameView.swift in Sources */,
			);
			runOnlyForDeploymentPostprocessing = 0;
		};
/* End PBXSourcesBuildPhase section */

/* Begin PBXVariantGroup section */
		C333AB8D2B9F040000EA100E /* LaunchScreen.storyboard */ = {
			isa = PBXVariantGroup;
			children = (
				C333AB8E2B9F040000EA100E /* Base */,
			);
			name = LaunchScreen.storyboard;
			sourceTree = "<group>";
		};
/* End PBXVariantGroup section */

/* Begin XCBuildConfiguration section */
		C333AB912B9F040000EA100E /* Debug */ = {
			isa = XCBuildConfiguration;
			buildSettings = {
				ALWAYS_SEARCH_USER_PATHS = NO;
				ASSETCATALOG_COMPILER_GENERATE_SWIFT_ASSET_SYMBOL_EXTENSIONS = YES;
				CLANG_ANALYZER_NONNULL = YES;
				CLANG_ANALYZER_NUMBER_OBJECT_CONVERSION = YES_AGGRESSIVE;
				CLANG_CXX_LANGUAGE_STANDARD = "gnu++20";
				CLANG_ENABLE_MODULES = YES;
				CLANG_ENABLE_OBJC_ARC = YES;
				CLANG_ENABLE_OBJC_WEAK = YES;
				CLANG_WARN_BLOCK_CAPTURE_AUTORELEASING = YES;
				CLANG_WARN_BOOL_CONVERSION = YES;
				CLANG_WARN_COMMA = YES;
				CLANG_WARN_CONSTANT_CONVERSION = YES;
				CLANG_WARN_DEPRECATED_OBJC_IMPLEMENTATIONS = YES;
				CLANG_WARN_DIRECT_OBJC_ISA_USAGE = YES_ERROR;
				CLANG_WARN_DOCUMENTATION_COMMENTS = YES;
				CLANG_WARN_EMPTY_BODY = YES;
				CLANG_WARN_ENUM_CONVERSION = YES;
				CLANG_WARN_INFINITE_RECURSION = YES;
				CLANG_WARN_INT_CONVERSION = YES;
				CLANG_WARN_NON_LITERAL_NULL_CONVERSION = YES;
				CLANG_WARN_OBJC_IMPLICIT_RETAIN_SELF = YES;
				CLANG_WARN_OBJC_LITERAL_CONVERSION = YES;
				CLANG_WARN_OBJC_ROOT_CLASS = YES_ERROR;
				CLANG_WARN_QUOTED_INCLUDE_IN_FRAMEWORK_HEADER = YES;
				CLANG_WARN_RANGE_LOOP_ANALYSIS = YES;
				CLANG_WARN_STRICT_PROTOTYPES = YES;
				CLANG_WARN_SUSPICIOUS_MOVE = YES;
				CLANG_WARN_UNGUARDED_AVAILABILITY = YES_AGGRESSIVE;
				CLANG_WARN_UNREACHABLE_CODE = YES;
				CLANG_WARN__DUPLICATE_METHOD_MATCH = YES;
				COPY_PHASE_STRIP = NO;
				DEBUG_INFORMATION_FORMAT = dwarf;
				ENABLE_STRICT_OBJC_MSGSEND = YES;
				ENABLE_TESTABILITY = YES;
				ENABLE_USER_SCRIPT_SANDBOXING = YES;
				GCC_C_LANGUAGE_STANDARD = gnu17;
				GCC_DYNAMIC_NO_PIC = NO;
				GCC_NO_COMMON_BLOCKS = YES;
				GCC_OPTIMIZATION_LEVEL = 0;
				GCC_PREPROCESSOR_DEFINITIONS = (
					"DEBUG=1",
					"$(inherited)",
				);
				GCC_WARN_64_TO_32_BIT_CONVERSION = YES;
				GCC_WARN_ABOUT_RETURN_TYPE = YES_ERROR;
				GCC_WARN_UNDECLARED_SELECTOR = YES;
				GCC_WARN_UNINITIALIZED_AUTOS = YES_AGGRESSIVE;
				GCC_WARN_UNUSED_FUNCTION = YES;
				GCC_WARN_UNUSED_VARIABLE = YES;
				IPHONEOS_DEPLOYMENT_TARGET = 17.2;
				LOCALIZATION_PREFERS_STRING_CATALOGS = YES;
				MTL_ENABLE_DEBUG_INFO = INCLUDE_SOURCE;
				MTL_FAST_MATH = YES;
				ONLY_ACTIVE_ARCH = YES;
				SDKROOT = iphoneos;
				SWIFT_ACTIVE_COMPILATION_CONDITIONS = "DEBUG $(inherited)";
				SWIFT_OPTIMIZATION_LEVEL = "-Onone";
			};
			name = Debug;
		};
		C333AB922B9F040000EA100E /* Release */ = {
			isa = XCBuildConfiguration;
			buildSettings = {
				ALWAYS_SEARCH_USER_PATHS = NO;
				ASSETCATALOG_COMPILER_GENERATE_SWIFT_ASSET_SYMBOL_EXTENSIONS = YES;
				CLANG_ANALYZER_NONNULL = YES;
				CLANG_ANALYZER_NUMBER_OBJECT_CONVERSION = YES_AGGRESSIVE;
				CLANG_CXX_LANGUAGE_STANDARD = "gnu++20";
				CLANG_ENABLE_MODULES = YES;
				CLANG_ENABLE_OBJC_ARC = YES;
				CLANG_ENABLE_OBJC_WEAK = YES;
				CLANG_WARN_BLOCK_CAPTURE_AUTORELEASING = YES;
				CLANG_WARN_BOOL_CONVERSION = YES;
				CLANG_WARN_COMMA = YES;
				CLANG_WARN_CONSTANT_CONVERSION = YES;
				CLANG_WARN_DEPRECATED_OBJC_IMPLEMENTATIONS = YES;
				CLANG_WARN_DIRECT_OBJC_ISA_USAGE = YES_ERROR;
				CLANG_WARN_DOCUMENTATION_COMMENTS = YES;
				CLANG_WARN_EMPTY_BODY = YES;
				CLANG_WARN_ENUM_CONVERSION = YES;
				CLANG_WARN_INFINITE_RECURSION = YES;
				CLANG_WARN_INT_CONVERSION = YES;
				CLANG_WARN_NON_LITERAL_NULL_CONVERSION = YES;
				CLANG_WARN_OBJC_IMPLICIT_RETAIN_SELF = YES;
				CLANG_WARN_OBJC_LITERAL_CONVERSION = YES;
				CLANG_WARN_OBJC_ROOT_CLASS = YES_ERROR;
				CLANG_WARN_QUOTED_INCLUDE_IN_FRAMEWORK_HEADER = YES;
				CLANG_WARN_RANGE_LOOP_ANALYSIS = YES;
				CLANG_WARN_STRICT_PROTOTYPES = YES;
				CLANG_WARN_SUSPICIOUS_MOVE = YES;
				CLANG_WARN_UNGUARDED_AVAILABILITY = YES_AGGRESSIVE;
				CLANG_WARN_UNREACHABLE_CODE = YES;
				CLANG_WARN__DUPLICATE_METHOD_MATCH = YES;
				COPY_PHASE_STRIP = NO;
				DEBUG_INFORMATION_FORMAT = "dwarf-with-dsym";
				ENABLE_NS_ASSERTIONS = NO;
				ENABLE_STRICT_OBJC_MSGSEND = YES;
				ENABLE_USER_SCRIPT_SANDBOXING = YES;
				GCC_C_LANGUAGE_STANDARD = gnu17;
				GCC_NO_COMMON_BLOCKS = YES;
				GCC_WARN_64_TO_32_BIT_CONVERSION = YES;
				GCC_WARN_ABOUT_RETURN_TYPE = YES_ERROR;
				GCC_WARN_UNDECLARED_SELECTOR = YES;
				GCC_WARN_UNINITIALIZED_AUTOS = YES_AGGRESSIVE;
				GCC_WARN_UNUSED_FUNCTION = YES;
				GCC_WARN_UNUSED_VARIABLE = YES;
				IPHONEOS_DEPLOYMENT_TARGET = 17.2;
				LOCALIZATION_PREFERS_STRING_CATALOGS = YES;
				MTL_ENABLE_DEBUG_INFO = NO;
				MTL_FAST_MATH = YES;
				SDKROOT = iphoneos;
				SWIFT_COMPILATION_MODE = wholemodule;
				VALIDATE_PRODUCT = YES;
			};
			name = Release;
		};
		C333AB942B9F040000EA100E /* Debug */ = {
			isa = XCBuildConfiguration;
			baseConfigurationReference = 6BFD472E6CBFA7BAA093571C /* Pods-GroupGames.debug.xcconfig */;
			buildSettings = {
				ASSETCATALOG_COMPILER_APPICON_NAME = AppIcon;
				ASSETCATALOG_COMPILER_GLOBAL_ACCENT_COLOR_NAME = AccentColor;
				CODE_SIGN_STYLE = Automatic;
				CURRENT_PROJECT_VERSION = 1;
				DEVELOPMENT_TEAM = W937SWAWNQ;
				ENABLE_USER_SCRIPT_SANDBOXING = NO;
				GENERATE_INFOPLIST_FILE = YES;
				INFOPLIST_FILE = GroupGames/Info.plist;
				INFOPLIST_KEY_UIApplicationSupportsIndirectInputEvents = YES;
				INFOPLIST_KEY_UILaunchStoryboardName = LaunchScreen;
				INFOPLIST_KEY_UISupportedInterfaceOrientations_iPad = "UIInterfaceOrientationPortrait UIInterfaceOrientationPortraitUpsideDown UIInterfaceOrientationLandscapeLeft UIInterfaceOrientationLandscapeRight";
				INFOPLIST_KEY_UISupportedInterfaceOrientations_iPhone = "UIInterfaceOrientationPortrait UIInterfaceOrientationLandscapeLeft UIInterfaceOrientationLandscapeRight";
				LD_RUNPATH_SEARCH_PATHS = (
					"$(inherited)",
					"@executable_path/Frameworks",
				);
				MARKETING_VERSION = 1.0;
				PRODUCT_BUNDLE_IDENTIFIER = com.Kirill.GroupGames;
				PRODUCT_NAME = "$(TARGET_NAME)";
				SUPPORTED_PLATFORMS = "iphoneos iphonesimulator";
				SUPPORTS_MACCATALYST = NO;
				SUPPORTS_MAC_DESIGNED_FOR_IPHONE_IPAD = NO;
				SUPPORTS_XR_DESIGNED_FOR_IPHONE_IPAD = NO;
				SWIFT_EMIT_LOC_STRINGS = YES;
				SWIFT_VERSION = 5.0;
				TARGETED_DEVICE_FAMILY = 1;
			};
			name = Debug;
		};
		C333AB952B9F040000EA100E /* Release */ = {
			isa = XCBuildConfiguration;
			baseConfigurationReference = 606D3EBCFDE5960D8FA50C2D /* Pods-GroupGames.release.xcconfig */;
			buildSettings = {
				ASSETCATALOG_COMPILER_APPICON_NAME = AppIcon;
				ASSETCATALOG_COMPILER_GLOBAL_ACCENT_COLOR_NAME = AccentColor;
				CODE_SIGN_STYLE = Automatic;
				CURRENT_PROJECT_VERSION = 1;
				DEVELOPMENT_TEAM = W937SWAWNQ;
				ENABLE_USER_SCRIPT_SANDBOXING = NO;
				GENERATE_INFOPLIST_FILE = YES;
				INFOPLIST_FILE = GroupGames/Info.plist;
				INFOPLIST_KEY_UIApplicationSupportsIndirectInputEvents = YES;
				INFOPLIST_KEY_UILaunchStoryboardName = LaunchScreen;
				INFOPLIST_KEY_UISupportedInterfaceOrientations_iPad = "UIInterfaceOrientationPortrait UIInterfaceOrientationPortraitUpsideDown UIInterfaceOrientationLandscapeLeft UIInterfaceOrientationLandscapeRight";
				INFOPLIST_KEY_UISupportedInterfaceOrientations_iPhone = "UIInterfaceOrientationPortrait UIInterfaceOrientationLandscapeLeft UIInterfaceOrientationLandscapeRight";
				LD_RUNPATH_SEARCH_PATHS = (
					"$(inherited)",
					"@executable_path/Frameworks",
				);
				MARKETING_VERSION = 1.0;
				PRODUCT_BUNDLE_IDENTIFIER = com.Kirill.GroupGames;
				PRODUCT_NAME = "$(TARGET_NAME)";
				SUPPORTED_PLATFORMS = "iphoneos iphonesimulator";
				SUPPORTS_MACCATALYST = NO;
				SUPPORTS_MAC_DESIGNED_FOR_IPHONE_IPAD = NO;
				SUPPORTS_XR_DESIGNED_FOR_IPHONE_IPAD = NO;
				SWIFT_EMIT_LOC_STRINGS = YES;
				SWIFT_VERSION = 5.0;
				TARGETED_DEVICE_FAMILY = 1;
			};
			name = Release;
		};
/* End XCBuildConfiguration section */

/* Begin XCConfigurationList section */
		C333AB772B9F03FE00EA100E /* Build configuration list for PBXProject "GroupGames" */ = {
			isa = XCConfigurationList;
			buildConfigurations = (
				C333AB912B9F040000EA100E /* Debug */,
				C333AB922B9F040000EA100E /* Release */,
			);
			defaultConfigurationIsVisible = 0;
			defaultConfigurationName = Release;
		};
		C333AB932B9F040000EA100E /* Build configuration list for PBXNativeTarget "GroupGames" */ = {
			isa = XCConfigurationList;
			buildConfigurations = (
				C333AB942B9F040000EA100E /* Debug */,
				C333AB952B9F040000EA100E /* Release */,
			);
			defaultConfigurationIsVisible = 0;
			defaultConfigurationName = Release;
		};
/* End XCConfigurationList section */

/* Begin XCRemoteSwiftPackageReference section */
		2AACDC362BAF26E4000672B0 /* XCRemoteSwiftPackageReference "Alamofire" */ = {
			isa = XCRemoteSwiftPackageReference;
			repositoryURL = "https://github.com/Alamofire/Alamofire";
			requirement = {
				kind = upToNextMajorVersion;
				minimumVersion = 5.9.0;
			};
		};
		C333ABC82BAF1F3400EA100E /* XCRemoteSwiftPackageReference "SnapKit" */ = {
			isa = XCRemoteSwiftPackageReference;
			repositoryURL = "https://github.com/SnapKit/SnapKit.git";
			requirement = {
				kind = upToNextMajorVersion;
				minimumVersion = 5.7.1;
			};
		};
/* End XCRemoteSwiftPackageReference section */

/* Begin XCSwiftPackageProductDependency section */
		2AACDC372BAF26E4000672B0 /* Alamofire */ = {
			isa = XCSwiftPackageProductDependency;
			package = 2AACDC362BAF26E4000672B0 /* XCRemoteSwiftPackageReference "Alamofire" */;
			productName = Alamofire;
		};
		C333ABC92BAF1F3400EA100E /* SnapKit */ = {
			isa = XCSwiftPackageProductDependency;
			package = C333ABC82BAF1F3400EA100E /* XCRemoteSwiftPackageReference "SnapKit" */;
			productName = SnapKit;
		};
		C333ABCB2BAF1F3400EA100E /* SnapKit-Dynamic */ = {
			isa = XCSwiftPackageProductDependency;
			package = C333ABC82BAF1F3400EA100E /* XCRemoteSwiftPackageReference "SnapKit" */;
			productName = "SnapKit-Dynamic";
		};
/* End XCSwiftPackageProductDependency section */

/* Begin XCVersionGroup section */
		C333AB882B9F03FE00EA100E /* GroupGames.xcdatamodeld */ = {
			isa = XCVersionGroup;
			children = (
				C333AB892B9F03FE00EA100E /* GroupGames.xcdatamodel */,
			);
			currentVersion = C333AB892B9F03FE00EA100E /* GroupGames.xcdatamodel */;
			path = GroupGames.xcdatamodeld;
			sourceTree = "<group>";
			versionGroupType = wrapper.xcdatamodel;
		};
/* End XCVersionGroup section */
	};
	rootObject = C333AB742B9F03FE00EA100E /* Project object */;
}
