// !$*UTF8*$!
{
	archiveVersion = 1;
	classes = {
	};
	objectVersion = 56;
	objects = {

/* Begin PBXBuildFile section */
		2AACDC382BAF26E4000672B0 /* Alamofire in Frameworks */ = {isa = PBXBuildFile; productRef = 2AACDC372BAF26E4000672B0 /* Alamofire */; };
		2AE929602BC325E4003D32E0 /* FiveSecondsPlayersScreenViewModelTests.swift in Sources */ = {isa = PBXBuildFile; fileRef = 2AE9295F2BC325E4003D32E0 /* FiveSecondsPlayersScreenViewModelTests.swift */; };
		2AE9296D2BC3301B003D32E0 /* FiveSecondsFinalGamesScreenViewModelTests.swift in Sources */ = {isa = PBXBuildFile; fileRef = 2AE9296C2BC3301B003D32E0 /* FiveSecondsFinalGamesScreenViewModelTests.swift */; };
		2AE929762BC338E2003D32E0 /* SnapshotTesting in Frameworks */ = {isa = PBXBuildFile; productRef = 2AE929752BC338E2003D32E0 /* SnapshotTesting */; };
		2AE9297E2BC33957003D32E0 /* FiveSecondsGameScreenSnapshotTests.swift in Sources */ = {isa = PBXBuildFile; fileRef = 2AE9297D2BC33957003D32E0 /* FiveSecondsGameScreenSnapshotTests.swift */; };
		2AE929852BC33995003D32E0 /* SnapshotTesting in Frameworks */ = {isa = PBXBuildFile; productRef = 2AE929842BC33995003D32E0 /* SnapshotTesting */; };
		2AF0F6102BB37F3700B27852 /* FiveSecondsFinalGameScreenView.swift in Sources */ = {isa = PBXBuildFile; fileRef = 2AF0F60F2BB37F3700B27852 /* FiveSecondsFinalGameScreenView.swift */; };
		2AF0F6122BB37F5000B27852 /* FiveSecondsFinalGameScreenViewController.swift in Sources */ = {isa = PBXBuildFile; fileRef = 2AF0F6112BB37F5000B27852 /* FiveSecondsFinalGameScreenViewController.swift */; };
		2AF0F6142BB37F6100B27852 /* FiveSecondsFinalGameScreenViewModel.swift in Sources */ = {isa = PBXBuildFile; fileRef = 2AF0F6132BB37F6100B27852 /* FiveSecondsFinalGameScreenViewModel.swift */; };
		2AF0F6182BB4942A00B27852 /* FiveSecondsGameButtonFabric.swift in Sources */ = {isa = PBXBuildFile; fileRef = 2AF0F6172BB4942A00B27852 /* FiveSecondsGameButtonFabric.swift */; };
		78B05A702BB09FFB00D74385 /* SpyMainModuleIO.swift in Sources */ = {isa = PBXBuildFile; fileRef = 78B05A592BB09FFB00D74385 /* SpyMainModuleIO.swift */; };
		78B05A712BB09FFB00D74385 /* SpyMainViewModel.swift in Sources */ = {isa = PBXBuildFile; fileRef = 78B05A5A2BB09FFB00D74385 /* SpyMainViewModel.swift */; };
		78B05A722BB09FFB00D74385 /* SpyMainViewBuilder.swift in Sources */ = {isa = PBXBuildFile; fileRef = 78B05A5B2BB09FFB00D74385 /* SpyMainViewBuilder.swift */; };
		78B05A732BB09FFB00D74385 /* SpyMainViewController.swift in Sources */ = {isa = PBXBuildFile; fileRef = 78B05A5D2BB09FFB00D74385 /* SpyMainViewController.swift */; };
		78B05A742BB09FFB00D74385 /* SpyGameModuleO.swift in Sources */ = {isa = PBXBuildFile; fileRef = 78B05A602BB09FFB00D74385 /* SpyGameModuleO.swift */; };
		78B05A752BB09FFB00D74385 /* SpyGameViewModel.swift in Sources */ = {isa = PBXBuildFile; fileRef = 78B05A612BB09FFB00D74385 /* SpyGameViewModel.swift */; };
		78B05A762BB09FFB00D74385 /* SpyGameViewController.swift in Sources */ = {isa = PBXBuildFile; fileRef = 78B05A632BB09FFB00D74385 /* SpyGameViewController.swift */; };
		78B05A772BB09FFB00D74385 /* SpyGameViewBuilder.swift in Sources */ = {isa = PBXBuildFile; fileRef = 78B05A642BB09FFB00D74385 /* SpyGameViewBuilder.swift */; };
		78B05A782BB09FFB00D74385 /* SpySettingsModuleIO.swift in Sources */ = {isa = PBXBuildFile; fileRef = 78B05A672BB09FFB00D74385 /* SpySettingsModuleIO.swift */; };
		78B05A792BB09FFB00D74385 /* SpySettingsViewModel.swift in Sources */ = {isa = PBXBuildFile; fileRef = 78B05A682BB09FFB00D74385 /* SpySettingsViewModel.swift */; };
		78B05A7A2BB09FFB00D74385 /* SpySettingsViewController.swift in Sources */ = {isa = PBXBuildFile; fileRef = 78B05A6A2BB09FFB00D74385 /* SpySettingsViewController.swift */; };
		78B05A7B2BB09FFB00D74385 /* SpySettingsViewBuilder.swift in Sources */ = {isa = PBXBuildFile; fileRef = 78B05A6B2BB09FFB00D74385 /* SpySettingsViewBuilder.swift */; };
		78B05A7C2BB09FFB00D74385 /* SpyCoordinator.swift in Sources */ = {isa = PBXBuildFile; fileRef = 78B05A6C2BB09FFB00D74385 /* SpyCoordinator.swift */; };
		78B05A7D2BB09FFB00D74385 /* ViewModel.swift in Sources */ = {isa = PBXBuildFile; fileRef = 78B05A6E2BB09FFB00D74385 /* ViewModel.swift */; };
		78B05A7E2BB09FFB00D74385 /* Settings.swift in Sources */ = {isa = PBXBuildFile; fileRef = 78B05A6F2BB09FFB00D74385 /* Settings.swift */; };
		A53B64897EDBAAF1B773C1CB /* Pods_GroupGames.framework in Frameworks */ = {isa = PBXBuildFile; fileRef = BA2A1F02A7389440716BDB74 /* Pods_GroupGames.framework */; };
		C333AB802B9F03FE00EA100E /* AppDelegate.swift in Sources */ = {isa = PBXBuildFile; fileRef = C333AB7F2B9F03FE00EA100E /* AppDelegate.swift */; };
		C333AB822B9F03FE00EA100E /* SceneDelegate.swift in Sources */ = {isa = PBXBuildFile; fileRef = C333AB812B9F03FE00EA100E /* SceneDelegate.swift */; };
		C333AB8A2B9F03FE00EA100E /* GroupGames.xcdatamodeld in Sources */ = {isa = PBXBuildFile; fileRef = C333AB882B9F03FE00EA100E /* GroupGames.xcdatamodeld */; };
		C333AB8C2B9F040000EA100E /* Assets.xcassets in Resources */ = {isa = PBXBuildFile; fileRef = C333AB8B2B9F040000EA100E /* Assets.xcassets */; };
		C333AB8F2B9F040000EA100E /* LaunchScreen.storyboard in Resources */ = {isa = PBXBuildFile; fileRef = C333AB8D2B9F040000EA100E /* LaunchScreen.storyboard */; };
		C333AB992B9F054E00EA100E /* MainView.swift in Sources */ = {isa = PBXBuildFile; fileRef = C333AB982B9F054E00EA100E /* MainView.swift */; };
		C333AB9B2B9F055C00EA100E /* MainViewController.swift in Sources */ = {isa = PBXBuildFile; fileRef = C333AB9A2B9F055C00EA100E /* MainViewController.swift */; };
		C333AB9D2B9F056400EA100E /* MainViewModel.swift in Sources */ = {isa = PBXBuildFile; fileRef = C333AB9C2B9F056400EA100E /* MainViewModel.swift */; };
		C333ABCA2BAF1F3400EA100E /* SnapKit in Frameworks */ = {isa = PBXBuildFile; productRef = C333ABC92BAF1F3400EA100E /* SnapKit */; };
		C333ABCC2BAF1F3400EA100E /* SnapKit-Dynamic in Frameworks */ = {isa = PBXBuildFile; productRef = C333ABCB2BAF1F3400EA100E /* SnapKit-Dynamic */; };
		C333ABD02BAFE7C000EA100E /* GameButtonFubric.swift in Sources */ = {isa = PBXBuildFile; fileRef = C333ABCF2BAFE7C000EA100E /* GameButtonFubric.swift */; };
		C333ABD32BAFED2E00EA100E /* AliasTeamsView.swift in Sources */ = {isa = PBXBuildFile; fileRef = C333ABD22BAFED2E00EA100E /* AliasTeamsView.swift */; };
		C333ABD52BAFED3B00EA100E /* AliasTeamsViewController.swift in Sources */ = {isa = PBXBuildFile; fileRef = C333ABD42BAFED3B00EA100E /* AliasTeamsViewController.swift */; };
		C333ABD72BAFED4800EA100E /* AliasTeamsViewModel.swift in Sources */ = {isa = PBXBuildFile; fileRef = C333ABD62BAFED4800EA100E /* AliasTeamsViewModel.swift */; };
		C333ABDA2BAFF42000EA100E /* UITableViewCellExtension.swift in Sources */ = {isa = PBXBuildFile; fileRef = C333ABD92BAFF42000EA100E /* UITableViewCellExtension.swift */; };
		C333ABDE2BAFF9F900EA100E /* UIColorExtension.swift in Sources */ = {isa = PBXBuildFile; fileRef = C333ABDD2BAFF9F900EA100E /* UIColorExtension.swift */; };
		C333ABE62BB008A300EA100E /* AliasTeamsCollectionViewCell.swift in Sources */ = {isa = PBXBuildFile; fileRef = C333ABE52BB008A300EA100E /* AliasTeamsCollectionViewCell.swift */; };
		C333ABE82BB008B100EA100E /* AliasTeamsAddCollectionViewCell.swift in Sources */ = {isa = PBXBuildFile; fileRef = C333ABE72BB008B100EA100E /* AliasTeamsAddCollectionViewCell.swift */; };
		C333ABEA2BB01BBC00EA100E /* UIImageExtension.swift in Sources */ = {isa = PBXBuildFile; fileRef = C333ABE92BB01BBC00EA100E /* UIImageExtension.swift */; };
		C333ABEE2BB01D7500EA100E /* AliasSettingsViewController.swift in Sources */ = {isa = PBXBuildFile; fileRef = C333ABED2BB01D7500EA100E /* AliasSettingsViewController.swift */; };
		C333ABF02BB01D8B00EA100E /* AliasSettingsView.swift in Sources */ = {isa = PBXBuildFile; fileRef = C333ABEF2BB01D8B00EA100E /* AliasSettingsView.swift */; };
		C333ABF22BB01DAB00EA100E /* AliasSettingsViewModel.swift in Sources */ = {isa = PBXBuildFile; fileRef = C333ABF12BB01DAB00EA100E /* AliasSettingsViewModel.swift */; };
		C333ABF72BB0A92600EA100E /* AliasGameView.swift in Sources */ = {isa = PBXBuildFile; fileRef = C333ABF62BB0A92600EA100E /* AliasGameView.swift */; };
		C333ABF92BB0A93A00EA100E /* AliasGameViewController.swift in Sources */ = {isa = PBXBuildFile; fileRef = C333ABF82BB0A93A00EA100E /* AliasGameViewController.swift */; };
		C333ABFB2BB0A94200EA100E /* AliasGameViewModel.swift in Sources */ = {isa = PBXBuildFile; fileRef = C333ABFA2BB0A94200EA100E /* AliasGameViewModel.swift */; };
		C333ABFE2BB0AA5000EA100E /* AliasCardSubView.swift in Sources */ = {isa = PBXBuildFile; fileRef = C333ABFD2BB0AA5000EA100E /* AliasCardSubView.swift */; };
		C333AC012BB0BB3C00EA100E /* AliasScoreViewController.swift in Sources */ = {isa = PBXBuildFile; fileRef = C333AC002BB0BB3C00EA100E /* AliasScoreViewController.swift */; };
		C333AC032BB0BB4A00EA100E /* AliasScoreView.swift in Sources */ = {isa = PBXBuildFile; fileRef = C333AC022BB0BB4A00EA100E /* AliasScoreView.swift */; };
		C333AC052BB0BB5300EA100E /* AliasScoreViewModel.swift in Sources */ = {isa = PBXBuildFile; fileRef = C333AC042BB0BB5300EA100E /* AliasScoreViewModel.swift */; };
		C333AC072BB0CAF000EA100E /* AliasTeamTableViewCell.swift in Sources */ = {isa = PBXBuildFile; fileRef = C333AC062BB0CAF000EA100E /* AliasTeamTableViewCell.swift */; };
		C364B50E2BB1B1B500AC1CB3 /* FiveSecondsGameScreenView.swift in Sources */ = {isa = PBXBuildFile; fileRef = C364B50D2BB1B1B500AC1CB3 /* FiveSecondsGameScreenView.swift */; };
		C364B5112BB1B1DF00AC1CB3 /* FiveSecondsGameScreenViewController.swift in Sources */ = {isa = PBXBuildFile; fileRef = C364B5102BB1B1DF00AC1CB3 /* FiveSecondsGameScreenViewController.swift */; };
		C364B5132BB1B1F200AC1CB3 /* FiveSecondsGameScreenViewModel.swift in Sources */ = {isa = PBXBuildFile; fileRef = C364B5122BB1B1F200AC1CB3 /* FiveSecondsGameScreenViewModel.swift */; };
		C364B5152BB1B20300AC1CB3 /* FiveSecondsScoresCollectionViewCell.swift in Sources */ = {isa = PBXBuildFile; fileRef = C364B5142BB1B20300AC1CB3 /* FiveSecondsScoresCollectionViewCell.swift */; };
		C364B5182BB1B22800AC1CB3 /* FiveSecondsCardView.swift in Sources */ = {isa = PBXBuildFile; fileRef = C364B5172BB1B22800AC1CB3 /* FiveSecondsCardView.swift */; };
		C364B51B2BB1B25300AC1CB3 /* FiveSecondsPlayersCollectionViewCell.swift in Sources */ = {isa = PBXBuildFile; fileRef = C364B51A2BB1B25300AC1CB3 /* FiveSecondsPlayersCollectionViewCell.swift */; };
		C364B51D2BB1B26700AC1CB3 /* FiveSecondsPlayersScreenView.swift in Sources */ = {isa = PBXBuildFile; fileRef = C364B51C2BB1B26700AC1CB3 /* FiveSecondsPlayersScreenView.swift */; };
		C364B51F2BB1B27700AC1CB3 /* FiveSecondsPlayersScreenViewController.swift in Sources */ = {isa = PBXBuildFile; fileRef = C364B51E2BB1B27700AC1CB3 /* FiveSecondsPlayersScreenViewController.swift */; };
		C364B5212BB1B28600AC1CB3 /* FiveSecondsPlayersScreenViewModel.swift in Sources */ = {isa = PBXBuildFile; fileRef = C364B5202BB1B28600AC1CB3 /* FiveSecondsPlayersScreenViewModel.swift */; };
		C364B5232BB37A1B00AC1CB3 /* AliasUserDefaultsDataManager.swift in Sources */ = {isa = PBXBuildFile; fileRef = C364B5222BB37A1B00AC1CB3 /* AliasUserDefaultsDataManager.swift */; };
		C364B5AB2BC30A9A00AC1CB3 /* AliasTest.swift in Sources */ = {isa = PBXBuildFile; fileRef = C364B5AA2BC30A9A00AC1CB3 /* AliasTest.swift */; };
		C364B5B82BC30AB100AC1CB3 /* AliasSnapshotTests.swift in Sources */ = {isa = PBXBuildFile; fileRef = C364B5B72BC30AB100AC1CB3 /* AliasSnapshotTests.swift */; };
		C364B5C52BC30AC000AC1CB3 /* AliasUITests.swift in Sources */ = {isa = PBXBuildFile; fileRef = C364B5C42BC30AC000AC1CB3 /* AliasUITests.swift */; };
		C364B5D52BC30ADF00AC1CB3 /* FiveSecondsGameScreenViewModelTests.swift in Sources */ = {isa = PBXBuildFile; fileRef = C364B5D42BC30ADF00AC1CB3 /* FiveSecondsGameScreenViewModelTests.swift */; };
		C364B5E22BC30AF800AC1CB3 /* FiveSecondSnapshotTests.swift in Sources */ = {isa = PBXBuildFile; fileRef = C364B5E12BC30AF800AC1CB3 /* FiveSecondSnapshotTests.swift */; };
		C364B5EF2BC30B1000AC1CB3 /* FiveSecondsUITests.swift in Sources */ = {isa = PBXBuildFile; fileRef = C364B5EE2BC30B1000AC1CB3 /* FiveSecondsUITests.swift */; };
/* End PBXBuildFile section */

/* Begin PBXContainerItemProxy section */
		2AE929612BC325E4003D32E0 /* PBXContainerItemProxy */ = {
			isa = PBXContainerItemProxy;
			containerPortal = C333AB742B9F03FE00EA100E /* Project object */;
			proxyType = 1;
			remoteGlobalIDString = C333AB7B2B9F03FE00EA100E;
			remoteInfo = GroupGames;
		};
		2AE9296E2BC3301B003D32E0 /* PBXContainerItemProxy */ = {
			isa = PBXContainerItemProxy;
			containerPortal = C333AB742B9F03FE00EA100E /* Project object */;
			proxyType = 1;
			remoteGlobalIDString = C333AB7B2B9F03FE00EA100E;
			remoteInfo = GroupGames;
		};
		2AE9297F2BC33957003D32E0 /* PBXContainerItemProxy */ = {
			isa = PBXContainerItemProxy;
			containerPortal = C333AB742B9F03FE00EA100E /* Project object */;
			proxyType = 1;
			remoteGlobalIDString = C333AB7B2B9F03FE00EA100E;
			remoteInfo = GroupGames;
		};
		C364B5AC2BC30A9A00AC1CB3 /* PBXContainerItemProxy */ = {
			isa = PBXContainerItemProxy;
			containerPortal = C333AB742B9F03FE00EA100E /* Project object */;
			proxyType = 1;
			remoteGlobalIDString = C333AB7B2B9F03FE00EA100E;
			remoteInfo = GroupGames;
		};
		C364B5B92BC30AB100AC1CB3 /* PBXContainerItemProxy */ = {
			isa = PBXContainerItemProxy;
			containerPortal = C333AB742B9F03FE00EA100E /* Project object */;
			proxyType = 1;
			remoteGlobalIDString = C333AB7B2B9F03FE00EA100E;
			remoteInfo = GroupGames;
		};
		C364B5C82BC30AC000AC1CB3 /* PBXContainerItemProxy */ = {
			isa = PBXContainerItemProxy;
			containerPortal = C333AB742B9F03FE00EA100E /* Project object */;
			proxyType = 1;
			remoteGlobalIDString = C333AB7B2B9F03FE00EA100E;
			remoteInfo = GroupGames;
		};
		C364B5D62BC30ADF00AC1CB3 /* PBXContainerItemProxy */ = {
			isa = PBXContainerItemProxy;
			containerPortal = C333AB742B9F03FE00EA100E /* Project object */;
			proxyType = 1;
			remoteGlobalIDString = C333AB7B2B9F03FE00EA100E;
			remoteInfo = GroupGames;
		};
		C364B5E32BC30AF800AC1CB3 /* PBXContainerItemProxy */ = {
			isa = PBXContainerItemProxy;
			containerPortal = C333AB742B9F03FE00EA100E /* Project object */;
			proxyType = 1;
			remoteGlobalIDString = C333AB7B2B9F03FE00EA100E;
			remoteInfo = GroupGames;
		};
		C364B5F22BC30B1000AC1CB3 /* PBXContainerItemProxy */ = {
			isa = PBXContainerItemProxy;
			containerPortal = C333AB742B9F03FE00EA100E /* Project object */;
			proxyType = 1;
			remoteGlobalIDString = C333AB7B2B9F03FE00EA100E;
			remoteInfo = GroupGames;
		};
/* End PBXContainerItemProxy section */

/* Begin PBXCopyFilesBuildPhase section */
		C364B5252BB48B4300AC1CB3 /* Embed Frameworks */ = {
			isa = PBXCopyFilesBuildPhase;
			buildActionMask = 2147483647;
			dstPath = "";
			dstSubfolderSpec = 10;
			files = (
			);
			name = "Embed Frameworks";
			runOnlyForDeploymentPostprocessing = 0;
		};
/* End PBXCopyFilesBuildPhase section */

/* Begin PBXFileReference section */
		2AE9295D2BC325E4003D32E0 /* FiveSecondsPlayersScreenViewModelTests.xctest */ = {isa = PBXFileReference; explicitFileType = wrapper.cfbundle; includeInIndex = 0; path = FiveSecondsPlayersScreenViewModelTests.xctest; sourceTree = BUILT_PRODUCTS_DIR; };
		2AE9295F2BC325E4003D32E0 /* FiveSecondsPlayersScreenViewModelTests.swift */ = {isa = PBXFileReference; lastKnownFileType = sourcecode.swift; path = FiveSecondsPlayersScreenViewModelTests.swift; sourceTree = "<group>"; };
		2AE9296A2BC3301B003D32E0 /* FiveSecondsFinalGamesScreenViewModelTests.xctest */ = {isa = PBXFileReference; explicitFileType = wrapper.cfbundle; includeInIndex = 0; path = FiveSecondsFinalGamesScreenViewModelTests.xctest; sourceTree = BUILT_PRODUCTS_DIR; };
		2AE9296C2BC3301B003D32E0 /* FiveSecondsFinalGamesScreenViewModelTests.swift */ = {isa = PBXFileReference; lastKnownFileType = sourcecode.swift; path = FiveSecondsFinalGamesScreenViewModelTests.swift; sourceTree = "<group>"; };
		2AE9297B2BC33957003D32E0 /* FiveSecondsGameScreenSnapshotTests.xctest */ = {isa = PBXFileReference; explicitFileType = wrapper.cfbundle; includeInIndex = 0; path = FiveSecondsGameScreenSnapshotTests.xctest; sourceTree = BUILT_PRODUCTS_DIR; };
		2AE9297D2BC33957003D32E0 /* FiveSecondsGameScreenSnapshotTests.swift */ = {isa = PBXFileReference; lastKnownFileType = sourcecode.swift; path = FiveSecondsGameScreenSnapshotTests.swift; sourceTree = "<group>"; };
		2AF0F60F2BB37F3700B27852 /* FiveSecondsFinalGameScreenView.swift */ = {isa = PBXFileReference; lastKnownFileType = sourcecode.swift; path = FiveSecondsFinalGameScreenView.swift; sourceTree = "<group>"; };
		2AF0F6112BB37F5000B27852 /* FiveSecondsFinalGameScreenViewController.swift */ = {isa = PBXFileReference; lastKnownFileType = sourcecode.swift; path = FiveSecondsFinalGameScreenViewController.swift; sourceTree = "<group>"; };
		2AF0F6132BB37F6100B27852 /* FiveSecondsFinalGameScreenViewModel.swift */ = {isa = PBXFileReference; lastKnownFileType = sourcecode.swift; path = FiveSecondsFinalGameScreenViewModel.swift; sourceTree = "<group>"; };
		2AF0F6172BB4942A00B27852 /* FiveSecondsGameButtonFabric.swift */ = {isa = PBXFileReference; lastKnownFileType = sourcecode.swift; path = FiveSecondsGameButtonFabric.swift; sourceTree = "<group>"; };
		606D3EBCFDE5960D8FA50C2D /* Pods-GroupGames.release.xcconfig */ = {isa = PBXFileReference; includeInIndex = 1; lastKnownFileType = text.xcconfig; name = "Pods-GroupGames.release.xcconfig"; path = "Target Support Files/Pods-GroupGames/Pods-GroupGames.release.xcconfig"; sourceTree = "<group>"; };
		6BFD472E6CBFA7BAA093571C /* Pods-GroupGames.debug.xcconfig */ = {isa = PBXFileReference; includeInIndex = 1; lastKnownFileType = text.xcconfig; name = "Pods-GroupGames.debug.xcconfig"; path = "Target Support Files/Pods-GroupGames/Pods-GroupGames.debug.xcconfig"; sourceTree = "<group>"; };
		78B05A592BB09FFB00D74385 /* SpyMainModuleIO.swift */ = {isa = PBXFileReference; fileEncoding = 4; lastKnownFileType = sourcecode.swift; path = SpyMainModuleIO.swift; sourceTree = "<group>"; };
		78B05A5A2BB09FFB00D74385 /* SpyMainViewModel.swift */ = {isa = PBXFileReference; fileEncoding = 4; lastKnownFileType = sourcecode.swift; path = SpyMainViewModel.swift; sourceTree = "<group>"; };
		78B05A5B2BB09FFB00D74385 /* SpyMainViewBuilder.swift */ = {isa = PBXFileReference; fileEncoding = 4; lastKnownFileType = sourcecode.swift; path = SpyMainViewBuilder.swift; sourceTree = "<group>"; };
		78B05A5D2BB09FFB00D74385 /* SpyMainViewController.swift */ = {isa = PBXFileReference; fileEncoding = 4; lastKnownFileType = sourcecode.swift; path = SpyMainViewController.swift; sourceTree = "<group>"; };
		78B05A602BB09FFB00D74385 /* SpyGameModuleO.swift */ = {isa = PBXFileReference; fileEncoding = 4; lastKnownFileType = sourcecode.swift; path = SpyGameModuleO.swift; sourceTree = "<group>"; };
		78B05A612BB09FFB00D74385 /* SpyGameViewModel.swift */ = {isa = PBXFileReference; fileEncoding = 4; lastKnownFileType = sourcecode.swift; path = SpyGameViewModel.swift; sourceTree = "<group>"; };
		78B05A632BB09FFB00D74385 /* SpyGameViewController.swift */ = {isa = PBXFileReference; fileEncoding = 4; lastKnownFileType = sourcecode.swift; path = SpyGameViewController.swift; sourceTree = "<group>"; };
		78B05A642BB09FFB00D74385 /* SpyGameViewBuilder.swift */ = {isa = PBXFileReference; fileEncoding = 4; lastKnownFileType = sourcecode.swift; path = SpyGameViewBuilder.swift; sourceTree = "<group>"; };
		78B05A672BB09FFB00D74385 /* SpySettingsModuleIO.swift */ = {isa = PBXFileReference; fileEncoding = 4; lastKnownFileType = sourcecode.swift; path = SpySettingsModuleIO.swift; sourceTree = "<group>"; };
		78B05A682BB09FFB00D74385 /* SpySettingsViewModel.swift */ = {isa = PBXFileReference; fileEncoding = 4; lastKnownFileType = sourcecode.swift; path = SpySettingsViewModel.swift; sourceTree = "<group>"; };
		78B05A6A2BB09FFB00D74385 /* SpySettingsViewController.swift */ = {isa = PBXFileReference; fileEncoding = 4; lastKnownFileType = sourcecode.swift; path = SpySettingsViewController.swift; sourceTree = "<group>"; };
		78B05A6B2BB09FFB00D74385 /* SpySettingsViewBuilder.swift */ = {isa = PBXFileReference; fileEncoding = 4; lastKnownFileType = sourcecode.swift; path = SpySettingsViewBuilder.swift; sourceTree = "<group>"; };
		78B05A6C2BB09FFB00D74385 /* SpyCoordinator.swift */ = {isa = PBXFileReference; fileEncoding = 4; lastKnownFileType = sourcecode.swift; path = SpyCoordinator.swift; sourceTree = "<group>"; };
		78B05A6E2BB09FFB00D74385 /* ViewModel.swift */ = {isa = PBXFileReference; fileEncoding = 4; lastKnownFileType = sourcecode.swift; path = ViewModel.swift; sourceTree = "<group>"; };
		78B05A6F2BB09FFB00D74385 /* Settings.swift */ = {isa = PBXFileReference; fileEncoding = 4; lastKnownFileType = sourcecode.swift; path = Settings.swift; sourceTree = "<group>"; };
		BA2A1F02A7389440716BDB74 /* Pods_GroupGames.framework */ = {isa = PBXFileReference; explicitFileType = wrapper.framework; includeInIndex = 0; path = Pods_GroupGames.framework; sourceTree = BUILT_PRODUCTS_DIR; };
		C333AB7C2B9F03FE00EA100E /* GroupGames.app */ = {isa = PBXFileReference; explicitFileType = wrapper.application; includeInIndex = 0; path = GroupGames.app; sourceTree = BUILT_PRODUCTS_DIR; };
		C333AB7F2B9F03FE00EA100E /* AppDelegate.swift */ = {isa = PBXFileReference; lastKnownFileType = sourcecode.swift; path = AppDelegate.swift; sourceTree = "<group>"; };
		C333AB812B9F03FE00EA100E /* SceneDelegate.swift */ = {isa = PBXFileReference; lastKnownFileType = sourcecode.swift; path = SceneDelegate.swift; sourceTree = "<group>"; };
		C333AB892B9F03FE00EA100E /* GroupGames.xcdatamodel */ = {isa = PBXFileReference; lastKnownFileType = wrapper.xcdatamodel; path = GroupGames.xcdatamodel; sourceTree = "<group>"; };
		C333AB8B2B9F040000EA100E /* Assets.xcassets */ = {isa = PBXFileReference; lastKnownFileType = folder.assetcatalog; path = Assets.xcassets; sourceTree = "<group>"; };
		C333AB8E2B9F040000EA100E /* Base */ = {isa = PBXFileReference; lastKnownFileType = file.storyboard; name = Base; path = Base.lproj/LaunchScreen.storyboard; sourceTree = "<group>"; };
		C333AB902B9F040000EA100E /* Info.plist */ = {isa = PBXFileReference; lastKnownFileType = text.plist.xml; path = Info.plist; sourceTree = "<group>"; };
		C333AB982B9F054E00EA100E /* MainView.swift */ = {isa = PBXFileReference; lastKnownFileType = sourcecode.swift; path = MainView.swift; sourceTree = "<group>"; };
		C333AB9A2B9F055C00EA100E /* MainViewController.swift */ = {isa = PBXFileReference; lastKnownFileType = sourcecode.swift; path = MainViewController.swift; sourceTree = "<group>"; };
		C333AB9C2B9F056400EA100E /* MainViewModel.swift */ = {isa = PBXFileReference; lastKnownFileType = sourcecode.swift; path = MainViewModel.swift; sourceTree = "<group>"; };
		C333ABCF2BAFE7C000EA100E /* GameButtonFubric.swift */ = {isa = PBXFileReference; lastKnownFileType = sourcecode.swift; path = GameButtonFubric.swift; sourceTree = "<group>"; };
		C333ABD22BAFED2E00EA100E /* AliasTeamsView.swift */ = {isa = PBXFileReference; lastKnownFileType = sourcecode.swift; path = AliasTeamsView.swift; sourceTree = "<group>"; };
		C333ABD42BAFED3B00EA100E /* AliasTeamsViewController.swift */ = {isa = PBXFileReference; lastKnownFileType = sourcecode.swift; path = AliasTeamsViewController.swift; sourceTree = "<group>"; };
		C333ABD62BAFED4800EA100E /* AliasTeamsViewModel.swift */ = {isa = PBXFileReference; lastKnownFileType = sourcecode.swift; path = AliasTeamsViewModel.swift; sourceTree = "<group>"; };
		C333ABD92BAFF42000EA100E /* UITableViewCellExtension.swift */ = {isa = PBXFileReference; lastKnownFileType = sourcecode.swift; path = UITableViewCellExtension.swift; sourceTree = "<group>"; };
		C333ABDD2BAFF9F900EA100E /* UIColorExtension.swift */ = {isa = PBXFileReference; lastKnownFileType = sourcecode.swift; path = UIColorExtension.swift; sourceTree = "<group>"; };
		C333ABE52BB008A300EA100E /* AliasTeamsCollectionViewCell.swift */ = {isa = PBXFileReference; lastKnownFileType = sourcecode.swift; path = AliasTeamsCollectionViewCell.swift; sourceTree = "<group>"; };
		C333ABE72BB008B100EA100E /* AliasTeamsAddCollectionViewCell.swift */ = {isa = PBXFileReference; lastKnownFileType = sourcecode.swift; path = AliasTeamsAddCollectionViewCell.swift; sourceTree = "<group>"; };
		C333ABE92BB01BBC00EA100E /* UIImageExtension.swift */ = {isa = PBXFileReference; lastKnownFileType = sourcecode.swift; path = UIImageExtension.swift; sourceTree = "<group>"; };
		C333ABED2BB01D7500EA100E /* AliasSettingsViewController.swift */ = {isa = PBXFileReference; lastKnownFileType = sourcecode.swift; path = AliasSettingsViewController.swift; sourceTree = "<group>"; };
		C333ABEF2BB01D8B00EA100E /* AliasSettingsView.swift */ = {isa = PBXFileReference; lastKnownFileType = sourcecode.swift; path = AliasSettingsView.swift; sourceTree = "<group>"; };
		C333ABF12BB01DAB00EA100E /* AliasSettingsViewModel.swift */ = {isa = PBXFileReference; lastKnownFileType = sourcecode.swift; path = AliasSettingsViewModel.swift; sourceTree = "<group>"; };
		C333ABF62BB0A92600EA100E /* AliasGameView.swift */ = {isa = PBXFileReference; lastKnownFileType = sourcecode.swift; path = AliasGameView.swift; sourceTree = "<group>"; };
		C333ABF82BB0A93A00EA100E /* AliasGameViewController.swift */ = {isa = PBXFileReference; lastKnownFileType = sourcecode.swift; path = AliasGameViewController.swift; sourceTree = "<group>"; };
		C333ABFA2BB0A94200EA100E /* AliasGameViewModel.swift */ = {isa = PBXFileReference; lastKnownFileType = sourcecode.swift; path = AliasGameViewModel.swift; sourceTree = "<group>"; };
		C333ABFD2BB0AA5000EA100E /* AliasCardSubView.swift */ = {isa = PBXFileReference; lastKnownFileType = sourcecode.swift; path = AliasCardSubView.swift; sourceTree = "<group>"; };
		C333AC002BB0BB3C00EA100E /* AliasScoreViewController.swift */ = {isa = PBXFileReference; lastKnownFileType = sourcecode.swift; path = AliasScoreViewController.swift; sourceTree = "<group>"; };
		C333AC022BB0BB4A00EA100E /* AliasScoreView.swift */ = {isa = PBXFileReference; lastKnownFileType = sourcecode.swift; path = AliasScoreView.swift; sourceTree = "<group>"; };
		C333AC042BB0BB5300EA100E /* AliasScoreViewModel.swift */ = {isa = PBXFileReference; lastKnownFileType = sourcecode.swift; path = AliasScoreViewModel.swift; sourceTree = "<group>"; };
		C333AC062BB0CAF000EA100E /* AliasTeamTableViewCell.swift */ = {isa = PBXFileReference; lastKnownFileType = sourcecode.swift; path = AliasTeamTableViewCell.swift; sourceTree = "<group>"; };
		C364B50D2BB1B1B500AC1CB3 /* FiveSecondsGameScreenView.swift */ = {isa = PBXFileReference; lastKnownFileType = sourcecode.swift; path = FiveSecondsGameScreenView.swift; sourceTree = "<group>"; };
		C364B5102BB1B1DF00AC1CB3 /* FiveSecondsGameScreenViewController.swift */ = {isa = PBXFileReference; lastKnownFileType = sourcecode.swift; path = FiveSecondsGameScreenViewController.swift; sourceTree = "<group>"; };
		C364B5122BB1B1F200AC1CB3 /* FiveSecondsGameScreenViewModel.swift */ = {isa = PBXFileReference; lastKnownFileType = sourcecode.swift; path = FiveSecondsGameScreenViewModel.swift; sourceTree = "<group>"; };
		C364B5142BB1B20300AC1CB3 /* FiveSecondsScoresCollectionViewCell.swift */ = {isa = PBXFileReference; lastKnownFileType = sourcecode.swift; path = FiveSecondsScoresCollectionViewCell.swift; sourceTree = "<group>"; };
		C364B5172BB1B22800AC1CB3 /* FiveSecondsCardView.swift */ = {isa = PBXFileReference; lastKnownFileType = sourcecode.swift; path = FiveSecondsCardView.swift; sourceTree = "<group>"; };
		C364B51A2BB1B25300AC1CB3 /* FiveSecondsPlayersCollectionViewCell.swift */ = {isa = PBXFileReference; lastKnownFileType = sourcecode.swift; path = FiveSecondsPlayersCollectionViewCell.swift; sourceTree = "<group>"; };
		C364B51C2BB1B26700AC1CB3 /* FiveSecondsPlayersScreenView.swift */ = {isa = PBXFileReference; lastKnownFileType = sourcecode.swift; path = FiveSecondsPlayersScreenView.swift; sourceTree = "<group>"; };
		C364B51E2BB1B27700AC1CB3 /* FiveSecondsPlayersScreenViewController.swift */ = {isa = PBXFileReference; lastKnownFileType = sourcecode.swift; path = FiveSecondsPlayersScreenViewController.swift; sourceTree = "<group>"; };
		C364B5202BB1B28600AC1CB3 /* FiveSecondsPlayersScreenViewModel.swift */ = {isa = PBXFileReference; lastKnownFileType = sourcecode.swift; path = FiveSecondsPlayersScreenViewModel.swift; sourceTree = "<group>"; };
		C364B5222BB37A1B00AC1CB3 /* AliasUserDefaultsDataManager.swift */ = {isa = PBXFileReference; lastKnownFileType = sourcecode.swift; path = AliasUserDefaultsDataManager.swift; sourceTree = "<group>"; };
		C364B5A82BC30A9A00AC1CB3 /* AliasTest.xctest */ = {isa = PBXFileReference; explicitFileType = wrapper.cfbundle; includeInIndex = 0; path = AliasTest.xctest; sourceTree = BUILT_PRODUCTS_DIR; };
		C364B5AA2BC30A9A00AC1CB3 /* AliasTest.swift */ = {isa = PBXFileReference; lastKnownFileType = sourcecode.swift; path = AliasTest.swift; sourceTree = "<group>"; };
		C364B5B52BC30AB100AC1CB3 /* AliasSnapshotTests.xctest */ = {isa = PBXFileReference; explicitFileType = wrapper.cfbundle; includeInIndex = 0; path = AliasSnapshotTests.xctest; sourceTree = BUILT_PRODUCTS_DIR; };
		C364B5B72BC30AB100AC1CB3 /* AliasSnapshotTests.swift */ = {isa = PBXFileReference; lastKnownFileType = sourcecode.swift; path = AliasSnapshotTests.swift; sourceTree = "<group>"; };
		C364B5C22BC30AC000AC1CB3 /* AliasUITests.xctest */ = {isa = PBXFileReference; explicitFileType = wrapper.cfbundle; includeInIndex = 0; path = AliasUITests.xctest; sourceTree = BUILT_PRODUCTS_DIR; };
		C364B5C42BC30AC000AC1CB3 /* AliasUITests.swift */ = {isa = PBXFileReference; lastKnownFileType = sourcecode.swift; path = AliasUITests.swift; sourceTree = "<group>"; };
		C364B5D22BC30ADF00AC1CB3 /* FiveSecondTests.xctest */ = {isa = PBXFileReference; explicitFileType = wrapper.cfbundle; includeInIndex = 0; path = FiveSecondTests.xctest; sourceTree = BUILT_PRODUCTS_DIR; };
		C364B5D42BC30ADF00AC1CB3 /* FiveSecondsGameScreenViewModelTests.swift */ = {isa = PBXFileReference; lastKnownFileType = sourcecode.swift; path = FiveSecondsGameScreenViewModelTests.swift; sourceTree = "<group>"; };
		C364B5DF2BC30AF800AC1CB3 /* FiveSecondSnapshotTests.xctest */ = {isa = PBXFileReference; explicitFileType = wrapper.cfbundle; includeInIndex = 0; path = FiveSecondSnapshotTests.xctest; sourceTree = BUILT_PRODUCTS_DIR; };
		C364B5E12BC30AF800AC1CB3 /* FiveSecondSnapshotTests.swift */ = {isa = PBXFileReference; lastKnownFileType = sourcecode.swift; path = FiveSecondSnapshotTests.swift; sourceTree = "<group>"; };
		C364B5EC2BC30B1000AC1CB3 /* FiveSecondsUITests.xctest */ = {isa = PBXFileReference; explicitFileType = wrapper.cfbundle; includeInIndex = 0; path = FiveSecondsUITests.xctest; sourceTree = BUILT_PRODUCTS_DIR; };
		C364B5EE2BC30B1000AC1CB3 /* FiveSecondsUITests.swift */ = {isa = PBXFileReference; lastKnownFileType = sourcecode.swift; path = FiveSecondsUITests.swift; sourceTree = "<group>"; };
/* End PBXFileReference section */

/* Begin PBXFrameworksBuildPhase section */
		2AE9295A2BC325E4003D32E0 /* Frameworks */ = {
			isa = PBXFrameworksBuildPhase;
			buildActionMask = 2147483647;
			files = (
			);
			runOnlyForDeploymentPostprocessing = 0;
		};
		2AE929672BC3301B003D32E0 /* Frameworks */ = {
			isa = PBXFrameworksBuildPhase;
			buildActionMask = 2147483647;
			files = (
			);
			runOnlyForDeploymentPostprocessing = 0;
		};
		2AE929782BC33957003D32E0 /* Frameworks */ = {
			isa = PBXFrameworksBuildPhase;
			buildActionMask = 2147483647;
			files = (
				2AE929852BC33995003D32E0 /* SnapshotTesting in Frameworks */,
			);
			runOnlyForDeploymentPostprocessing = 0;
		};
		C333AB792B9F03FE00EA100E /* Frameworks */ = {
			isa = PBXFrameworksBuildPhase;
			buildActionMask = 2147483647;
			files = (
				2AACDC382BAF26E4000672B0 /* Alamofire in Frameworks */,
				C333ABCA2BAF1F3400EA100E /* SnapKit in Frameworks */,
				C333ABCC2BAF1F3400EA100E /* SnapKit-Dynamic in Frameworks */,
				A53B64897EDBAAF1B773C1CB /* Pods_GroupGames.framework in Frameworks */,
			);
			runOnlyForDeploymentPostprocessing = 0;
		};
		C364B5A52BC30A9A00AC1CB3 /* Frameworks */ = {
			isa = PBXFrameworksBuildPhase;
			buildActionMask = 2147483647;
			files = (
			);
			runOnlyForDeploymentPostprocessing = 0;
		};
		C364B5B22BC30AB100AC1CB3 /* Frameworks */ = {
			isa = PBXFrameworksBuildPhase;
			buildActionMask = 2147483647;
			files = (
			);
			runOnlyForDeploymentPostprocessing = 0;
		};
		C364B5BF2BC30AC000AC1CB3 /* Frameworks */ = {
			isa = PBXFrameworksBuildPhase;
			buildActionMask = 2147483647;
			files = (
			);
			runOnlyForDeploymentPostprocessing = 0;
		};
		C364B5CF2BC30ADF00AC1CB3 /* Frameworks */ = {
			isa = PBXFrameworksBuildPhase;
			buildActionMask = 2147483647;
			files = (
			);
			runOnlyForDeploymentPostprocessing = 0;
		};
		C364B5DC2BC30AF800AC1CB3 /* Frameworks */ = {
			isa = PBXFrameworksBuildPhase;
			buildActionMask = 2147483647;
			files = (
				2AE929762BC338E2003D32E0 /* SnapshotTesting in Frameworks */,
			);
			runOnlyForDeploymentPostprocessing = 0;
		};
		C364B5E92BC30B1000AC1CB3 /* Frameworks */ = {
			isa = PBXFrameworksBuildPhase;
			buildActionMask = 2147483647;
			files = (
			);
			runOnlyForDeploymentPostprocessing = 0;
		};
/* End PBXFrameworksBuildPhase section */

/* Begin PBXGroup section */
		2AE9295E2BC325E4003D32E0 /* FiveSecondsPlayersScreenViewModelTests */ = {
			isa = PBXGroup;
			children = (
				2AE9295F2BC325E4003D32E0 /* FiveSecondsPlayersScreenViewModelTests.swift */,
			);
			path = FiveSecondsPlayersScreenViewModelTests;
			sourceTree = "<group>";
		};
		2AE9296B2BC3301B003D32E0 /* FiveSecondsFinalGamesScreenViewModelTests */ = {
			isa = PBXGroup;
			children = (
				2AE9296C2BC3301B003D32E0 /* FiveSecondsFinalGamesScreenViewModelTests.swift */,
			);
			path = FiveSecondsFinalGamesScreenViewModelTests;
			sourceTree = "<group>";
		};
		2AE9297C2BC33957003D32E0 /* FiveSecondsGameScreenSnapshotTests */ = {
			isa = PBXGroup;
			children = (
				2AE9297D2BC33957003D32E0 /* FiveSecondsGameScreenSnapshotTests.swift */,
			);
			path = FiveSecondsGameScreenSnapshotTests;
			sourceTree = "<group>";
		};
		2AF0F60E2BB37EDB00B27852 /* FiveSecondsFinalGameScreen */ = {
			isa = PBXGroup;
			children = (
				2AF0F60F2BB37F3700B27852 /* FiveSecondsFinalGameScreenView.swift */,
				2AF0F6112BB37F5000B27852 /* FiveSecondsFinalGameScreenViewController.swift */,
				2AF0F6132BB37F6100B27852 /* FiveSecondsFinalGameScreenViewModel.swift */,
			);
			path = FiveSecondsFinalGameScreen;
			sourceTree = "<group>";
		};
		2AF0F6152BB493E500B27852 /* UIFabrics */ = {
			isa = PBXGroup;
			children = (
				2AF0F6162BB493F100B27852 /* UIButtonFabric */,
			);
			path = UIFabrics;
			sourceTree = "<group>";
		};
		2AF0F6162BB493F100B27852 /* UIButtonFabric */ = {
			isa = PBXGroup;
			children = (
				2AF0F6172BB4942A00B27852 /* FiveSecondsGameButtonFabric.swift */,
			);
			path = UIButtonFabric;
			sourceTree = "<group>";
		};
		78B05A562BB09FFB00D74385 /* Spy_Aidar */ = {
			isa = PBXGroup;
			children = (
				78B05A572BB09FFB00D74385 /* SpyMainView */,
				78B05A5E2BB09FFB00D74385 /* SpyGameView */,
				78B05A652BB09FFB00D74385 /* SpySettingsView */,
				78B05A6C2BB09FFB00D74385 /* SpyCoordinator.swift */,
				78B05A6D2BB09FFB00D74385 /* Base */,
			);
			path = Spy_Aidar;
			sourceTree = "<group>";
		};
		78B05A572BB09FFB00D74385 /* SpyMainView */ = {
			isa = PBXGroup;
			children = (
				78B05A582BB09FFB00D74385 /* VIewModel */,
				78B05A5B2BB09FFB00D74385 /* SpyMainViewBuilder.swift */,
				78B05A5C2BB09FFB00D74385 /* View */,
			);
			path = SpyMainView;
			sourceTree = "<group>";
		};
		78B05A582BB09FFB00D74385 /* VIewModel */ = {
			isa = PBXGroup;
			children = (
				78B05A592BB09FFB00D74385 /* SpyMainModuleIO.swift */,
				78B05A5A2BB09FFB00D74385 /* SpyMainViewModel.swift */,
			);
			path = VIewModel;
			sourceTree = "<group>";
		};
		78B05A5C2BB09FFB00D74385 /* View */ = {
			isa = PBXGroup;
			children = (
				78B05A5D2BB09FFB00D74385 /* SpyMainViewController.swift */,
			);
			path = View;
			sourceTree = "<group>";
		};
		78B05A5E2BB09FFB00D74385 /* SpyGameView */ = {
			isa = PBXGroup;
			children = (
				78B05A5F2BB09FFB00D74385 /* ViewModel */,
				78B05A622BB09FFB00D74385 /* View */,
				78B05A642BB09FFB00D74385 /* SpyGameViewBuilder.swift */,
			);
			path = SpyGameView;
			sourceTree = "<group>";
		};
		78B05A5F2BB09FFB00D74385 /* ViewModel */ = {
			isa = PBXGroup;
			children = (
				78B05A602BB09FFB00D74385 /* SpyGameModuleO.swift */,
				78B05A612BB09FFB00D74385 /* SpyGameViewModel.swift */,
			);
			path = ViewModel;
			sourceTree = "<group>";
		};
		78B05A622BB09FFB00D74385 /* View */ = {
			isa = PBXGroup;
			children = (
				78B05A632BB09FFB00D74385 /* SpyGameViewController.swift */,
			);
			path = View;
			sourceTree = "<group>";
		};
		78B05A652BB09FFB00D74385 /* SpySettingsView */ = {
			isa = PBXGroup;
			children = (
				78B05A662BB09FFB00D74385 /* ViewModel */,
				78B05A692BB09FFB00D74385 /* View */,
				78B05A6B2BB09FFB00D74385 /* SpySettingsViewBuilder.swift */,
			);
			path = SpySettingsView;
			sourceTree = "<group>";
		};
		78B05A662BB09FFB00D74385 /* ViewModel */ = {
			isa = PBXGroup;
			children = (
				78B05A672BB09FFB00D74385 /* SpySettingsModuleIO.swift */,
				78B05A682BB09FFB00D74385 /* SpySettingsViewModel.swift */,
			);
			path = ViewModel;
			sourceTree = "<group>";
		};
		78B05A692BB09FFB00D74385 /* View */ = {
			isa = PBXGroup;
			children = (
				78B05A6A2BB09FFB00D74385 /* SpySettingsViewController.swift */,
			);
			path = View;
			sourceTree = "<group>";
		};
		78B05A6D2BB09FFB00D74385 /* Base */ = {
			isa = PBXGroup;
			children = (
				78B05A6E2BB09FFB00D74385 /* ViewModel.swift */,
				78B05A6F2BB09FFB00D74385 /* Settings.swift */,
			);
			path = Base;
			sourceTree = "<group>";
		};
		9D4826AB0D67CE465D4A0259 /* Pods */ = {
			isa = PBXGroup;
			children = (
				6BFD472E6CBFA7BAA093571C /* Pods-GroupGames.debug.xcconfig */,
				606D3EBCFDE5960D8FA50C2D /* Pods-GroupGames.release.xcconfig */,
			);
			path = Pods;
			sourceTree = "<group>";
		};
		A7028F41942BB3DE98DBEC15 /* Frameworks */ = {
			isa = PBXGroup;
			children = (
				BA2A1F02A7389440716BDB74 /* Pods_GroupGames.framework */,
			);
			name = Frameworks;
			sourceTree = "<group>";
		};
		C333AB732B9F03FE00EA100E = {
			isa = PBXGroup;
			children = (
				C333AB7E2B9F03FE00EA100E /* GroupGames */,
				C364B5CD2BC30AC400AC1CB3 /* AliasTests */,
				C364B5F72BC30B2D00AC1CB3 /* FiveSecondsTests */,
				C333AB7D2B9F03FE00EA100E /* Products */,
				9D4826AB0D67CE465D4A0259 /* Pods */,
				A7028F41942BB3DE98DBEC15 /* Frameworks */,
			);
			sourceTree = "<group>";
		};
		C333AB7D2B9F03FE00EA100E /* Products */ = {
			isa = PBXGroup;
			children = (
				C333AB7C2B9F03FE00EA100E /* GroupGames.app */,
				C364B5A82BC30A9A00AC1CB3 /* AliasTest.xctest */,
				C364B5B52BC30AB100AC1CB3 /* AliasSnapshotTests.xctest */,
				C364B5C22BC30AC000AC1CB3 /* AliasUITests.xctest */,
				C364B5D22BC30ADF00AC1CB3 /* FiveSecondTests.xctest */,
				C364B5DF2BC30AF800AC1CB3 /* FiveSecondSnapshotTests.xctest */,
				C364B5EC2BC30B1000AC1CB3 /* FiveSecondsUITests.xctest */,
				2AE9295D2BC325E4003D32E0 /* FiveSecondsPlayersScreenViewModelTests.xctest */,
				2AE9296A2BC3301B003D32E0 /* FiveSecondsFinalGamesScreenViewModelTests.xctest */,
				2AE9297B2BC33957003D32E0 /* FiveSecondsGameScreenSnapshotTests.xctest */,
			);
			name = Products;
			sourceTree = "<group>";
		};
		C333AB7E2B9F03FE00EA100E /* GroupGames */ = {
			isa = PBXGroup;
			children = (
				C333ABD82BAFF40500EA100E /* Extensions */,
				C364B50C2BB1B1A000AC1CB3 /* FiveSeconds_David */,
				78B05A562BB09FFB00D74385 /* Spy_Aidar */,
				C333ABD12BAFED1700EA100E /* Alias_Kirill */,
				C333AB972B9F051F00EA100E /* MainScreen */,
				C333AB7F2B9F03FE00EA100E /* AppDelegate.swift */,
				C333AB812B9F03FE00EA100E /* SceneDelegate.swift */,
				C333AB8B2B9F040000EA100E /* Assets.xcassets */,
				C333AB8D2B9F040000EA100E /* LaunchScreen.storyboard */,
				C333AB902B9F040000EA100E /* Info.plist */,
				C333AB882B9F03FE00EA100E /* GroupGames.xcdatamodeld */,
			);
			path = GroupGames;
			sourceTree = "<group>";
		};
		C333AB972B9F051F00EA100E /* MainScreen */ = {
			isa = PBXGroup;
			children = (
				C333AB982B9F054E00EA100E /* MainView.swift */,
				C333AB9A2B9F055C00EA100E /* MainViewController.swift */,
				C333AB9C2B9F056400EA100E /* MainViewModel.swift */,
			);
			path = MainScreen;
			sourceTree = "<group>";
		};
		C333ABCD2BAFE79500EA100E /* UIFabrics */ = {
			isa = PBXGroup;
			children = (
				C333ABCE2BAFE79D00EA100E /* UIButtonFabric */,
			);
			path = UIFabrics;
			sourceTree = "<group>";
		};
		C333ABCE2BAFE79D00EA100E /* UIButtonFabric */ = {
			isa = PBXGroup;
			children = (
				C333ABCF2BAFE7C000EA100E /* GameButtonFubric.swift */,
			);
			path = UIButtonFabric;
			sourceTree = "<group>";
		};
		C333ABD12BAFED1700EA100E /* Alias_Kirill */ = {
			isa = PBXGroup;
			children = (
				C333ABCD2BAFE79500EA100E /* UIFabrics */,
				C333ABFF2BB0BB1000EA100E /* AliasScoreScreen */,
				C333ABF52BB0A91700EA100E /* AliasGameScreen */,
				C333ABEC2BB01D6100EA100E /* AliasSettingsScreen */,
				C333ABEB2BB01CD500EA100E /* AliasTeamsScreen */,
				C364B5222BB37A1B00AC1CB3 /* AliasUserDefaultsDataManager.swift */,
			);
			path = Alias_Kirill;
			sourceTree = "<group>";
		};
		C333ABD82BAFF40500EA100E /* Extensions */ = {
			isa = PBXGroup;
			children = (
				C333ABD92BAFF42000EA100E /* UITableViewCellExtension.swift */,
				C333ABDD2BAFF9F900EA100E /* UIColorExtension.swift */,
				C333ABE92BB01BBC00EA100E /* UIImageExtension.swift */,
			);
			path = Extensions;
			sourceTree = "<group>";
		};
		C333ABEB2BB01CD500EA100E /* AliasTeamsScreen */ = {
			isa = PBXGroup;
			children = (
				C333ABD22BAFED2E00EA100E /* AliasTeamsView.swift */,
				C333ABD42BAFED3B00EA100E /* AliasTeamsViewController.swift */,
				C333ABD62BAFED4800EA100E /* AliasTeamsViewModel.swift */,
				C333ABE52BB008A300EA100E /* AliasTeamsCollectionViewCell.swift */,
				C333ABE72BB008B100EA100E /* AliasTeamsAddCollectionViewCell.swift */,
			);
			path = AliasTeamsScreen;
			sourceTree = "<group>";
		};
		C333ABEC2BB01D6100EA100E /* AliasSettingsScreen */ = {
			isa = PBXGroup;
			children = (
				C333ABED2BB01D7500EA100E /* AliasSettingsViewController.swift */,
				C333ABEF2BB01D8B00EA100E /* AliasSettingsView.swift */,
				C333ABF12BB01DAB00EA100E /* AliasSettingsViewModel.swift */,
			);
			path = AliasSettingsScreen;
			sourceTree = "<group>";
		};
		C333ABF52BB0A91700EA100E /* AliasGameScreen */ = {
			isa = PBXGroup;
			children = (
				C333ABFC2BB0AA4100EA100E /* SubViews */,
				C333ABF62BB0A92600EA100E /* AliasGameView.swift */,
				C333ABF82BB0A93A00EA100E /* AliasGameViewController.swift */,
				C333ABFA2BB0A94200EA100E /* AliasGameViewModel.swift */,
			);
			path = AliasGameScreen;
			sourceTree = "<group>";
		};
		C333ABFC2BB0AA4100EA100E /* SubViews */ = {
			isa = PBXGroup;
			children = (
				C333ABFD2BB0AA5000EA100E /* AliasCardSubView.swift */,
			);
			path = SubViews;
			sourceTree = "<group>";
		};
		C333ABFF2BB0BB1000EA100E /* AliasScoreScreen */ = {
			isa = PBXGroup;
			children = (
				C333AC002BB0BB3C00EA100E /* AliasScoreViewController.swift */,
				C333AC022BB0BB4A00EA100E /* AliasScoreView.swift */,
				C333AC042BB0BB5300EA100E /* AliasScoreViewModel.swift */,
				C333AC062BB0CAF000EA100E /* AliasTeamTableViewCell.swift */,
			);
			path = AliasScoreScreen;
			sourceTree = "<group>";
		};
		C364B50C2BB1B1A000AC1CB3 /* FiveSeconds_David */ = {
			isa = PBXGroup;
			children = (
				2AF0F6152BB493E500B27852 /* UIFabrics */,
				2AF0F60E2BB37EDB00B27852 /* FiveSecondsFinalGameScreen */,
				C364B5192BB1B23C00AC1CB3 /* FiveSecondsPlayersScreen */,
				C364B50F2BB1B1CC00AC1CB3 /* FiveSecondsGameScreen */,
			);
			path = FiveSeconds_David;
			sourceTree = "<group>";
		};
		C364B50F2BB1B1CC00AC1CB3 /* FiveSecondsGameScreen */ = {
			isa = PBXGroup;
			children = (
				C364B5162BB1B21C00AC1CB3 /* SubViews */,
				C364B50D2BB1B1B500AC1CB3 /* FiveSecondsGameScreenView.swift */,
				C364B5102BB1B1DF00AC1CB3 /* FiveSecondsGameScreenViewController.swift */,
				C364B5122BB1B1F200AC1CB3 /* FiveSecondsGameScreenViewModel.swift */,
				C364B5142BB1B20300AC1CB3 /* FiveSecondsScoresCollectionViewCell.swift */,
			);
			path = FiveSecondsGameScreen;
			sourceTree = "<group>";
		};
		C364B5162BB1B21C00AC1CB3 /* SubViews */ = {
			isa = PBXGroup;
			children = (
				C364B5172BB1B22800AC1CB3 /* FiveSecondsCardView.swift */,
			);
			path = SubViews;
			sourceTree = "<group>";
		};
		C364B5192BB1B23C00AC1CB3 /* FiveSecondsPlayersScreen */ = {
			isa = PBXGroup;
			children = (
				C364B51A2BB1B25300AC1CB3 /* FiveSecondsPlayersCollectionViewCell.swift */,
				C364B51C2BB1B26700AC1CB3 /* FiveSecondsPlayersScreenView.swift */,
				C364B51E2BB1B27700AC1CB3 /* FiveSecondsPlayersScreenViewController.swift */,
				C364B5202BB1B28600AC1CB3 /* FiveSecondsPlayersScreenViewModel.swift */,
			);
			path = FiveSecondsPlayersScreen;
			sourceTree = "<group>";
		};
		C364B5A92BC30A9A00AC1CB3 /* AliasTest */ = {
			isa = PBXGroup;
			children = (
				C364B5AA2BC30A9A00AC1CB3 /* AliasTest.swift */,
			);
			path = AliasTest;
			sourceTree = "<group>";
		};
		C364B5B62BC30AB100AC1CB3 /* AliasSnapshotTests */ = {
			isa = PBXGroup;
			children = (
				C364B5B72BC30AB100AC1CB3 /* AliasSnapshotTests.swift */,
			);
			path = AliasSnapshotTests;
			sourceTree = "<group>";
		};
		C364B5C32BC30AC000AC1CB3 /* AliasUITests */ = {
			isa = PBXGroup;
			children = (
				C364B5C42BC30AC000AC1CB3 /* AliasUITests.swift */,
			);
			path = AliasUITests;
			sourceTree = "<group>";
		};
		C364B5CD2BC30AC400AC1CB3 /* AliasTests */ = {
			isa = PBXGroup;
			children = (
				C364B5A92BC30A9A00AC1CB3 /* AliasTest */,
				C364B5B62BC30AB100AC1CB3 /* AliasSnapshotTests */,
				C364B5C32BC30AC000AC1CB3 /* AliasUITests */,
			);
			path = AliasTests;
			sourceTree = "<group>";
		};
		C364B5D32BC30ADF00AC1CB3 /* FiveSecondsGameScreenViewModelTests */ = {
			isa = PBXGroup;
			children = (
				C364B5D42BC30ADF00AC1CB3 /* FiveSecondsGameScreenViewModelTests.swift */,
			);
			path = FiveSecondsGameScreenViewModelTests;
			sourceTree = "<group>";
		};
		C364B5E02BC30AF800AC1CB3 /* FiveSecondSnapshotTests */ = {
			isa = PBXGroup;
			children = (
				C364B5E12BC30AF800AC1CB3 /* FiveSecondSnapshotTests.swift */,
			);
			path = FiveSecondSnapshotTests;
			sourceTree = "<group>";
		};
		C364B5ED2BC30B1000AC1CB3 /* FiveSecondsUITests */ = {
			isa = PBXGroup;
			children = (
				C364B5EE2BC30B1000AC1CB3 /* FiveSecondsUITests.swift */,
			);
			path = FiveSecondsUITests;
			sourceTree = "<group>";
		};
		C364B5F72BC30B2D00AC1CB3 /* FiveSecondsTests */ = {
			isa = PBXGroup;
			children = (
				2AE9296B2BC3301B003D32E0 /* FiveSecondsFinalGamesScreenViewModelTests */,
				2AE9295E2BC325E4003D32E0 /* FiveSecondsPlayersScreenViewModelTests */,
				C364B5D32BC30ADF00AC1CB3 /* FiveSecondsGameScreenViewModelTests */,
				C364B5E02BC30AF800AC1CB3 /* FiveSecondSnapshotTests */,
				2AE9297C2BC33957003D32E0 /* FiveSecondsGameScreenSnapshotTests */,
				C364B5ED2BC30B1000AC1CB3 /* FiveSecondsUITests */,
			);
			path = FiveSecondsTests;
			sourceTree = "<group>";
		};
/* End PBXGroup section */

/* Begin PBXNativeTarget section */
		2AE9295C2BC325E4003D32E0 /* FiveSecondsPlayersScreenViewModelTests */ = {
			isa = PBXNativeTarget;
			buildConfigurationList = 2AE929632BC325E4003D32E0 /* Build configuration list for PBXNativeTarget "FiveSecondsPlayersScreenViewModelTests" */;
			buildPhases = (
				2AE929592BC325E4003D32E0 /* Sources */,
				2AE9295A2BC325E4003D32E0 /* Frameworks */,
				2AE9295B2BC325E4003D32E0 /* Resources */,
			);
			buildRules = (
			);
			dependencies = (
				2AE929622BC325E4003D32E0 /* PBXTargetDependency */,
			);
			name = FiveSecondsPlayersScreenViewModelTests;
			productName = FiveSecondsPlayersScreenViewModelTests;
			productReference = 2AE9295D2BC325E4003D32E0 /* FiveSecondsPlayersScreenViewModelTests.xctest */;
			productType = "com.apple.product-type.bundle.unit-test";
		};
		2AE929692BC3301B003D32E0 /* FiveSecondsFinalGamesScreenViewModelTests */ = {
			isa = PBXNativeTarget;
			buildConfigurationList = 2AE929702BC3301B003D32E0 /* Build configuration list for PBXNativeTarget "FiveSecondsFinalGamesScreenViewModelTests" */;
			buildPhases = (
				2AE929662BC3301B003D32E0 /* Sources */,
				2AE929672BC3301B003D32E0 /* Frameworks */,
				2AE929682BC3301B003D32E0 /* Resources */,
			);
			buildRules = (
			);
			dependencies = (
				2AE9296F2BC3301B003D32E0 /* PBXTargetDependency */,
			);
			name = FiveSecondsFinalGamesScreenViewModelTests;
			productName = FiveSecondsFinalGamesScreenViewModelTests;
			productReference = 2AE9296A2BC3301B003D32E0 /* FiveSecondsFinalGamesScreenViewModelTests.xctest */;
			productType = "com.apple.product-type.bundle.unit-test";
		};
		2AE9297A2BC33957003D32E0 /* FiveSecondsGameScreenSnapshotTests */ = {
			isa = PBXNativeTarget;
			buildConfigurationList = 2AE929812BC33958003D32E0 /* Build configuration list for PBXNativeTarget "FiveSecondsGameScreenSnapshotTests" */;
			buildPhases = (
				2AE929772BC33957003D32E0 /* Sources */,
				2AE929782BC33957003D32E0 /* Frameworks */,
				2AE929792BC33957003D32E0 /* Resources */,
			);
			buildRules = (
			);
			dependencies = (
				2AE929802BC33957003D32E0 /* PBXTargetDependency */,
			);
			name = FiveSecondsGameScreenSnapshotTests;
			packageProductDependencies = (
				2AE929842BC33995003D32E0 /* SnapshotTesting */,
			);
			productName = FiveSecondsGameScreenSnapshotTests;
			productReference = 2AE9297B2BC33957003D32E0 /* FiveSecondsGameScreenSnapshotTests.xctest */;
			productType = "com.apple.product-type.bundle.unit-test";
		};
		C333AB7B2B9F03FE00EA100E /* GroupGames */ = {
			isa = PBXNativeTarget;
			buildConfigurationList = C333AB932B9F040000EA100E /* Build configuration list for PBXNativeTarget "GroupGames" */;
			buildPhases = (
				3BD36B57871DD0AE6F0B7EB4 /* [CP] Check Pods Manifest.lock */,
				C333AB782B9F03FE00EA100E /* Sources */,
				C333AB792B9F03FE00EA100E /* Frameworks */,
				C333AB7A2B9F03FE00EA100E /* Resources */,
				C333AB962B9F043E00EA100E /* ShellScript */,
				1C8EC1928E5107B890CD668A /* [CP] Embed Pods Frameworks */,
				C364B5252BB48B4300AC1CB3 /* Embed Frameworks */,
			);
			buildRules = (
			);
			dependencies = (
			);
			name = GroupGames;
			packageProductDependencies = (
				C333ABC92BAF1F3400EA100E /* SnapKit */,
				C333ABCB2BAF1F3400EA100E /* SnapKit-Dynamic */,
				2AACDC372BAF26E4000672B0 /* Alamofire */,
			);
			productName = GroupGames;
			productReference = C333AB7C2B9F03FE00EA100E /* GroupGames.app */;
			productType = "com.apple.product-type.application";
		};
		C364B5A72BC30A9A00AC1CB3 /* AliasTest */ = {
			isa = PBXNativeTarget;
			buildConfigurationList = C364B5AE2BC30A9A00AC1CB3 /* Build configuration list for PBXNativeTarget "AliasTest" */;
			buildPhases = (
				C364B5A42BC30A9A00AC1CB3 /* Sources */,
				C364B5A52BC30A9A00AC1CB3 /* Frameworks */,
				C364B5A62BC30A9A00AC1CB3 /* Resources */,
			);
			buildRules = (
			);
			dependencies = (
				C364B5AD2BC30A9A00AC1CB3 /* PBXTargetDependency */,
			);
			name = AliasTest;
			productName = AliasTest;
			productReference = C364B5A82BC30A9A00AC1CB3 /* AliasTest.xctest */;
			productType = "com.apple.product-type.bundle.unit-test";
		};
		C364B5B42BC30AB100AC1CB3 /* AliasSnapshotTests */ = {
			isa = PBXNativeTarget;
			buildConfigurationList = C364B5BB2BC30AB100AC1CB3 /* Build configuration list for PBXNativeTarget "AliasSnapshotTests" */;
			buildPhases = (
				C364B5B12BC30AB100AC1CB3 /* Sources */,
				C364B5B22BC30AB100AC1CB3 /* Frameworks */,
				C364B5B32BC30AB100AC1CB3 /* Resources */,
			);
			buildRules = (
			);
			dependencies = (
				C364B5BA2BC30AB100AC1CB3 /* PBXTargetDependency */,
			);
			name = AliasSnapshotTests;
			productName = AliasSnapshotTests;
			productReference = C364B5B52BC30AB100AC1CB3 /* AliasSnapshotTests.xctest */;
			productType = "com.apple.product-type.bundle.unit-test";
		};
		C364B5C12BC30AC000AC1CB3 /* AliasUITests */ = {
			isa = PBXNativeTarget;
			buildConfigurationList = C364B5CA2BC30AC000AC1CB3 /* Build configuration list for PBXNativeTarget "AliasUITests" */;
			buildPhases = (
				C364B5BE2BC30AC000AC1CB3 /* Sources */,
				C364B5BF2BC30AC000AC1CB3 /* Frameworks */,
				C364B5C02BC30AC000AC1CB3 /* Resources */,
			);
			buildRules = (
			);
			dependencies = (
				C364B5C92BC30AC000AC1CB3 /* PBXTargetDependency */,
			);
			name = AliasUITests;
			productName = AliasUITests;
			productReference = C364B5C22BC30AC000AC1CB3 /* AliasUITests.xctest */;
			productType = "com.apple.product-type.bundle.ui-testing";
		};
		C364B5D12BC30ADF00AC1CB3 /* FiveSecondTests */ = {
			isa = PBXNativeTarget;
			buildConfigurationList = C364B5D82BC30ADF00AC1CB3 /* Build configuration list for PBXNativeTarget "FiveSecondTests" */;
			buildPhases = (
				C364B5CE2BC30ADF00AC1CB3 /* Sources */,
				C364B5CF2BC30ADF00AC1CB3 /* Frameworks */,
				C364B5D02BC30ADF00AC1CB3 /* Resources */,
			);
			buildRules = (
			);
			dependencies = (
				C364B5D72BC30ADF00AC1CB3 /* PBXTargetDependency */,
			);
			name = FiveSecondTests;
			packageProductDependencies = (
			);
			productName = FiveSecondTests;
			productReference = C364B5D22BC30ADF00AC1CB3 /* FiveSecondTests.xctest */;
			productType = "com.apple.product-type.bundle.unit-test";
		};
		C364B5DE2BC30AF800AC1CB3 /* FiveSecondSnapshotTests */ = {
			isa = PBXNativeTarget;
			buildConfigurationList = C364B5E52BC30AF800AC1CB3 /* Build configuration list for PBXNativeTarget "FiveSecondSnapshotTests" */;
			buildPhases = (
				C364B5DB2BC30AF800AC1CB3 /* Sources */,
				C364B5DC2BC30AF800AC1CB3 /* Frameworks */,
				C364B5DD2BC30AF800AC1CB3 /* Resources */,
			);
			buildRules = (
			);
			dependencies = (
				C364B5E42BC30AF800AC1CB3 /* PBXTargetDependency */,
			);
			name = FiveSecondSnapshotTests;
			packageProductDependencies = (
				2AE929752BC338E2003D32E0 /* SnapshotTesting */,
			);
			productName = FiveSecondSnapshotTests;
			productReference = C364B5DF2BC30AF800AC1CB3 /* FiveSecondSnapshotTests.xctest */;
			productType = "com.apple.product-type.bundle.unit-test";
		};
		C364B5EB2BC30B1000AC1CB3 /* FiveSecondsUITests */ = {
			isa = PBXNativeTarget;
			buildConfigurationList = C364B5F42BC30B1100AC1CB3 /* Build configuration list for PBXNativeTarget "FiveSecondsUITests" */;
			buildPhases = (
				C364B5E82BC30B1000AC1CB3 /* Sources */,
				C364B5E92BC30B1000AC1CB3 /* Frameworks */,
				C364B5EA2BC30B1000AC1CB3 /* Resources */,
			);
			buildRules = (
			);
			dependencies = (
				C364B5F32BC30B1000AC1CB3 /* PBXTargetDependency */,
			);
			name = FiveSecondsUITests;
			productName = FiveSecondsUITests;
			productReference = C364B5EC2BC30B1000AC1CB3 /* FiveSecondsUITests.xctest */;
			productType = "com.apple.product-type.bundle.ui-testing";
		};
/* End PBXNativeTarget section */

/* Begin PBXProject section */
		C333AB742B9F03FE00EA100E /* Project object */ = {
			isa = PBXProject;
			attributes = {
				BuildIndependentTargetsInParallel = 1;
				LastSwiftUpdateCheck = 1520;
				LastUpgradeCheck = 1520;
				TargetAttributes = {
					2AE9295C2BC325E4003D32E0 = {
						CreatedOnToolsVersion = 15.2;
						TestTargetID = C333AB7B2B9F03FE00EA100E;
					};
					2AE929692BC3301B003D32E0 = {
						CreatedOnToolsVersion = 15.2;
						TestTargetID = C333AB7B2B9F03FE00EA100E;
					};
					2AE9297A2BC33957003D32E0 = {
						CreatedOnToolsVersion = 15.2;
						TestTargetID = C333AB7B2B9F03FE00EA100E;
					};
					C333AB7B2B9F03FE00EA100E = {
						CreatedOnToolsVersion = 15.2;
					};
					C364B5A72BC30A9A00AC1CB3 = {
						CreatedOnToolsVersion = 15.2;
						TestTargetID = C333AB7B2B9F03FE00EA100E;
					};
					C364B5B42BC30AB100AC1CB3 = {
						CreatedOnToolsVersion = 15.2;
						TestTargetID = C333AB7B2B9F03FE00EA100E;
					};
					C364B5C12BC30AC000AC1CB3 = {
						CreatedOnToolsVersion = 15.2;
						TestTargetID = C333AB7B2B9F03FE00EA100E;
					};
					C364B5D12BC30ADF00AC1CB3 = {
						CreatedOnToolsVersion = 15.2;
						TestTargetID = C333AB7B2B9F03FE00EA100E;
					};
					C364B5DE2BC30AF800AC1CB3 = {
						CreatedOnToolsVersion = 15.2;
						TestTargetID = C333AB7B2B9F03FE00EA100E;
					};
					C364B5EB2BC30B1000AC1CB3 = {
						CreatedOnToolsVersion = 15.2;
						TestTargetID = C333AB7B2B9F03FE00EA100E;
					};
				};
			};
			buildConfigurationList = C333AB772B9F03FE00EA100E /* Build configuration list for PBXProject "GroupGames" */;
			compatibilityVersion = "Xcode 14.0";
			developmentRegion = en;
			hasScannedForEncodings = 0;
			knownRegions = (
				en,
				Base,
			);
			mainGroup = C333AB732B9F03FE00EA100E;
			packageReferences = (
				C333ABC82BAF1F3400EA100E /* XCRemoteSwiftPackageReference "SnapKit" */,
				2AACDC362BAF26E4000672B0 /* XCRemoteSwiftPackageReference "Alamofire" */,
				C364B5F82BC30B6D00AC1CB3 /* XCRemoteSwiftPackageReference "swift-snapshot-testing" */,
			);
			productRefGroup = C333AB7D2B9F03FE00EA100E /* Products */;
			projectDirPath = "";
			projectRoot = "";
			targets = (
				C333AB7B2B9F03FE00EA100E /* GroupGames */,
				C364B5A72BC30A9A00AC1CB3 /* AliasTest */,
				C364B5B42BC30AB100AC1CB3 /* AliasSnapshotTests */,
				C364B5C12BC30AC000AC1CB3 /* AliasUITests */,
				C364B5D12BC30ADF00AC1CB3 /* FiveSecondTests */,
				C364B5DE2BC30AF800AC1CB3 /* FiveSecondSnapshotTests */,
				C364B5EB2BC30B1000AC1CB3 /* FiveSecondsUITests */,
				2AE9295C2BC325E4003D32E0 /* FiveSecondsPlayersScreenViewModelTests */,
				2AE929692BC3301B003D32E0 /* FiveSecondsFinalGamesScreenViewModelTests */,
				2AE9297A2BC33957003D32E0 /* FiveSecondsGameScreenSnapshotTests */,
			);
		};
/* End PBXProject section */

/* Begin PBXResourcesBuildPhase section */
		2AE9295B2BC325E4003D32E0 /* Resources */ = {
			isa = PBXResourcesBuildPhase;
			buildActionMask = 2147483647;
			files = (
			);
			runOnlyForDeploymentPostprocessing = 0;
		};
		2AE929682BC3301B003D32E0 /* Resources */ = {
			isa = PBXResourcesBuildPhase;
			buildActionMask = 2147483647;
			files = (
			);
			runOnlyForDeploymentPostprocessing = 0;
		};
		2AE929792BC33957003D32E0 /* Resources */ = {
			isa = PBXResourcesBuildPhase;
			buildActionMask = 2147483647;
			files = (
			);
			runOnlyForDeploymentPostprocessing = 0;
		};
		C333AB7A2B9F03FE00EA100E /* Resources */ = {
			isa = PBXResourcesBuildPhase;
			buildActionMask = 2147483647;
			files = (
				C333AB8F2B9F040000EA100E /* LaunchScreen.storyboard in Resources */,
				C333AB8C2B9F040000EA100E /* Assets.xcassets in Resources */,
			);
			runOnlyForDeploymentPostprocessing = 0;
		};
		C364B5A62BC30A9A00AC1CB3 /* Resources */ = {
			isa = PBXResourcesBuildPhase;
			buildActionMask = 2147483647;
			files = (
			);
			runOnlyForDeploymentPostprocessing = 0;
		};
		C364B5B32BC30AB100AC1CB3 /* Resources */ = {
			isa = PBXResourcesBuildPhase;
			buildActionMask = 2147483647;
			files = (
			);
			runOnlyForDeploymentPostprocessing = 0;
		};
		C364B5C02BC30AC000AC1CB3 /* Resources */ = {
			isa = PBXResourcesBuildPhase;
			buildActionMask = 2147483647;
			files = (
			);
			runOnlyForDeploymentPostprocessing = 0;
		};
		C364B5D02BC30ADF00AC1CB3 /* Resources */ = {
			isa = PBXResourcesBuildPhase;
			buildActionMask = 2147483647;
			files = (
			);
			runOnlyForDeploymentPostprocessing = 0;
		};
		C364B5DD2BC30AF800AC1CB3 /* Resources */ = {
			isa = PBXResourcesBuildPhase;
			buildActionMask = 2147483647;
			files = (
			);
			runOnlyForDeploymentPostprocessing = 0;
		};
		C364B5EA2BC30B1000AC1CB3 /* Resources */ = {
			isa = PBXResourcesBuildPhase;
			buildActionMask = 2147483647;
			files = (
			);
			runOnlyForDeploymentPostprocessing = 0;
		};
/* End PBXResourcesBuildPhase section */

/* Begin PBXShellScriptBuildPhase section */
		1C8EC1928E5107B890CD668A /* [CP] Embed Pods Frameworks */ = {
			isa = PBXShellScriptBuildPhase;
			buildActionMask = 2147483647;
			files = (
			);
			inputFileListPaths = (
				"${PODS_ROOT}/Target Support Files/Pods-GroupGames/Pods-GroupGames-frameworks-${CONFIGURATION}-input-files.xcfilelist",
			);
			name = "[CP] Embed Pods Frameworks";
			outputFileListPaths = (
				"${PODS_ROOT}/Target Support Files/Pods-GroupGames/Pods-GroupGames-frameworks-${CONFIGURATION}-output-files.xcfilelist",
			);
			runOnlyForDeploymentPostprocessing = 0;
			shellPath = /bin/sh;
			shellScript = "\"${PODS_ROOT}/Target Support Files/Pods-GroupGames/Pods-GroupGames-frameworks.sh\"\n";
			showEnvVarsInLog = 0;
		};
		3BD36B57871DD0AE6F0B7EB4 /* [CP] Check Pods Manifest.lock */ = {
			isa = PBXShellScriptBuildPhase;
			buildActionMask = 2147483647;
			files = (
			);
			inputFileListPaths = (
			);
			inputPaths = (
				"${PODS_PODFILE_DIR_PATH}/Podfile.lock",
				"${PODS_ROOT}/Manifest.lock",
			);
			name = "[CP] Check Pods Manifest.lock";
			outputFileListPaths = (
			);
			outputPaths = (
				"$(DERIVED_FILE_DIR)/Pods-GroupGames-checkManifestLockResult.txt",
			);
			runOnlyForDeploymentPostprocessing = 0;
			shellPath = /bin/sh;
			shellScript = "diff \"${PODS_PODFILE_DIR_PATH}/Podfile.lock\" \"${PODS_ROOT}/Manifest.lock\" > /dev/null\nif [ $? != 0 ] ; then\n    # print error to STDERR\n    echo \"error: The sandbox is not in sync with the Podfile.lock. Run 'pod install' or update your CocoaPods installation.\" >&2\n    exit 1\nfi\n# This output is used by Xcode 'outputs' to avoid re-running this script phase.\necho \"SUCCESS\" > \"${SCRIPT_OUTPUT_FILE_0}\"\n";
			showEnvVarsInLog = 0;
		};
		C333AB962B9F043E00EA100E /* ShellScript */ = {
			isa = PBXShellScriptBuildPhase;
			alwaysOutOfDate = 1;
			buildActionMask = 2147483647;
			files = (
			);
			inputFileListPaths = (
			);
			inputPaths = (
			);
			outputFileListPaths = (
			);
			outputPaths = (
			);
			runOnlyForDeploymentPostprocessing = 0;
			shellPath = /bin/sh;
			shellScript = " \nexport PATH=\"$PATH:/opt/homebrew/bin\"\nif which swiftlint >/dev/null; then\n  swiftlint\nelse\n  echo \"error: SwiftLint does not exist, download it from https://github.com/realm/SwiftLint\"\n  exit 1\nfi\n";
			showEnvVarsInLog = 0;
		};
/* End PBXShellScriptBuildPhase section */

/* Begin PBXSourcesBuildPhase section */
		2AE929592BC325E4003D32E0 /* Sources */ = {
			isa = PBXSourcesBuildPhase;
			buildActionMask = 2147483647;
			files = (
				2AE929602BC325E4003D32E0 /* FiveSecondsPlayersScreenViewModelTests.swift in Sources */,
			);
			runOnlyForDeploymentPostprocessing = 0;
		};
		2AE929662BC3301B003D32E0 /* Sources */ = {
			isa = PBXSourcesBuildPhase;
			buildActionMask = 2147483647;
			files = (
				2AE9296D2BC3301B003D32E0 /* FiveSecondsFinalGamesScreenViewModelTests.swift in Sources */,
			);
			runOnlyForDeploymentPostprocessing = 0;
		};
		2AE929772BC33957003D32E0 /* Sources */ = {
			isa = PBXSourcesBuildPhase;
			buildActionMask = 2147483647;
			files = (
				2AE9297E2BC33957003D32E0 /* FiveSecondsGameScreenSnapshotTests.swift in Sources */,
			);
			runOnlyForDeploymentPostprocessing = 0;
		};
		C333AB782B9F03FE00EA100E /* Sources */ = {
			isa = PBXSourcesBuildPhase;
			buildActionMask = 2147483647;
			files = (
				78B05A732BB09FFB00D74385 /* SpyMainViewController.swift in Sources */,
				C333ABE82BB008B100EA100E /* AliasTeamsAddCollectionViewCell.swift in Sources */,
				C333AB8A2B9F03FE00EA100E /* GroupGames.xcdatamodeld in Sources */,
				78B05A752BB09FFB00D74385 /* SpyGameViewModel.swift in Sources */,
				C333AC072BB0CAF000EA100E /* AliasTeamTableViewCell.swift in Sources */,
				C333ABF92BB0A93A00EA100E /* AliasGameViewController.swift in Sources */,
				C333AC012BB0BB3C00EA100E /* AliasScoreViewController.swift in Sources */,
				78B05A762BB09FFB00D74385 /* SpyGameViewController.swift in Sources */,
				C333AB992B9F054E00EA100E /* MainView.swift in Sources */,
				C333AC032BB0BB4A00EA100E /* AliasScoreView.swift in Sources */,
				C364B5212BB1B28600AC1CB3 /* FiveSecondsPlayersScreenViewModel.swift in Sources */,
				C333AB802B9F03FE00EA100E /* AppDelegate.swift in Sources */,
				78B05A772BB09FFB00D74385 /* SpyGameViewBuilder.swift in Sources */,
				78B05A7A2BB09FFB00D74385 /* SpySettingsViewController.swift in Sources */,
				78B05A7E2BB09FFB00D74385 /* Settings.swift in Sources */,
				78B05A782BB09FFB00D74385 /* SpySettingsModuleIO.swift in Sources */,
				C333ABD02BAFE7C000EA100E /* GameButtonFubric.swift in Sources */,
				C364B50E2BB1B1B500AC1CB3 /* FiveSecondsGameScreenView.swift in Sources */,
				2AF0F6122BB37F5000B27852 /* FiveSecondsFinalGameScreenViewController.swift in Sources */,
				78B05A702BB09FFB00D74385 /* SpyMainModuleIO.swift in Sources */,
				C333ABF02BB01D8B00EA100E /* AliasSettingsView.swift in Sources */,
				C333ABFB2BB0A94200EA100E /* AliasGameViewModel.swift in Sources */,
				C364B51B2BB1B25300AC1CB3 /* FiveSecondsPlayersCollectionViewCell.swift in Sources */,
				2AF0F6142BB37F6100B27852 /* FiveSecondsFinalGameScreenViewModel.swift in Sources */,
				C364B5132BB1B1F200AC1CB3 /* FiveSecondsGameScreenViewModel.swift in Sources */,
				C333ABE62BB008A300EA100E /* AliasTeamsCollectionViewCell.swift in Sources */,
				78B05A7B2BB09FFB00D74385 /* SpySettingsViewBuilder.swift in Sources */,
				78B05A7C2BB09FFB00D74385 /* SpyCoordinator.swift in Sources */,
				C333ABD52BAFED3B00EA100E /* AliasTeamsViewController.swift in Sources */,
				78B05A742BB09FFB00D74385 /* SpyGameModuleO.swift in Sources */,
				C364B5152BB1B20300AC1CB3 /* FiveSecondsScoresCollectionViewCell.swift in Sources */,
				2AF0F6182BB4942A00B27852 /* FiveSecondsGameButtonFabric.swift in Sources */,
				C333ABEE2BB01D7500EA100E /* AliasSettingsViewController.swift in Sources */,
				C333ABDE2BAFF9F900EA100E /* UIColorExtension.swift in Sources */,
				2AF0F6102BB37F3700B27852 /* FiveSecondsFinalGameScreenView.swift in Sources */,
				C333ABEA2BB01BBC00EA100E /* UIImageExtension.swift in Sources */,
				C333AB822B9F03FE00EA100E /* SceneDelegate.swift in Sources */,
				C364B51F2BB1B27700AC1CB3 /* FiveSecondsPlayersScreenViewController.swift in Sources */,
				78B05A7D2BB09FFB00D74385 /* ViewModel.swift in Sources */,
				C333AB9B2B9F055C00EA100E /* MainViewController.swift in Sources */,
				C364B51D2BB1B26700AC1CB3 /* FiveSecondsPlayersScreenView.swift in Sources */,
				C364B5232BB37A1B00AC1CB3 /* AliasUserDefaultsDataManager.swift in Sources */,
				78B05A712BB09FFB00D74385 /* SpyMainViewModel.swift in Sources */,
				C333AB9D2B9F056400EA100E /* MainViewModel.swift in Sources */,
				C333ABD32BAFED2E00EA100E /* AliasTeamsView.swift in Sources */,
				C333ABD72BAFED4800EA100E /* AliasTeamsViewModel.swift in Sources */,
				C333ABDA2BAFF42000EA100E /* UITableViewCellExtension.swift in Sources */,
				C333ABF22BB01DAB00EA100E /* AliasSettingsViewModel.swift in Sources */,
				C364B5112BB1B1DF00AC1CB3 /* FiveSecondsGameScreenViewController.swift in Sources */,
				78B05A792BB09FFB00D74385 /* SpySettingsViewModel.swift in Sources */,
				C333ABFE2BB0AA5000EA100E /* AliasCardSubView.swift in Sources */,
				78B05A722BB09FFB00D74385 /* SpyMainViewBuilder.swift in Sources */,
				C364B5182BB1B22800AC1CB3 /* FiveSecondsCardView.swift in Sources */,
				C333AC052BB0BB5300EA100E /* AliasScoreViewModel.swift in Sources */,
				C333ABF72BB0A92600EA100E /* AliasGameView.swift in Sources */,
			);
			runOnlyForDeploymentPostprocessing = 0;
		};
		C364B5A42BC30A9A00AC1CB3 /* Sources */ = {
			isa = PBXSourcesBuildPhase;
			buildActionMask = 2147483647;
			files = (
				C364B5AB2BC30A9A00AC1CB3 /* AliasTest.swift in Sources */,
			);
			runOnlyForDeploymentPostprocessing = 0;
		};
		C364B5B12BC30AB100AC1CB3 /* Sources */ = {
			isa = PBXSourcesBuildPhase;
			buildActionMask = 2147483647;
			files = (
				C364B5B82BC30AB100AC1CB3 /* AliasSnapshotTests.swift in Sources */,
			);
			runOnlyForDeploymentPostprocessing = 0;
		};
		C364B5BE2BC30AC000AC1CB3 /* Sources */ = {
			isa = PBXSourcesBuildPhase;
			buildActionMask = 2147483647;
			files = (
				C364B5C52BC30AC000AC1CB3 /* AliasUITests.swift in Sources */,
			);
			runOnlyForDeploymentPostprocessing = 0;
		};
		C364B5CE2BC30ADF00AC1CB3 /* Sources */ = {
			isa = PBXSourcesBuildPhase;
			buildActionMask = 2147483647;
			files = (
				C364B5D52BC30ADF00AC1CB3 /* FiveSecondsGameScreenViewModelTests.swift in Sources */,
			);
			runOnlyForDeploymentPostprocessing = 0;
		};
		C364B5DB2BC30AF800AC1CB3 /* Sources */ = {
			isa = PBXSourcesBuildPhase;
			buildActionMask = 2147483647;
			files = (
				C364B5E22BC30AF800AC1CB3 /* FiveSecondSnapshotTests.swift in Sources */,
			);
			runOnlyForDeploymentPostprocessing = 0;
		};
		C364B5E82BC30B1000AC1CB3 /* Sources */ = {
			isa = PBXSourcesBuildPhase;
			buildActionMask = 2147483647;
			files = (
				C364B5EF2BC30B1000AC1CB3 /* FiveSecondsUITests.swift in Sources */,
			);
			runOnlyForDeploymentPostprocessing = 0;
		};
/* End PBXSourcesBuildPhase section */

/* Begin PBXTargetDependency section */
		2AE929622BC325E4003D32E0 /* PBXTargetDependency */ = {
			isa = PBXTargetDependency;
			target = C333AB7B2B9F03FE00EA100E /* GroupGames */;
			targetProxy = 2AE929612BC325E4003D32E0 /* PBXContainerItemProxy */;
		};
		2AE9296F2BC3301B003D32E0 /* PBXTargetDependency */ = {
			isa = PBXTargetDependency;
			target = C333AB7B2B9F03FE00EA100E /* GroupGames */;
			targetProxy = 2AE9296E2BC3301B003D32E0 /* PBXContainerItemProxy */;
		};
		2AE929802BC33957003D32E0 /* PBXTargetDependency */ = {
			isa = PBXTargetDependency;
			target = C333AB7B2B9F03FE00EA100E /* GroupGames */;
			targetProxy = 2AE9297F2BC33957003D32E0 /* PBXContainerItemProxy */;
		};
		C364B5AD2BC30A9A00AC1CB3 /* PBXTargetDependency */ = {
			isa = PBXTargetDependency;
			target = C333AB7B2B9F03FE00EA100E /* GroupGames */;
			targetProxy = C364B5AC2BC30A9A00AC1CB3 /* PBXContainerItemProxy */;
		};
		C364B5BA2BC30AB100AC1CB3 /* PBXTargetDependency */ = {
			isa = PBXTargetDependency;
			target = C333AB7B2B9F03FE00EA100E /* GroupGames */;
			targetProxy = C364B5B92BC30AB100AC1CB3 /* PBXContainerItemProxy */;
		};
		C364B5C92BC30AC000AC1CB3 /* PBXTargetDependency */ = {
			isa = PBXTargetDependency;
			target = C333AB7B2B9F03FE00EA100E /* GroupGames */;
			targetProxy = C364B5C82BC30AC000AC1CB3 /* PBXContainerItemProxy */;
		};
		C364B5D72BC30ADF00AC1CB3 /* PBXTargetDependency */ = {
			isa = PBXTargetDependency;
			target = C333AB7B2B9F03FE00EA100E /* GroupGames */;
			targetProxy = C364B5D62BC30ADF00AC1CB3 /* PBXContainerItemProxy */;
		};
		C364B5E42BC30AF800AC1CB3 /* PBXTargetDependency */ = {
			isa = PBXTargetDependency;
			target = C333AB7B2B9F03FE00EA100E /* GroupGames */;
			targetProxy = C364B5E32BC30AF800AC1CB3 /* PBXContainerItemProxy */;
		};
		C364B5F32BC30B1000AC1CB3 /* PBXTargetDependency */ = {
			isa = PBXTargetDependency;
			target = C333AB7B2B9F03FE00EA100E /* GroupGames */;
			targetProxy = C364B5F22BC30B1000AC1CB3 /* PBXContainerItemProxy */;
		};
/* End PBXTargetDependency section */

/* Begin PBXVariantGroup section */
		C333AB8D2B9F040000EA100E /* LaunchScreen.storyboard */ = {
			isa = PBXVariantGroup;
			children = (
				C333AB8E2B9F040000EA100E /* Base */,
			);
			name = LaunchScreen.storyboard;
			sourceTree = "<group>";
		};
/* End PBXVariantGroup section */

/* Begin XCBuildConfiguration section */
		2AE929642BC325E4003D32E0 /* Debug */ = {
			isa = XCBuildConfiguration;
			buildSettings = {
				BUNDLE_LOADER = "$(TEST_HOST)";
				CODE_SIGN_STYLE = Automatic;
				CURRENT_PROJECT_VERSION = 1;
				GENERATE_INFOPLIST_FILE = YES;
				MARKETING_VERSION = 1.0;
				PRODUCT_BUNDLE_IDENTIFIER = com.FiveSecondsPlayersScreenViewModelTests;
				PRODUCT_NAME = "$(TARGET_NAME)";
				SWIFT_EMIT_LOC_STRINGS = NO;
				SWIFT_VERSION = 5.0;
				TARGETED_DEVICE_FAMILY = "1,2";
				TEST_HOST = "$(BUILT_PRODUCTS_DIR)/GroupGames.app/$(BUNDLE_EXECUTABLE_FOLDER_PATH)/GroupGames";
			};
			name = Debug;
		};
		2AE929652BC325E4003D32E0 /* Release */ = {
			isa = XCBuildConfiguration;
			buildSettings = {
				BUNDLE_LOADER = "$(TEST_HOST)";
				CODE_SIGN_STYLE = Automatic;
				CURRENT_PROJECT_VERSION = 1;
				GENERATE_INFOPLIST_FILE = YES;
				MARKETING_VERSION = 1.0;
				PRODUCT_BUNDLE_IDENTIFIER = com.FiveSecondsPlayersScreenViewModelTests;
				PRODUCT_NAME = "$(TARGET_NAME)";
				SWIFT_EMIT_LOC_STRINGS = NO;
				SWIFT_VERSION = 5.0;
				TARGETED_DEVICE_FAMILY = "1,2";
				TEST_HOST = "$(BUILT_PRODUCTS_DIR)/GroupGames.app/$(BUNDLE_EXECUTABLE_FOLDER_PATH)/GroupGames";
			};
			name = Release;
		};
		2AE929712BC3301B003D32E0 /* Debug */ = {
			isa = XCBuildConfiguration;
			buildSettings = {
				BUNDLE_LOADER = "$(TEST_HOST)";
				CODE_SIGN_STYLE = Automatic;
				CURRENT_PROJECT_VERSION = 1;
				GENERATE_INFOPLIST_FILE = YES;
				MARKETING_VERSION = 1.0;
				PRODUCT_BUNDLE_IDENTIFIER = com.FiveSecondsFinalGamesScreenViewModelTests;
				PRODUCT_NAME = "$(TARGET_NAME)";
				SWIFT_EMIT_LOC_STRINGS = NO;
				SWIFT_VERSION = 5.0;
				TARGETED_DEVICE_FAMILY = "1,2";
				TEST_HOST = "$(BUILT_PRODUCTS_DIR)/GroupGames.app/$(BUNDLE_EXECUTABLE_FOLDER_PATH)/GroupGames";
			};
			name = Debug;
		};
		2AE929722BC3301B003D32E0 /* Release */ = {
			isa = XCBuildConfiguration;
			buildSettings = {
				BUNDLE_LOADER = "$(TEST_HOST)";
				CODE_SIGN_STYLE = Automatic;
				CURRENT_PROJECT_VERSION = 1;
				GENERATE_INFOPLIST_FILE = YES;
				MARKETING_VERSION = 1.0;
				PRODUCT_BUNDLE_IDENTIFIER = com.FiveSecondsFinalGamesScreenViewModelTests;
				PRODUCT_NAME = "$(TARGET_NAME)";
				SWIFT_EMIT_LOC_STRINGS = NO;
				SWIFT_VERSION = 5.0;
				TARGETED_DEVICE_FAMILY = "1,2";
				TEST_HOST = "$(BUILT_PRODUCTS_DIR)/GroupGames.app/$(BUNDLE_EXECUTABLE_FOLDER_PATH)/GroupGames";
			};
			name = Release;
		};
		2AE929822BC33958003D32E0 /* Debug */ = {
			isa = XCBuildConfiguration;
			buildSettings = {
				BUNDLE_LOADER = "$(TEST_HOST)";
				CODE_SIGN_STYLE = Automatic;
				CURRENT_PROJECT_VERSION = 1;
				GENERATE_INFOPLIST_FILE = YES;
				MARKETING_VERSION = 1.0;
				PRODUCT_BUNDLE_IDENTIFIER = com.FiveSecondsGameScreenSnapshotTests;
				PRODUCT_NAME = "$(TARGET_NAME)";
				SWIFT_EMIT_LOC_STRINGS = NO;
				SWIFT_VERSION = 5.0;
				TARGETED_DEVICE_FAMILY = "1,2";
				TEST_HOST = "$(BUILT_PRODUCTS_DIR)/GroupGames.app/$(BUNDLE_EXECUTABLE_FOLDER_PATH)/GroupGames";
			};
			name = Debug;
		};
		2AE929832BC33958003D32E0 /* Release */ = {
			isa = XCBuildConfiguration;
			buildSettings = {
				BUNDLE_LOADER = "$(TEST_HOST)";
				CODE_SIGN_STYLE = Automatic;
				CURRENT_PROJECT_VERSION = 1;
				GENERATE_INFOPLIST_FILE = YES;
				MARKETING_VERSION = 1.0;
				PRODUCT_BUNDLE_IDENTIFIER = com.FiveSecondsGameScreenSnapshotTests;
				PRODUCT_NAME = "$(TARGET_NAME)";
				SWIFT_EMIT_LOC_STRINGS = NO;
				SWIFT_VERSION = 5.0;
				TARGETED_DEVICE_FAMILY = "1,2";
				TEST_HOST = "$(BUILT_PRODUCTS_DIR)/GroupGames.app/$(BUNDLE_EXECUTABLE_FOLDER_PATH)/GroupGames";
			};
			name = Release;
		};
		C333AB912B9F040000EA100E /* Debug */ = {
			isa = XCBuildConfiguration;
			buildSettings = {
				ALWAYS_SEARCH_USER_PATHS = NO;
				ASSETCATALOG_COMPILER_GENERATE_SWIFT_ASSET_SYMBOL_EXTENSIONS = YES;
				CLANG_ANALYZER_NONNULL = YES;
				CLANG_ANALYZER_NUMBER_OBJECT_CONVERSION = YES_AGGRESSIVE;
				CLANG_CXX_LANGUAGE_STANDARD = "gnu++20";
				CLANG_ENABLE_MODULES = YES;
				CLANG_ENABLE_OBJC_ARC = YES;
				CLANG_ENABLE_OBJC_WEAK = YES;
				CLANG_WARN_BLOCK_CAPTURE_AUTORELEASING = YES;
				CLANG_WARN_BOOL_CONVERSION = YES;
				CLANG_WARN_COMMA = YES;
				CLANG_WARN_CONSTANT_CONVERSION = YES;
				CLANG_WARN_DEPRECATED_OBJC_IMPLEMENTATIONS = YES;
				CLANG_WARN_DIRECT_OBJC_ISA_USAGE = YES_ERROR;
				CLANG_WARN_DOCUMENTATION_COMMENTS = YES;
				CLANG_WARN_EMPTY_BODY = YES;
				CLANG_WARN_ENUM_CONVERSION = YES;
				CLANG_WARN_INFINITE_RECURSION = YES;
				CLANG_WARN_INT_CONVERSION = YES;
				CLANG_WARN_NON_LITERAL_NULL_CONVERSION = YES;
				CLANG_WARN_OBJC_IMPLICIT_RETAIN_SELF = YES;
				CLANG_WARN_OBJC_LITERAL_CONVERSION = YES;
				CLANG_WARN_OBJC_ROOT_CLASS = YES_ERROR;
				CLANG_WARN_QUOTED_INCLUDE_IN_FRAMEWORK_HEADER = YES;
				CLANG_WARN_RANGE_LOOP_ANALYSIS = YES;
				CLANG_WARN_STRICT_PROTOTYPES = YES;
				CLANG_WARN_SUSPICIOUS_MOVE = YES;
				CLANG_WARN_UNGUARDED_AVAILABILITY = YES_AGGRESSIVE;
				CLANG_WARN_UNREACHABLE_CODE = YES;
				CLANG_WARN__DUPLICATE_METHOD_MATCH = YES;
				COPY_PHASE_STRIP = NO;
				DEBUG_INFORMATION_FORMAT = dwarf;
				ENABLE_STRICT_OBJC_MSGSEND = YES;
				ENABLE_TESTABILITY = YES;
				ENABLE_USER_SCRIPT_SANDBOXING = YES;
				GCC_C_LANGUAGE_STANDARD = gnu17;
				GCC_DYNAMIC_NO_PIC = NO;
				GCC_NO_COMMON_BLOCKS = YES;
				GCC_OPTIMIZATION_LEVEL = 0;
				GCC_PREPROCESSOR_DEFINITIONS = (
					"DEBUG=1",
					"$(inherited)",
				);
				GCC_WARN_64_TO_32_BIT_CONVERSION = YES;
				GCC_WARN_ABOUT_RETURN_TYPE = YES_ERROR;
				GCC_WARN_UNDECLARED_SELECTOR = YES;
				GCC_WARN_UNINITIALIZED_AUTOS = YES_AGGRESSIVE;
				GCC_WARN_UNUSED_FUNCTION = YES;
				GCC_WARN_UNUSED_VARIABLE = YES;
				IPHONEOS_DEPLOYMENT_TARGET = 17.2;
				LOCALIZATION_PREFERS_STRING_CATALOGS = YES;
				MTL_ENABLE_DEBUG_INFO = INCLUDE_SOURCE;
				MTL_FAST_MATH = YES;
				ONLY_ACTIVE_ARCH = YES;
				SDKROOT = iphoneos;
				SWIFT_ACTIVE_COMPILATION_CONDITIONS = "DEBUG $(inherited)";
				SWIFT_OPTIMIZATION_LEVEL = "-Onone";
			};
			name = Debug;
		};
		C333AB922B9F040000EA100E /* Release */ = {
			isa = XCBuildConfiguration;
			buildSettings = {
				ALWAYS_SEARCH_USER_PATHS = NO;
				ASSETCATALOG_COMPILER_GENERATE_SWIFT_ASSET_SYMBOL_EXTENSIONS = YES;
				CLANG_ANALYZER_NONNULL = YES;
				CLANG_ANALYZER_NUMBER_OBJECT_CONVERSION = YES_AGGRESSIVE;
				CLANG_CXX_LANGUAGE_STANDARD = "gnu++20";
				CLANG_ENABLE_MODULES = YES;
				CLANG_ENABLE_OBJC_ARC = YES;
				CLANG_ENABLE_OBJC_WEAK = YES;
				CLANG_WARN_BLOCK_CAPTURE_AUTORELEASING = YES;
				CLANG_WARN_BOOL_CONVERSION = YES;
				CLANG_WARN_COMMA = YES;
				CLANG_WARN_CONSTANT_CONVERSION = YES;
				CLANG_WARN_DEPRECATED_OBJC_IMPLEMENTATIONS = YES;
				CLANG_WARN_DIRECT_OBJC_ISA_USAGE = YES_ERROR;
				CLANG_WARN_DOCUMENTATION_COMMENTS = YES;
				CLANG_WARN_EMPTY_BODY = YES;
				CLANG_WARN_ENUM_CONVERSION = YES;
				CLANG_WARN_INFINITE_RECURSION = YES;
				CLANG_WARN_INT_CONVERSION = YES;
				CLANG_WARN_NON_LITERAL_NULL_CONVERSION = YES;
				CLANG_WARN_OBJC_IMPLICIT_RETAIN_SELF = YES;
				CLANG_WARN_OBJC_LITERAL_CONVERSION = YES;
				CLANG_WARN_OBJC_ROOT_CLASS = YES_ERROR;
				CLANG_WARN_QUOTED_INCLUDE_IN_FRAMEWORK_HEADER = YES;
				CLANG_WARN_RANGE_LOOP_ANALYSIS = YES;
				CLANG_WARN_STRICT_PROTOTYPES = YES;
				CLANG_WARN_SUSPICIOUS_MOVE = YES;
				CLANG_WARN_UNGUARDED_AVAILABILITY = YES_AGGRESSIVE;
				CLANG_WARN_UNREACHABLE_CODE = YES;
				CLANG_WARN__DUPLICATE_METHOD_MATCH = YES;
				COPY_PHASE_STRIP = NO;
				DEBUG_INFORMATION_FORMAT = "dwarf-with-dsym";
				ENABLE_NS_ASSERTIONS = NO;
				ENABLE_STRICT_OBJC_MSGSEND = YES;
				ENABLE_USER_SCRIPT_SANDBOXING = YES;
				GCC_C_LANGUAGE_STANDARD = gnu17;
				GCC_NO_COMMON_BLOCKS = YES;
				GCC_WARN_64_TO_32_BIT_CONVERSION = YES;
				GCC_WARN_ABOUT_RETURN_TYPE = YES_ERROR;
				GCC_WARN_UNDECLARED_SELECTOR = YES;
				GCC_WARN_UNINITIALIZED_AUTOS = YES_AGGRESSIVE;
				GCC_WARN_UNUSED_FUNCTION = YES;
				GCC_WARN_UNUSED_VARIABLE = YES;
				IPHONEOS_DEPLOYMENT_TARGET = 17.2;
				LOCALIZATION_PREFERS_STRING_CATALOGS = YES;
				MTL_ENABLE_DEBUG_INFO = NO;
				MTL_FAST_MATH = YES;
				SDKROOT = iphoneos;
				SWIFT_COMPILATION_MODE = wholemodule;
				VALIDATE_PRODUCT = YES;
			};
			name = Release;
		};
		C333AB942B9F040000EA100E /* Debug */ = {
			isa = XCBuildConfiguration;
			baseConfigurationReference = 6BFD472E6CBFA7BAA093571C /* Pods-GroupGames.debug.xcconfig */;
			buildSettings = {
				ASSETCATALOG_COMPILER_APPICON_NAME = AppIcon;
				ASSETCATALOG_COMPILER_GLOBAL_ACCENT_COLOR_NAME = AccentColor;
				CODE_SIGN_STYLE = Automatic;
				CURRENT_PROJECT_VERSION = 1;
				DEVELOPMENT_TEAM = W937SWAWNQ;
				ENABLE_USER_SCRIPT_SANDBOXING = NO;
				GENERATE_INFOPLIST_FILE = YES;
				INFOPLIST_FILE = GroupGames/Info.plist;
				INFOPLIST_KEY_UIApplicationSupportsIndirectInputEvents = YES;
				INFOPLIST_KEY_UILaunchStoryboardName = LaunchScreen;
				INFOPLIST_KEY_UISupportedInterfaceOrientations_iPad = "UIInterfaceOrientationPortrait UIInterfaceOrientationPortraitUpsideDown UIInterfaceOrientationLandscapeLeft UIInterfaceOrientationLandscapeRight";
				INFOPLIST_KEY_UISupportedInterfaceOrientations_iPhone = "UIInterfaceOrientationPortrait UIInterfaceOrientationLandscapeLeft UIInterfaceOrientationLandscapeRight";
				LD_RUNPATH_SEARCH_PATHS = (
					"$(inherited)",
					"@executable_path/Frameworks",
				);
				MARKETING_VERSION = 1.0;
				PRODUCT_BUNDLE_IDENTIFIER = com.Kirill.GroupGames;
				PRODUCT_NAME = "$(TARGET_NAME)";
				SUPPORTED_PLATFORMS = "iphoneos iphonesimulator";
				SUPPORTS_MACCATALYST = NO;
				SUPPORTS_MAC_DESIGNED_FOR_IPHONE_IPAD = NO;
				SUPPORTS_XR_DESIGNED_FOR_IPHONE_IPAD = NO;
				SWIFT_EMIT_LOC_STRINGS = YES;
				SWIFT_VERSION = 5.0;
				TARGETED_DEVICE_FAMILY = 1;
			};
			name = Debug;
		};
		C333AB952B9F040000EA100E /* Release */ = {
			isa = XCBuildConfiguration;
			baseConfigurationReference = 606D3EBCFDE5960D8FA50C2D /* Pods-GroupGames.release.xcconfig */;
			buildSettings = {
				ASSETCATALOG_COMPILER_APPICON_NAME = AppIcon;
				ASSETCATALOG_COMPILER_GLOBAL_ACCENT_COLOR_NAME = AccentColor;
				CODE_SIGN_STYLE = Automatic;
				CURRENT_PROJECT_VERSION = 1;
				DEVELOPMENT_TEAM = W937SWAWNQ;
				ENABLE_USER_SCRIPT_SANDBOXING = NO;
				GENERATE_INFOPLIST_FILE = YES;
				INFOPLIST_FILE = GroupGames/Info.plist;
				INFOPLIST_KEY_UIApplicationSupportsIndirectInputEvents = YES;
				INFOPLIST_KEY_UILaunchStoryboardName = LaunchScreen;
				INFOPLIST_KEY_UISupportedInterfaceOrientations_iPad = "UIInterfaceOrientationPortrait UIInterfaceOrientationPortraitUpsideDown UIInterfaceOrientationLandscapeLeft UIInterfaceOrientationLandscapeRight";
				INFOPLIST_KEY_UISupportedInterfaceOrientations_iPhone = "UIInterfaceOrientationPortrait UIInterfaceOrientationLandscapeLeft UIInterfaceOrientationLandscapeRight";
				LD_RUNPATH_SEARCH_PATHS = (
					"$(inherited)",
					"@executable_path/Frameworks",
				);
				MARKETING_VERSION = 1.0;
				PRODUCT_BUNDLE_IDENTIFIER = com.Kirill.GroupGames;
				PRODUCT_NAME = "$(TARGET_NAME)";
				SUPPORTED_PLATFORMS = "iphoneos iphonesimulator";
				SUPPORTS_MACCATALYST = NO;
				SUPPORTS_MAC_DESIGNED_FOR_IPHONE_IPAD = NO;
				SUPPORTS_XR_DESIGNED_FOR_IPHONE_IPAD = NO;
				SWIFT_EMIT_LOC_STRINGS = YES;
				SWIFT_VERSION = 5.0;
				TARGETED_DEVICE_FAMILY = 1;
			};
			name = Release;
		};
		C364B5AF2BC30A9A00AC1CB3 /* Debug */ = {
			isa = XCBuildConfiguration;
			buildSettings = {
				BUNDLE_LOADER = "$(TEST_HOST)";
				CODE_SIGN_STYLE = Automatic;
				CURRENT_PROJECT_VERSION = 1;
				DEVELOPMENT_TEAM = W937SWAWNQ;
				GENERATE_INFOPLIST_FILE = YES;
				MARKETING_VERSION = 1.0;
				PRODUCT_BUNDLE_IDENTIFIER = com.Kirill.AliasTest;
				PRODUCT_NAME = "$(TARGET_NAME)";
				SWIFT_EMIT_LOC_STRINGS = NO;
				SWIFT_VERSION = 5.0;
				TARGETED_DEVICE_FAMILY = "1,2";
				TEST_HOST = "$(BUILT_PRODUCTS_DIR)/GroupGames.app/$(BUNDLE_EXECUTABLE_FOLDER_PATH)/GroupGames";
			};
			name = Debug;
		};
		C364B5B02BC30A9A00AC1CB3 /* Release */ = {
			isa = XCBuildConfiguration;
			buildSettings = {
				BUNDLE_LOADER = "$(TEST_HOST)";
				CODE_SIGN_STYLE = Automatic;
				CURRENT_PROJECT_VERSION = 1;
				DEVELOPMENT_TEAM = W937SWAWNQ;
				GENERATE_INFOPLIST_FILE = YES;
				MARKETING_VERSION = 1.0;
				PRODUCT_BUNDLE_IDENTIFIER = com.Kirill.AliasTest;
				PRODUCT_NAME = "$(TARGET_NAME)";
				SWIFT_EMIT_LOC_STRINGS = NO;
				SWIFT_VERSION = 5.0;
				TARGETED_DEVICE_FAMILY = "1,2";
				TEST_HOST = "$(BUILT_PRODUCTS_DIR)/GroupGames.app/$(BUNDLE_EXECUTABLE_FOLDER_PATH)/GroupGames";
			};
			name = Release;
		};
		C364B5BC2BC30AB100AC1CB3 /* Debug */ = {
			isa = XCBuildConfiguration;
			buildSettings = {
				BUNDLE_LOADER = "$(TEST_HOST)";
				CODE_SIGN_STYLE = Automatic;
				CURRENT_PROJECT_VERSION = 1;
				DEVELOPMENT_TEAM = W937SWAWNQ;
				GENERATE_INFOPLIST_FILE = YES;
				MARKETING_VERSION = 1.0;
				PRODUCT_BUNDLE_IDENTIFIER = com.Kirill.AliasSnapshotTests;
				PRODUCT_NAME = "$(TARGET_NAME)";
				SWIFT_EMIT_LOC_STRINGS = NO;
				SWIFT_VERSION = 5.0;
				TARGETED_DEVICE_FAMILY = "1,2";
				TEST_HOST = "$(BUILT_PRODUCTS_DIR)/GroupGames.app/$(BUNDLE_EXECUTABLE_FOLDER_PATH)/GroupGames";
			};
			name = Debug;
		};
		C364B5BD2BC30AB100AC1CB3 /* Release */ = {
			isa = XCBuildConfiguration;
			buildSettings = {
				BUNDLE_LOADER = "$(TEST_HOST)";
				CODE_SIGN_STYLE = Automatic;
				CURRENT_PROJECT_VERSION = 1;
				DEVELOPMENT_TEAM = W937SWAWNQ;
				GENERATE_INFOPLIST_FILE = YES;
				MARKETING_VERSION = 1.0;
				PRODUCT_BUNDLE_IDENTIFIER = com.Kirill.AliasSnapshotTests;
				PRODUCT_NAME = "$(TARGET_NAME)";
				SWIFT_EMIT_LOC_STRINGS = NO;
				SWIFT_VERSION = 5.0;
				TARGETED_DEVICE_FAMILY = "1,2";
				TEST_HOST = "$(BUILT_PRODUCTS_DIR)/GroupGames.app/$(BUNDLE_EXECUTABLE_FOLDER_PATH)/GroupGames";
			};
			name = Release;
		};
		C364B5CB2BC30AC000AC1CB3 /* Debug */ = {
			isa = XCBuildConfiguration;
			buildSettings = {
				CODE_SIGN_STYLE = Automatic;
				CURRENT_PROJECT_VERSION = 1;
				DEVELOPMENT_TEAM = W937SWAWNQ;
				GENERATE_INFOPLIST_FILE = YES;
				MARKETING_VERSION = 1.0;
				PRODUCT_BUNDLE_IDENTIFIER = com.Kirill.AliasUITests;
				PRODUCT_NAME = "$(TARGET_NAME)";
				SWIFT_EMIT_LOC_STRINGS = NO;
				SWIFT_VERSION = 5.0;
				TARGETED_DEVICE_FAMILY = "1,2";
				TEST_TARGET_NAME = GroupGames;
			};
			name = Debug;
		};
		C364B5CC2BC30AC000AC1CB3 /* Release */ = {
			isa = XCBuildConfiguration;
			buildSettings = {
				CODE_SIGN_STYLE = Automatic;
				CURRENT_PROJECT_VERSION = 1;
				DEVELOPMENT_TEAM = W937SWAWNQ;
				GENERATE_INFOPLIST_FILE = YES;
				MARKETING_VERSION = 1.0;
				PRODUCT_BUNDLE_IDENTIFIER = com.Kirill.AliasUITests;
				PRODUCT_NAME = "$(TARGET_NAME)";
				SWIFT_EMIT_LOC_STRINGS = NO;
				SWIFT_VERSION = 5.0;
				TARGETED_DEVICE_FAMILY = "1,2";
				TEST_TARGET_NAME = GroupGames;
			};
			name = Release;
		};
		C364B5D92BC30ADF00AC1CB3 /* Debug */ = {
			isa = XCBuildConfiguration;
			buildSettings = {
				BUNDLE_LOADER = "$(TEST_HOST)";
				CODE_SIGN_STYLE = Automatic;
				CURRENT_PROJECT_VERSION = 1;
				DEVELOPMENT_TEAM = W937SWAWNQ;
				GENERATE_INFOPLIST_FILE = YES;
				MARKETING_VERSION = 1.0;
				PRODUCT_BUNDLE_IDENTIFIER = com.Kirill.FiveSecondTests;
				PRODUCT_NAME = "$(TARGET_NAME)";
				SWIFT_EMIT_LOC_STRINGS = NO;
				SWIFT_VERSION = 5.0;
				TARGETED_DEVICE_FAMILY = "1,2";
				TEST_HOST = "$(BUILT_PRODUCTS_DIR)/GroupGames.app/$(BUNDLE_EXECUTABLE_FOLDER_PATH)/GroupGames";
			};
			name = Debug;
		};
		C364B5DA2BC30ADF00AC1CB3 /* Release */ = {
			isa = XCBuildConfiguration;
			buildSettings = {
				BUNDLE_LOADER = "$(TEST_HOST)";
				CODE_SIGN_STYLE = Automatic;
				CURRENT_PROJECT_VERSION = 1;
				DEVELOPMENT_TEAM = W937SWAWNQ;
				GENERATE_INFOPLIST_FILE = YES;
				MARKETING_VERSION = 1.0;
				PRODUCT_BUNDLE_IDENTIFIER = com.Kirill.FiveSecondTests;
				PRODUCT_NAME = "$(TARGET_NAME)";
				SWIFT_EMIT_LOC_STRINGS = NO;
				SWIFT_VERSION = 5.0;
				TARGETED_DEVICE_FAMILY = "1,2";
				TEST_HOST = "$(BUILT_PRODUCTS_DIR)/GroupGames.app/$(BUNDLE_EXECUTABLE_FOLDER_PATH)/GroupGames";
			};
			name = Release;
		};
		C364B5E62BC30AF800AC1CB3 /* Debug */ = {
			isa = XCBuildConfiguration;
			buildSettings = {
				BUNDLE_LOADER = "$(TEST_HOST)";
				CODE_SIGN_STYLE = Automatic;
				CURRENT_PROJECT_VERSION = 1;
				DEVELOPMENT_TEAM = W937SWAWNQ;
				GENERATE_INFOPLIST_FILE = YES;
				MARKETING_VERSION = 1.0;
				PRODUCT_BUNDLE_IDENTIFIER = com.Kirill.FiveSecondSnapshotTests;
				PRODUCT_NAME = "$(TARGET_NAME)";
				SWIFT_EMIT_LOC_STRINGS = NO;
				SWIFT_VERSION = 5.0;
				TARGETED_DEVICE_FAMILY = "1,2";
				TEST_HOST = "$(BUILT_PRODUCTS_DIR)/GroupGames.app/$(BUNDLE_EXECUTABLE_FOLDER_PATH)/GroupGames";
			};
			name = Debug;
		};
		C364B5E72BC30AF800AC1CB3 /* Release */ = {
			isa = XCBuildConfiguration;
			buildSettings = {
				BUNDLE_LOADER = "$(TEST_HOST)";
				CODE_SIGN_STYLE = Automatic;
				CURRENT_PROJECT_VERSION = 1;
				DEVELOPMENT_TEAM = W937SWAWNQ;
				GENERATE_INFOPLIST_FILE = YES;
				MARKETING_VERSION = 1.0;
				PRODUCT_BUNDLE_IDENTIFIER = com.Kirill.FiveSecondSnapshotTests;
				PRODUCT_NAME = "$(TARGET_NAME)";
				SWIFT_EMIT_LOC_STRINGS = NO;
				SWIFT_VERSION = 5.0;
				TARGETED_DEVICE_FAMILY = "1,2";
				TEST_HOST = "$(BUILT_PRODUCTS_DIR)/GroupGames.app/$(BUNDLE_EXECUTABLE_FOLDER_PATH)/GroupGames";
			};
			name = Release;
		};
		C364B5F52BC30B1100AC1CB3 /* Debug */ = {
			isa = XCBuildConfiguration;
			buildSettings = {
				CODE_SIGN_STYLE = Automatic;
				CURRENT_PROJECT_VERSION = 1;
				DEVELOPMENT_TEAM = W937SWAWNQ;
				GENERATE_INFOPLIST_FILE = YES;
				MARKETING_VERSION = 1.0;
				PRODUCT_BUNDLE_IDENTIFIER = com.Kirill.FiveSecondsUITests;
				PRODUCT_NAME = "$(TARGET_NAME)";
				SWIFT_EMIT_LOC_STRINGS = NO;
				SWIFT_VERSION = 5.0;
				TARGETED_DEVICE_FAMILY = "1,2";
				TEST_TARGET_NAME = GroupGames;
			};
			name = Debug;
		};
		C364B5F62BC30B1100AC1CB3 /* Release */ = {
			isa = XCBuildConfiguration;
			buildSettings = {
				CODE_SIGN_STYLE = Automatic;
				CURRENT_PROJECT_VERSION = 1;
				DEVELOPMENT_TEAM = W937SWAWNQ;
				GENERATE_INFOPLIST_FILE = YES;
				MARKETING_VERSION = 1.0;
				PRODUCT_BUNDLE_IDENTIFIER = com.Kirill.FiveSecondsUITests;
				PRODUCT_NAME = "$(TARGET_NAME)";
				SWIFT_EMIT_LOC_STRINGS = NO;
				SWIFT_VERSION = 5.0;
				TARGETED_DEVICE_FAMILY = "1,2";
				TEST_TARGET_NAME = GroupGames;
			};
			name = Release;
		};
/* End XCBuildConfiguration section */

/* Begin XCConfigurationList section */
		2AE929632BC325E4003D32E0 /* Build configuration list for PBXNativeTarget "FiveSecondsPlayersScreenViewModelTests" */ = {
			isa = XCConfigurationList;
			buildConfigurations = (
				2AE929642BC325E4003D32E0 /* Debug */,
				2AE929652BC325E4003D32E0 /* Release */,
			);
			defaultConfigurationIsVisible = 0;
			defaultConfigurationName = Release;
		};
		2AE929702BC3301B003D32E0 /* Build configuration list for PBXNativeTarget "FiveSecondsFinalGamesScreenViewModelTests" */ = {
			isa = XCConfigurationList;
			buildConfigurations = (
				2AE929712BC3301B003D32E0 /* Debug */,
				2AE929722BC3301B003D32E0 /* Release */,
			);
			defaultConfigurationIsVisible = 0;
			defaultConfigurationName = Release;
		};
		2AE929812BC33958003D32E0 /* Build configuration list for PBXNativeTarget "FiveSecondsGameScreenSnapshotTests" */ = {
			isa = XCConfigurationList;
			buildConfigurations = (
				2AE929822BC33958003D32E0 /* Debug */,
				2AE929832BC33958003D32E0 /* Release */,
			);
			defaultConfigurationIsVisible = 0;
			defaultConfigurationName = Release;
		};
		C333AB772B9F03FE00EA100E /* Build configuration list for PBXProject "GroupGames" */ = {
			isa = XCConfigurationList;
			buildConfigurations = (
				C333AB912B9F040000EA100E /* Debug */,
				C333AB922B9F040000EA100E /* Release */,
			);
			defaultConfigurationIsVisible = 0;
			defaultConfigurationName = Release;
		};
		C333AB932B9F040000EA100E /* Build configuration list for PBXNativeTarget "GroupGames" */ = {
			isa = XCConfigurationList;
			buildConfigurations = (
				C333AB942B9F040000EA100E /* Debug */,
				C333AB952B9F040000EA100E /* Release */,
			);
			defaultConfigurationIsVisible = 0;
			defaultConfigurationName = Release;
		};
		C364B5AE2BC30A9A00AC1CB3 /* Build configuration list for PBXNativeTarget "AliasTest" */ = {
			isa = XCConfigurationList;
			buildConfigurations = (
				C364B5AF2BC30A9A00AC1CB3 /* Debug */,
				C364B5B02BC30A9A00AC1CB3 /* Release */,
			);
			defaultConfigurationIsVisible = 0;
			defaultConfigurationName = Release;
		};
		C364B5BB2BC30AB100AC1CB3 /* Build configuration list for PBXNativeTarget "AliasSnapshotTests" */ = {
			isa = XCConfigurationList;
			buildConfigurations = (
				C364B5BC2BC30AB100AC1CB3 /* Debug */,
				C364B5BD2BC30AB100AC1CB3 /* Release */,
			);
			defaultConfigurationIsVisible = 0;
			defaultConfigurationName = Release;
		};
		C364B5CA2BC30AC000AC1CB3 /* Build configuration list for PBXNativeTarget "AliasUITests" */ = {
			isa = XCConfigurationList;
			buildConfigurations = (
				C364B5CB2BC30AC000AC1CB3 /* Debug */,
				C364B5CC2BC30AC000AC1CB3 /* Release */,
			);
			defaultConfigurationIsVisible = 0;
			defaultConfigurationName = Release;
		};
		C364B5D82BC30ADF00AC1CB3 /* Build configuration list for PBXNativeTarget "FiveSecondTests" */ = {
			isa = XCConfigurationList;
			buildConfigurations = (
				C364B5D92BC30ADF00AC1CB3 /* Debug */,
				C364B5DA2BC30ADF00AC1CB3 /* Release */,
			);
			defaultConfigurationIsVisible = 0;
			defaultConfigurationName = Release;
		};
		C364B5E52BC30AF800AC1CB3 /* Build configuration list for PBXNativeTarget "FiveSecondSnapshotTests" */ = {
			isa = XCConfigurationList;
			buildConfigurations = (
				C364B5E62BC30AF800AC1CB3 /* Debug */,
				C364B5E72BC30AF800AC1CB3 /* Release */,
			);
			defaultConfigurationIsVisible = 0;
			defaultConfigurationName = Release;
		};
		C364B5F42BC30B1100AC1CB3 /* Build configuration list for PBXNativeTarget "FiveSecondsUITests" */ = {
			isa = XCConfigurationList;
			buildConfigurations = (
				C364B5F52BC30B1100AC1CB3 /* Debug */,
				C364B5F62BC30B1100AC1CB3 /* Release */,
			);
			defaultConfigurationIsVisible = 0;
			defaultConfigurationName = Release;
		};
/* End XCConfigurationList section */

/* Begin XCRemoteSwiftPackageReference section */
		2AACDC362BAF26E4000672B0 /* XCRemoteSwiftPackageReference "Alamofire" */ = {
			isa = XCRemoteSwiftPackageReference;
			repositoryURL = "https://github.com/Alamofire/Alamofire";
			requirement = {
				kind = upToNextMajorVersion;
				minimumVersion = 5.9.0;
			};
		};
		C333ABC82BAF1F3400EA100E /* XCRemoteSwiftPackageReference "SnapKit" */ = {
			isa = XCRemoteSwiftPackageReference;
			repositoryURL = "https://github.com/SnapKit/SnapKit.git";
			requirement = {
				kind = upToNextMajorVersion;
				minimumVersion = 5.7.1;
			};
		};
		C364B5F82BC30B6D00AC1CB3 /* XCRemoteSwiftPackageReference "swift-snapshot-testing" */ = {
			isa = XCRemoteSwiftPackageReference;
			repositoryURL = "https://github.com/pointfreeco/swift-snapshot-testing?ysclid=lupq3r5ecp929517126";
			requirement = {
				kind = upToNextMajorVersion;
				minimumVersion = 1.16.0;
			};
		};
/* End XCRemoteSwiftPackageReference section */

/* Begin XCSwiftPackageProductDependency section */
		2AACDC372BAF26E4000672B0 /* Alamofire */ = {
			isa = XCSwiftPackageProductDependency;
			package = 2AACDC362BAF26E4000672B0 /* XCRemoteSwiftPackageReference "Alamofire" */;
			productName = Alamofire;
		};
		2AE929752BC338E2003D32E0 /* SnapshotTesting */ = {
			isa = XCSwiftPackageProductDependency;
			package = C364B5F82BC30B6D00AC1CB3 /* XCRemoteSwiftPackageReference "swift-snapshot-testing" */;
			productName = SnapshotTesting;
		};
		2AE929842BC33995003D32E0 /* SnapshotTesting */ = {
			isa = XCSwiftPackageProductDependency;
			package = C364B5F82BC30B6D00AC1CB3 /* XCRemoteSwiftPackageReference "swift-snapshot-testing" */;
			productName = SnapshotTesting;
		};
		C333ABC92BAF1F3400EA100E /* SnapKit */ = {
			isa = XCSwiftPackageProductDependency;
			package = C333ABC82BAF1F3400EA100E /* XCRemoteSwiftPackageReference "SnapKit" */;
			productName = SnapKit;
		};
		C333ABCB2BAF1F3400EA100E /* SnapKit-Dynamic */ = {
			isa = XCSwiftPackageProductDependency;
			package = C333ABC82BAF1F3400EA100E /* XCRemoteSwiftPackageReference "SnapKit" */;
			productName = "SnapKit-Dynamic";
		};
/* End XCSwiftPackageProductDependency section */

/* Begin XCVersionGroup section */
		C333AB882B9F03FE00EA100E /* GroupGames.xcdatamodeld */ = {
			isa = XCVersionGroup;
			children = (
				C333AB892B9F03FE00EA100E /* GroupGames.xcdatamodel */,
			);
			currentVersion = C333AB892B9F03FE00EA100E /* GroupGames.xcdatamodel */;
			path = GroupGames.xcdatamodeld;
			sourceTree = "<group>";
			versionGroupType = wrapper.xcdatamodel;
		};
/* End XCVersionGroup section */
	};
	rootObject = C333AB742B9F03FE00EA100E /* Project object */;
}
