// !$*UTF8*$!
{
	archiveVersion = 1;
	classes = {
	};
	objectVersion = 56;
	objects = {

/* Begin PBXBuildFile section */
		2AACDC382BAF26E4000672B0 /* Alamofire in Frameworks */ = {isa = PBXBuildFile; productRef = 2AACDC372BAF26E4000672B0 /* Alamofire */; };
		C333AB802B9F03FE00EA100E /* AppDelegate.swift in Sources */ = {isa = PBXBuildFile; fileRef = C333AB7F2B9F03FE00EA100E /* AppDelegate.swift */; };
		C333AB822B9F03FE00EA100E /* SceneDelegate.swift in Sources */ = {isa = PBXBuildFile; fileRef = C333AB812B9F03FE00EA100E /* SceneDelegate.swift */; };
		C333AB8A2B9F03FE00EA100E /* GroupGames.xcdatamodeld in Sources */ = {isa = PBXBuildFile; fileRef = C333AB882B9F03FE00EA100E /* GroupGames.xcdatamodeld */; };
		C333AB8C2B9F040000EA100E /* Assets.xcassets in Resources */ = {isa = PBXBuildFile; fileRef = C333AB8B2B9F040000EA100E /* Assets.xcassets */; };
		C333AB8F2B9F040000EA100E /* LaunchScreen.storyboard in Resources */ = {isa = PBXBuildFile; fileRef = C333AB8D2B9F040000EA100E /* LaunchScreen.storyboard */; };
		C333AB992B9F054E00EA100E /* MainView.swift in Sources */ = {isa = PBXBuildFile; fileRef = C333AB982B9F054E00EA100E /* MainView.swift */; };
		C333AB9B2B9F055C00EA100E /* MainViewController.swift in Sources */ = {isa = PBXBuildFile; fileRef = C333AB9A2B9F055C00EA100E /* MainViewController.swift */; };
		C333AB9D2B9F056400EA100E /* MainViewModel.swift in Sources */ = {isa = PBXBuildFile; fileRef = C333AB9C2B9F056400EA100E /* MainViewModel.swift */; };
		C333ABCA2BAF1F3400EA100E /* SnapKit in Frameworks */ = {isa = PBXBuildFile; productRef = C333ABC92BAF1F3400EA100E /* SnapKit */; };
		C333ABCC2BAF1F3400EA100E /* SnapKit-Dynamic in Frameworks */ = {isa = PBXBuildFile; productRef = C333ABCB2BAF1F3400EA100E /* SnapKit-Dynamic */; };
/* End PBXBuildFile section */

/* Begin PBXFileReference section */
		C333AB7C2B9F03FE00EA100E /* GroupGames.app */ = {isa = PBXFileReference; explicitFileType = wrapper.application; includeInIndex = 0; path = GroupGames.app; sourceTree = BUILT_PRODUCTS_DIR; };
		C333AB7F2B9F03FE00EA100E /* AppDelegate.swift */ = {isa = PBXFileReference; lastKnownFileType = sourcecode.swift; path = AppDelegate.swift; sourceTree = "<group>"; };
		C333AB812B9F03FE00EA100E /* SceneDelegate.swift */ = {isa = PBXFileReference; lastKnownFileType = sourcecode.swift; path = SceneDelegate.swift; sourceTree = "<group>"; };
		C333AB892B9F03FE00EA100E /* GroupGames.xcdatamodel */ = {isa = PBXFileReference; lastKnownFileType = wrapper.xcdatamodel; path = GroupGames.xcdatamodel; sourceTree = "<group>"; };
		C333AB8B2B9F040000EA100E /* Assets.xcassets */ = {isa = PBXFileReference; lastKnownFileType = folder.assetcatalog; path = Assets.xcassets; sourceTree = "<group>"; };
		C333AB8E2B9F040000EA100E /* Base */ = {isa = PBXFileReference; lastKnownFileType = file.storyboard; name = Base; path = Base.lproj/LaunchScreen.storyboard; sourceTree = "<group>"; };
		C333AB902B9F040000EA100E /* Info.plist */ = {isa = PBXFileReference; lastKnownFileType = text.plist.xml; path = Info.plist; sourceTree = "<group>"; };
		C333AB982B9F054E00EA100E /* MainView.swift */ = {isa = PBXFileReference; lastKnownFileType = sourcecode.swift; path = MainView.swift; sourceTree = "<group>"; };
		C333AB9A2B9F055C00EA100E /* MainViewController.swift */ = {isa = PBXFileReference; lastKnownFileType = sourcecode.swift; path = MainViewController.swift; sourceTree = "<group>"; };
		C333AB9C2B9F056400EA100E /* MainViewModel.swift */ = {isa = PBXFileReference; lastKnownFileType = sourcecode.swift; path = MainViewModel.swift; sourceTree = "<group>"; };
/* End PBXFileReference section */

/* Begin PBXFrameworksBuildPhase section */
		C333AB792B9F03FE00EA100E /* Frameworks */ = {
			isa = PBXFrameworksBuildPhase;
			buildActionMask = 2147483647;
			files = (
				2AACDC382BAF26E4000672B0 /* Alamofire in Frameworks */,
				C333ABCA2BAF1F3400EA100E /* SnapKit in Frameworks */,
				C333ABCC2BAF1F3400EA100E /* SnapKit-Dynamic in Frameworks */,
			);
			runOnlyForDeploymentPostprocessing = 0;
		};
/* End PBXFrameworksBuildPhase section */

/* Begin PBXGroup section */
		C333AB732B9F03FE00EA100E = {
			isa = PBXGroup;
			children = (
				C333AB7E2B9F03FE00EA100E /* GroupGames */,
				C333AB7D2B9F03FE00EA100E /* Products */,
			);
			sourceTree = "<group>";
		};
		C333AB7D2B9F03FE00EA100E /* Products */ = {
			isa = PBXGroup;
			children = (
				C333AB7C2B9F03FE00EA100E /* GroupGames.app */,
			);
			name = Products;
			sourceTree = "<group>";
		};
		C333AB7E2B9F03FE00EA100E /* GroupGames */ = {
			isa = PBXGroup;
			children = (
				C333AB972B9F051F00EA100E /* MainScreen */,
				C333AB7F2B9F03FE00EA100E /* AppDelegate.swift */,
				C333AB812B9F03FE00EA100E /* SceneDelegate.swift */,
				C333AB8B2B9F040000EA100E /* Assets.xcassets */,
				C333AB8D2B9F040000EA100E /* LaunchScreen.storyboard */,
				C333AB902B9F040000EA100E /* Info.plist */,
				C333AB882B9F03FE00EA100E /* GroupGames.xcdatamodeld */,
			);
			path = GroupGames;
			sourceTree = "<group>";
		};
		C333AB972B9F051F00EA100E /* MainScreen */ = {
			isa = PBXGroup;
			children = (
				C333AB982B9F054E00EA100E /* MainView.swift */,
				C333AB9A2B9F055C00EA100E /* MainViewController.swift */,
				C333AB9C2B9F056400EA100E /* MainViewModel.swift */,
			);
			path = MainScreen;
			sourceTree = "<group>";
		};
/* End PBXGroup section */

/* Begin PBXNativeTarget section */
		C333AB7B2B9F03FE00EA100E /* GroupGames */ = {
			isa = PBXNativeTarget;
			buildConfigurationList = C333AB932B9F040000EA100E /* Build configuration list for PBXNativeTarget "GroupGames" */;
			buildPhases = (
				C333AB782B9F03FE00EA100E /* Sources */,
				C333AB792B9F03FE00EA100E /* Frameworks */,
				C333AB7A2B9F03FE00EA100E /* Resources */,
				C333AB962B9F043E00EA100E /* ShellScript */,
			);
			buildRules = (
			);
			dependencies = (
			);
			name = GroupGames;
			packageProductDependencies = (
				C333ABC92BAF1F3400EA100E /* SnapKit */,
				C333ABCB2BAF1F3400EA100E /* SnapKit-Dynamic */,
				2AACDC372BAF26E4000672B0 /* Alamofire */,
			);
			productName = GroupGames;
			productReference = C333AB7C2B9F03FE00EA100E /* GroupGames.app */;
			productType = "com.apple.product-type.application";
		};
/* End PBXNativeTarget section */

/* Begin PBXProject section */
		C333AB742B9F03FE00EA100E /* Project object */ = {
			isa = PBXProject;
			attributes = {
				BuildIndependentTargetsInParallel = 1;
				LastSwiftUpdateCheck = 1520;
				LastUpgradeCheck = 1520;
				TargetAttributes = {
					C333AB7B2B9F03FE00EA100E = {
						CreatedOnToolsVersion = 15.2;
					};
				};
			};
			buildConfigurationList = C333AB772B9F03FE00EA100E /* Build configuration list for PBXProject "GroupGames" */;
			compatibilityVersion = "Xcode 14.0";
			developmentRegion = en;
			hasScannedForEncodings = 0;
			knownRegions = (
				en,
				Base,
			);
			mainGroup = C333AB732B9F03FE00EA100E;
			packageReferences = (
				C333ABC82BAF1F3400EA100E /* XCRemoteSwiftPackageReference "SnapKit" */,
				2AACDC362BAF26E4000672B0 /* XCRemoteSwiftPackageReference "Alamofire" */,
			);
			productRefGroup = C333AB7D2B9F03FE00EA100E /* Products */;
			projectDirPath = "";
			projectRoot = "";
			targets = (
				C333AB7B2B9F03FE00EA100E /* GroupGames */,
			);
		};
/* End PBXProject section */

/* Begin PBXResourcesBuildPhase section */
		C333AB7A2B9F03FE00EA100E /* Resources */ = {
			isa = PBXResourcesBuildPhase;
			buildActionMask = 2147483647;
			files = (
				C333AB8F2B9F040000EA100E /* LaunchScreen.storyboard in Resources */,
				C333AB8C2B9F040000EA100E /* Assets.xcassets in Resources */,
			);
			runOnlyForDeploymentPostprocessing = 0;
		};
/* End PBXResourcesBuildPhase section */

/* Begin PBXShellScriptBuildPhase section */
		C333AB962B9F043E00EA100E /* ShellScript */ = {
			isa = PBXShellScriptBuildPhase;
			alwaysOutOfDate = 1;
			buildActionMask = 2147483647;
			files = (
			);
			inputFileListPaths = (
			);
			inputPaths = (
			);
			outputFileListPaths = (
			);
			outputPaths = (
			);
			runOnlyForDeploymentPostprocessing = 0;
			shellPath = /bin/sh;
			shellScript = " \nexport PATH=\"$PATH:/opt/homebrew/bin\"\nif which swiftlint >/dev/null; then\n  swiftlint\nelse\n  echo \"error: SwiftLint does not exist, download it from https://github.com/realm/SwiftLint\"\n  exit 1\nfi\n";
			showEnvVarsInLog = 0;
		};
/* End PBXShellScriptBuildPhase section */

/* Begin PBXSourcesBuildPhase section */
		C333AB782B9F03FE00EA100E /* Sources */ = {
			isa = PBXSourcesBuildPhase;
			buildActionMask = 2147483647;
			files = (
				C333AB8A2B9F03FE00EA100E /* GroupGames.xcdatamodeld in Sources */,
				C333AB992B9F054E00EA100E /* MainView.swift in Sources */,
				C333AB802B9F03FE00EA100E /* AppDelegate.swift in Sources */,
				C333AB822B9F03FE00EA100E /* SceneDelegate.swift in Sources */,
				C333AB9B2B9F055C00EA100E /* MainViewController.swift in Sources */,
				C333AB9D2B9F056400EA100E /* MainViewModel.swift in Sources */,
			);
			runOnlyForDeploymentPostprocessing = 0;
		};
/* End PBXSourcesBuildPhase section */

/* Begin PBXVariantGroup section */
		C333AB8D2B9F040000EA100E /* LaunchScreen.storyboard */ = {
			isa = PBXVariantGroup;
			children = (
				C333AB8E2B9F040000EA100E /* Base */,
			);
			name = LaunchScreen.storyboard;
			sourceTree = "<group>";
		};
/* End PBXVariantGroup section */

/* Begin XCBuildConfiguration section */
		C333AB912B9F040000EA100E /* Debug */ = {
			isa = XCBuildConfiguration;
			buildSettings = {
				ALWAYS_SEARCH_USER_PATHS = NO;
				ASSETCATALOG_COMPILER_GENERATE_SWIFT_ASSET_SYMBOL_EXTENSIONS = YES;
				CLANG_ANALYZER_NONNULL = YES;
				CLANG_ANALYZER_NUMBER_OBJECT_CONVERSION = YES_AGGRESSIVE;
				CLANG_CXX_LANGUAGE_STANDARD = "gnu++20";
				CLANG_ENABLE_MODULES = YES;
				CLANG_ENABLE_OBJC_ARC = YES;
				CLANG_ENABLE_OBJC_WEAK = YES;
				CLANG_WARN_BLOCK_CAPTURE_AUTORELEASING = YES;
				CLANG_WARN_BOOL_CONVERSION = YES;
				CLANG_WARN_COMMA = YES;
				CLANG_WARN_CONSTANT_CONVERSION = YES;
				CLANG_WARN_DEPRECATED_OBJC_IMPLEMENTATIONS = YES;
				CLANG_WARN_DIRECT_OBJC_ISA_USAGE = YES_ERROR;
				CLANG_WARN_DOCUMENTATION_COMMENTS = YES;
				CLANG_WARN_EMPTY_BODY = YES;
				CLANG_WARN_ENUM_CONVERSION = YES;
				CLANG_WARN_INFINITE_RECURSION = YES;
				CLANG_WARN_INT_CONVERSION = YES;
				CLANG_WARN_NON_LITERAL_NULL_CONVERSION = YES;
				CLANG_WARN_OBJC_IMPLICIT_RETAIN_SELF = YES;
				CLANG_WARN_OBJC_LITERAL_CONVERSION = YES;
				CLANG_WARN_OBJC_ROOT_CLASS = YES_ERROR;
				CLANG_WARN_QUOTED_INCLUDE_IN_FRAMEWORK_HEADER = YES;
				CLANG_WARN_RANGE_LOOP_ANALYSIS = YES;
				CLANG_WARN_STRICT_PROTOTYPES = YES;
				CLANG_WARN_SUSPICIOUS_MOVE = YES;
				CLANG_WARN_UNGUARDED_AVAILABILITY = YES_AGGRESSIVE;
				CLANG_WARN_UNREACHABLE_CODE = YES;
				CLANG_WARN__DUPLICATE_METHOD_MATCH = YES;
				COPY_PHASE_STRIP = NO;
				DEBUG_INFORMATION_FORMAT = dwarf;
				ENABLE_STRICT_OBJC_MSGSEND = YES;
				ENABLE_TESTABILITY = YES;
				ENABLE_USER_SCRIPT_SANDBOXING = YES;
				GCC_C_LANGUAGE_STANDARD = gnu17;
				GCC_DYNAMIC_NO_PIC = NO;
				GCC_NO_COMMON_BLOCKS = YES;
				GCC_OPTIMIZATION_LEVEL = 0;
				GCC_PREPROCESSOR_DEFINITIONS = (
					"DEBUG=1",
					"$(inherited)",
				);
				GCC_WARN_64_TO_32_BIT_CONVERSION = YES;
				GCC_WARN_ABOUT_RETURN_TYPE = YES_ERROR;
				GCC_WARN_UNDECLARED_SELECTOR = YES;
				GCC_WARN_UNINITIALIZED_AUTOS = YES_AGGRESSIVE;
				GCC_WARN_UNUSED_FUNCTION = YES;
				GCC_WARN_UNUSED_VARIABLE = YES;
				IPHONEOS_DEPLOYMENT_TARGET = 17.2;
				LOCALIZATION_PREFERS_STRING_CATALOGS = YES;
				MTL_ENABLE_DEBUG_INFO = INCLUDE_SOURCE;
				MTL_FAST_MATH = YES;
				ONLY_ACTIVE_ARCH = YES;
				SDKROOT = iphoneos;
				SWIFT_ACTIVE_COMPILATION_CONDITIONS = "DEBUG $(inherited)";
				SWIFT_OPTIMIZATION_LEVEL = "-Onone";
			};
			name = Debug;
		};
		C333AB922B9F040000EA100E /* Release */ = {
			isa = XCBuildConfiguration;
			buildSettings = {
				ALWAYS_SEARCH_USER_PATHS = NO;
				ASSETCATALOG_COMPILER_GENERATE_SWIFT_ASSET_SYMBOL_EXTENSIONS = YES;
				CLANG_ANALYZER_NONNULL = YES;
				CLANG_ANALYZER_NUMBER_OBJECT_CONVERSION = YES_AGGRESSIVE;
				CLANG_CXX_LANGUAGE_STANDARD = "gnu++20";
				CLANG_ENABLE_MODULES = YES;
				CLANG_ENABLE_OBJC_ARC = YES;
				CLANG_ENABLE_OBJC_WEAK = YES;
				CLANG_WARN_BLOCK_CAPTURE_AUTORELEASING = YES;
				CLANG_WARN_BOOL_CONVERSION = YES;
				CLANG_WARN_COMMA = YES;
				CLANG_WARN_CONSTANT_CONVERSION = YES;
				CLANG_WARN_DEPRECATED_OBJC_IMPLEMENTATIONS = YES;
				CLANG_WARN_DIRECT_OBJC_ISA_USAGE = YES_ERROR;
				CLANG_WARN_DOCUMENTATION_COMMENTS = YES;
				CLANG_WARN_EMPTY_BODY = YES;
				CLANG_WARN_ENUM_CONVERSION = YES;
				CLANG_WARN_INFINITE_RECURSION = YES;
				CLANG_WARN_INT_CONVERSION = YES;
				CLANG_WARN_NON_LITERAL_NULL_CONVERSION = YES;
				CLANG_WARN_OBJC_IMPLICIT_RETAIN_SELF = YES;
				CLANG_WARN_OBJC_LITERAL_CONVERSION = YES;
				CLANG_WARN_OBJC_ROOT_CLASS = YES_ERROR;
				CLANG_WARN_QUOTED_INCLUDE_IN_FRAMEWORK_HEADER = YES;
				CLANG_WARN_RANGE_LOOP_ANALYSIS = YES;
				CLANG_WARN_STRICT_PROTOTYPES = YES;
				CLANG_WARN_SUSPICIOUS_MOVE = YES;
				CLANG_WARN_UNGUARDED_AVAILABILITY = YES_AGGRESSIVE;
				CLANG_WARN_UNREACHABLE_CODE = YES;
				CLANG_WARN__DUPLICATE_METHOD_MATCH = YES;
				COPY_PHASE_STRIP = NO;
				DEBUG_INFORMATION_FORMAT = "dwarf-with-dsym";
				ENABLE_NS_ASSERTIONS = NO;
				ENABLE_STRICT_OBJC_MSGSEND = YES;
				ENABLE_USER_SCRIPT_SANDBOXING = YES;
				GCC_C_LANGUAGE_STANDARD = gnu17;
				GCC_NO_COMMON_BLOCKS = YES;
				GCC_WARN_64_TO_32_BIT_CONVERSION = YES;
				GCC_WARN_ABOUT_RETURN_TYPE = YES_ERROR;
				GCC_WARN_UNDECLARED_SELECTOR = YES;
				GCC_WARN_UNINITIALIZED_AUTOS = YES_AGGRESSIVE;
				GCC_WARN_UNUSED_FUNCTION = YES;
				GCC_WARN_UNUSED_VARIABLE = YES;
				IPHONEOS_DEPLOYMENT_TARGET = 17.2;
				LOCALIZATION_PREFERS_STRING_CATALOGS = YES;
				MTL_ENABLE_DEBUG_INFO = NO;
				MTL_FAST_MATH = YES;
				SDKROOT = iphoneos;
				SWIFT_COMPILATION_MODE = wholemodule;
				VALIDATE_PRODUCT = YES;
			};
			name = Release;
		};
		C333AB942B9F040000EA100E /* Debug */ = {
			isa = XCBuildConfiguration;
			buildSettings = {
				ASSETCATALOG_COMPILER_APPICON_NAME = AppIcon;
				ASSETCATALOG_COMPILER_GLOBAL_ACCENT_COLOR_NAME = AccentColor;
				CODE_SIGN_STYLE = Automatic;
				CURRENT_PROJECT_VERSION = 1;
				DEVELOPMENT_TEAM = W937SWAWNQ;
				ENABLE_USER_SCRIPT_SANDBOXING = NO;
				GENERATE_INFOPLIST_FILE = YES;
				INFOPLIST_FILE = GroupGames/Info.plist;
				INFOPLIST_KEY_UIApplicationSupportsIndirectInputEvents = YES;
				INFOPLIST_KEY_UILaunchStoryboardName = LaunchScreen;
				INFOPLIST_KEY_UISupportedInterfaceOrientations_iPad = "UIInterfaceOrientationPortrait UIInterfaceOrientationPortraitUpsideDown UIInterfaceOrientationLandscapeLeft UIInterfaceOrientationLandscapeRight";
				INFOPLIST_KEY_UISupportedInterfaceOrientations_iPhone = "UIInterfaceOrientationPortrait UIInterfaceOrientationLandscapeLeft UIInterfaceOrientationLandscapeRight";
				LD_RUNPATH_SEARCH_PATHS = (
					"$(inherited)",
					"@executable_path/Frameworks",
				);
				MARKETING_VERSION = 1.0;
				PRODUCT_BUNDLE_IDENTIFIER = com.Kirill.GroupGames;
				PRODUCT_NAME = "$(TARGET_NAME)";
				SUPPORTED_PLATFORMS = "iphoneos iphonesimulator";
				SUPPORTS_MACCATALYST = NO;
				SUPPORTS_MAC_DESIGNED_FOR_IPHONE_IPAD = NO;
				SUPPORTS_XR_DESIGNED_FOR_IPHONE_IPAD = NO;
				SWIFT_EMIT_LOC_STRINGS = YES;
				SWIFT_VERSION = 5.0;
				TARGETED_DEVICE_FAMILY = 1;
			};
			name = Debug;
		};
		C333AB952B9F040000EA100E /* Release */ = {
			isa = XCBuildConfiguration;
			buildSettings = {
				ASSETCATALOG_COMPILER_APPICON_NAME = AppIcon;
				ASSETCATALOG_COMPILER_GLOBAL_ACCENT_COLOR_NAME = AccentColor;
				CODE_SIGN_STYLE = Automatic;
				CURRENT_PROJECT_VERSION = 1;
				DEVELOPMENT_TEAM = W937SWAWNQ;
				ENABLE_USER_SCRIPT_SANDBOXING = NO;
				GENERATE_INFOPLIST_FILE = YES;
				INFOPLIST_FILE = GroupGames/Info.plist;
				INFOPLIST_KEY_UIApplicationSupportsIndirectInputEvents = YES;
				INFOPLIST_KEY_UILaunchStoryboardName = LaunchScreen;
				INFOPLIST_KEY_UISupportedInterfaceOrientations_iPad = "UIInterfaceOrientationPortrait UIInterfaceOrientationPortraitUpsideDown UIInterfaceOrientationLandscapeLeft UIInterfaceOrientationLandscapeRight";
				INFOPLIST_KEY_UISupportedInterfaceOrientations_iPhone = "UIInterfaceOrientationPortrait UIInterfaceOrientationLandscapeLeft UIInterfaceOrientationLandscapeRight";
				LD_RUNPATH_SEARCH_PATHS = (
					"$(inherited)",
					"@executable_path/Frameworks",
				);
				MARKETING_VERSION = 1.0;
				PRODUCT_BUNDLE_IDENTIFIER = com.Kirill.GroupGames;
				PRODUCT_NAME = "$(TARGET_NAME)";
				SUPPORTED_PLATFORMS = "iphoneos iphonesimulator";
				SUPPORTS_MACCATALYST = NO;
				SUPPORTS_MAC_DESIGNED_FOR_IPHONE_IPAD = NO;
				SUPPORTS_XR_DESIGNED_FOR_IPHONE_IPAD = NO;
				SWIFT_EMIT_LOC_STRINGS = YES;
				SWIFT_VERSION = 5.0;
				TARGETED_DEVICE_FAMILY = 1;
			};
			name = Release;
		};
/* End XCBuildConfiguration section */

/* Begin XCConfigurationList section */
		C333AB772B9F03FE00EA100E /* Build configuration list for PBXProject "GroupGames" */ = {
			isa = XCConfigurationList;
			buildConfigurations = (
				C333AB912B9F040000EA100E /* Debug */,
				C333AB922B9F040000EA100E /* Release */,
			);
			defaultConfigurationIsVisible = 0;
			defaultConfigurationName = Release;
		};
		C333AB932B9F040000EA100E /* Build configuration list for PBXNativeTarget "GroupGames" */ = {
			isa = XCConfigurationList;
			buildConfigurations = (
				C333AB942B9F040000EA100E /* Debug */,
				C333AB952B9F040000EA100E /* Release */,
			);
			defaultConfigurationIsVisible = 0;
			defaultConfigurationName = Release;
		};
/* End XCConfigurationList section */

/* Begin XCRemoteSwiftPackageReference section */
		2AACDC362BAF26E4000672B0 /* XCRemoteSwiftPackageReference "Alamofire" */ = {
			isa = XCRemoteSwiftPackageReference;
			repositoryURL = "https://github.com/Alamofire/Alamofire";
			requirement = {
				kind = upToNextMajorVersion;
				minimumVersion = 5.9.0;
			};
		};
		C333ABC82BAF1F3400EA100E /* XCRemoteSwiftPackageReference "SnapKit" */ = {
			isa = XCRemoteSwiftPackageReference;
			repositoryURL = "https://github.com/SnapKit/SnapKit.git";
			requirement = {
				kind = upToNextMajorVersion;
				minimumVersion = 5.7.1;
			};
		};
/* End XCRemoteSwiftPackageReference section */

/* Begin XCSwiftPackageProductDependency section */
		2AACDC372BAF26E4000672B0 /* Alamofire */ = {
			isa = XCSwiftPackageProductDependency;
			package = 2AACDC362BAF26E4000672B0 /* XCRemoteSwiftPackageReference "Alamofire" */;
			productName = Alamofire;
		};
		C333ABC92BAF1F3400EA100E /* SnapKit */ = {
			isa = XCSwiftPackageProductDependency;
			package = C333ABC82BAF1F3400EA100E /* XCRemoteSwiftPackageReference "SnapKit" */;
			productName = SnapKit;
		};
		C333ABCB2BAF1F3400EA100E /* SnapKit-Dynamic */ = {
			isa = XCSwiftPackageProductDependency;
			package = C333ABC82BAF1F3400EA100E /* XCRemoteSwiftPackageReference "SnapKit" */;
			productName = "SnapKit-Dynamic";
		};
/* End XCSwiftPackageProductDependency section */

/* Begin XCVersionGroup section */
		C333AB882B9F03FE00EA100E /* GroupGames.xcdatamodeld */ = {
			isa = XCVersionGroup;
			children = (
				C333AB892B9F03FE00EA100E /* GroupGames.xcdatamodel */,
			);
			currentVersion = C333AB892B9F03FE00EA100E /* GroupGames.xcdatamodel */;
			path = GroupGames.xcdatamodeld;
			sourceTree = "<group>";
			versionGroupType = wrapper.xcdatamodel;
		};
/* End XCVersionGroup section */
	};
	rootObject = C333AB742B9F03FE00EA100E /* Project object */;
}
